<?xml version="1.0" encoding="UTF-8"?>
<!DOCTYPE plist PUBLIC "-//Apple//DTD PLIST 1.0//EN" "http://www.apple.com/DTDs/PropertyList-1.0.dtd">
<plist version="1.0">
<dict>
	<key>archiveVersion</key>
	<string>1</string>
	<key>classes</key>
	<dict/>
	<key>objectVersion</key>
	<string>46</string>
	<key>objects</key>
	<dict>
		<key>032D868F993C31BABC3958C9</key>
		<dict>
			<key>includeInIndex</key>
			<string>1</string>
			<key>isa</key>
			<string>PBXFileReference</string>
			<key>lastKnownFileType</key>
			<string>sourcecode.c.objc</string>
			<key>name</key>
			<string>SWCellScrollView.m</string>
			<key>path</key>
			<string>SWTableViewCell/PodFiles/SWCellScrollView.m</string>
			<key>sourceTree</key>
			<string>&lt;group&gt;</string>
		</dict>
		<key>07F15DB2DA477BC513548981</key>
		<dict>
			<key>fileRef</key>
			<string>F58AA1F353F1404B99366F10</string>
			<key>isa</key>
			<string>PBXBuildFile</string>
		</dict>
		<key>089DBB86CD14EC459E8DBAC4</key>
		<dict>
			<key>buildSettings</key>
			<dict>
				<key>ALWAYS_SEARCH_USER_PATHS</key>
				<string>NO</string>
				<key>CLANG_CXX_LANGUAGE_STANDARD</key>
				<string>gnu++0x</string>
				<key>CLANG_CXX_LIBRARY</key>
				<string>libc++</string>
				<key>CLANG_ENABLE_MODULES</key>
				<string>YES</string>
				<key>CLANG_ENABLE_OBJC_ARC</key>
				<string>YES</string>
				<key>CLANG_WARN_BOOL_CONVERSION</key>
				<string>YES</string>
				<key>CLANG_WARN_CONSTANT_CONVERSION</key>
				<string>YES</string>
				<key>CLANG_WARN_DIRECT_OBJC_ISA_USAGE</key>
				<string>YES</string>
				<key>CLANG_WARN_EMPTY_BODY</key>
				<string>YES</string>
				<key>CLANG_WARN_ENUM_CONVERSION</key>
				<string>YES</string>
				<key>CLANG_WARN_INT_CONVERSION</key>
				<string>YES</string>
				<key>CLANG_WARN_OBJC_ROOT_CLASS</key>
				<string>YES</string>
				<key>COPY_PHASE_STRIP</key>
				<string>YES</string>
				<key>GCC_C_LANGUAGE_STANDARD</key>
				<string>gnu99</string>
				<key>GCC_DYNAMIC_NO_PIC</key>
				<string>NO</string>
				<key>GCC_OPTIMIZATION_LEVEL</key>
				<string>0</string>
				<key>GCC_PREPROCESSOR_DEFINITIONS</key>
				<array>
					<string>DEBUG=1</string>
					<string>$(inherited)</string>
				</array>
				<key>GCC_SYMBOLS_PRIVATE_EXTERN</key>
				<string>NO</string>
				<key>GCC_WARN_64_TO_32_BIT_CONVERSION</key>
				<string>YES</string>
				<key>GCC_WARN_ABOUT_RETURN_TYPE</key>
				<string>YES</string>
				<key>GCC_WARN_UNDECLARED_SELECTOR</key>
				<string>YES</string>
				<key>GCC_WARN_UNINITIALIZED_AUTOS</key>
				<string>YES</string>
				<key>GCC_WARN_UNUSED_FUNCTION</key>
				<string>YES</string>
				<key>GCC_WARN_UNUSED_VARIABLE</key>
				<string>YES</string>
				<key>IPHONEOS_DEPLOYMENT_TARGET</key>
				<string>7.1</string>
				<key>ONLY_ACTIVE_ARCH</key>
				<string>YES</string>
				<key>STRIP_INSTALLED_PRODUCT</key>
				<string>NO</string>
			</dict>
			<key>isa</key>
			<string>XCBuildConfiguration</string>
			<key>name</key>
			<string>Debug</string>
		</dict>
		<key>09703F68F3BAC1CB5C353A06</key>
		<dict>
			<key>fileRef</key>
			<string>4EBB13D1BEDACD532284B30F</string>
			<key>isa</key>
			<string>PBXBuildFile</string>
		</dict>
		<key>0A3B93480559F4B533619D3F</key>
		<dict>
			<key>fileRef</key>
			<string>1D8819AF89E573AADD9A4A19</string>
			<key>isa</key>
			<string>PBXBuildFile</string>
		</dict>
		<key>0C99470413096334280938C1</key>
		<dict>
			<key>includeInIndex</key>
			<string>1</string>
			<key>isa</key>
			<string>PBXFileReference</string>
			<key>lastKnownFileType</key>
			<string>text</string>
			<key>name</key>
			<string>Podfile</string>
			<key>path</key>
			<string>../Podfile</string>
			<key>sourceTree</key>
			<string>SOURCE_ROOT</string>
			<key>xcLanguageSpecificationIdentifier</key>
			<string>xcode.lang.ruby</string>
		</dict>
		<key>0D235529B7F1ABEA00B12DA8</key>
		<dict>
			<key>buildConfigurationList</key>
			<string>D145C53F26C718ECD9A8CABB</string>
			<key>buildPhases</key>
			<array>
				<string>9BD7F62CB7B9CEC3BF0B0876</string>
				<string>1B22FC9B1614D095642EDBBF</string>
				<string>15504FC1A0656A2B5A7C9B23</string>
			</array>
			<key>buildRules</key>
			<array/>
			<key>dependencies</key>
			<array/>
			<key>isa</key>
			<string>PBXNativeTarget</string>
			<key>name</key>
			<string>Pods-WorkAndRest-Masonry</string>
			<key>productName</key>
			<string>Pods-WorkAndRest-Masonry</string>
			<key>productReference</key>
			<string>6F82E9FB0625CE0AAC68112F</string>
			<key>productType</key>
			<string>com.apple.product-type.library.static</string>
		</dict>
		<key>0D5B102FE715EB32333138D5</key>
		<dict>
			<key>fileRef</key>
			<string>3F377FD7C93EB0BD8C0B0C78</string>
			<key>isa</key>
			<string>PBXBuildFile</string>
		</dict>
		<key>0D69A0D773C8AE76F2CF58DE</key>
		<dict>
			<key>includeInIndex</key>
			<string>1</string>
			<key>isa</key>
			<string>PBXFileReference</string>
			<key>lastKnownFileType</key>
			<string>sourcecode.c.h</string>
			<key>name</key>
			<string>FMDatabaseAdditions.h</string>
			<key>path</key>
			<string>src/fmdb/FMDatabaseAdditions.h</string>
			<key>sourceTree</key>
			<string>&lt;group&gt;</string>
		</dict>
		<key>0E99AF881F8A1B7681C9AF30</key>
		<dict>
			<key>fileRef</key>
			<string>58A54E896EDB86FB794AD6BB</string>
			<key>isa</key>
			<string>PBXBuildFile</string>
		</dict>
		<key>0E9B5B28D18CA93D10A670BD</key>
		<dict>
			<key>includeInIndex</key>
			<string>1</string>
			<key>isa</key>
			<string>PBXFileReference</string>
			<key>lastKnownFileType</key>
			<string>sourcecode.c.objc</string>
			<key>name</key>
			<string>FMDatabaseQueue.m</string>
			<key>path</key>
			<string>src/fmdb/FMDatabaseQueue.m</string>
			<key>sourceTree</key>
			<string>&lt;group&gt;</string>
		</dict>
		<key>0F2DBDC201DB5A252AF5800B</key>
		<dict>
			<key>isa</key>
			<string>PBXTargetDependency</string>
			<key>name</key>
			<string>Pods-WorkAndRest-Masonry</string>
			<key>target</key>
			<string>0D235529B7F1ABEA00B12DA8</string>
			<key>targetProxy</key>
			<string>703D5BF6A60649BA6E881951</string>
		</dict>
		<key>11CB37CBBA1CB7889A063AF2</key>
		<dict>
			<key>includeInIndex</key>
			<string>1</string>
			<key>isa</key>
			<string>PBXFileReference</string>
			<key>lastKnownFileType</key>
			<string>sourcecode.c.h</string>
			<key>name</key>
			<string>Masonry.h</string>
			<key>path</key>
			<string>Masonry/Masonry.h</string>
			<key>sourceTree</key>
			<string>&lt;group&gt;</string>
		</dict>
		<key>11EA7AFE9B5A09C73A380168</key>
		<dict>
			<key>includeInIndex</key>
			<string>1</string>
			<key>isa</key>
			<string>PBXFileReference</string>
			<key>lastKnownFileType</key>
			<string>sourcecode.c.h</string>
			<key>name</key>
			<string>FMDatabase.h</string>
			<key>path</key>
			<string>src/fmdb/FMDatabase.h</string>
			<key>sourceTree</key>
			<string>&lt;group&gt;</string>
		</dict>
		<key>15504FC1A0656A2B5A7C9B23</key>
		<dict>
			<key>buildActionMask</key>
			<string>2147483647</string>
			<key>files</key>
			<array>
				<string>45F0366B5EE393B57A693EAB</string>
				<string>868E4319DB5A1DC19CDB4A0B</string>
				<string>E844DE5B8DDE86D69A30F655</string>
				<string>C3E14BEAAB0CCF4325159021</string>
				<string>B0BAE7126D2AA654A051CE9E</string>
				<string>07F15DB2DA477BC513548981</string>
				<string>6DA33F06DACF10B06EA202F2</string>
				<string>3013133C45BB1EBA5C9EA6FE</string>
				<string>E4E681C6109677C6DCD0B314</string>
				<string>683212FEED11ED0C572AF3CB</string>
				<string>F064AF90E9B4078D5CEEE330</string>
				<string>B5C0F183A16B69753D1263E0</string>
				<string>C3AE1A077184F2A08DD97996</string>
				<string>EDC6FEB50626ACCB9C52E187</string>
			</array>
			<key>isa</key>
			<string>PBXHeadersBuildPhase</string>
			<key>runOnlyForDeploymentPostprocessing</key>
			<string>0</string>
		</dict>
		<key>15788384B595C8A5A275F103</key>
		<dict>
			<key>children</key>
			<array>
				<string>AB9B0826EDD07FACD242A32B</string>
				<string>7214B63FF83C76CEB6542DDC</string>
			</array>
			<key>isa</key>
			<string>PBXGroup</string>
			<key>name</key>
			<string>FMDB</string>
			<key>path</key>
			<string>FMDB</string>
			<key>sourceTree</key>
			<string>&lt;group&gt;</string>
		</dict>
		<key>16183475284ED0F056A4BAB0</key>
		<dict>
			<key>includeInIndex</key>
			<string>1</string>
			<key>isa</key>
			<string>PBXFileReference</string>
			<key>lastKnownFileType</key>
			<string>sourcecode.c.h</string>
			<key>path</key>
			<string>Pods-WorkAndRest-SWTableViewCell-prefix.pch</string>
			<key>sourceTree</key>
			<string>&lt;group&gt;</string>
		</dict>
		<key>16F5795E494FB7DC6DAEE0A1</key>
		<dict>
			<key>children</key>
			<array>
				<string>9780695ABCADEB86D6AD912F</string>
				<string>A51CB3959492EEC39B90A9DF</string>
				<string>1D8819AF89E573AADD9A4A19</string>
				<string>16183475284ED0F056A4BAB0</string>
			</array>
			<key>isa</key>
			<string>PBXGroup</string>
			<key>name</key>
			<string>Support Files</string>
			<key>path</key>
			<string>../Target Support Files/Pods-WorkAndRest-SWTableViewCell</string>
			<key>sourceTree</key>
			<string>&lt;group&gt;</string>
		</dict>
		<key>17AE2E563A2066A68CD907E8</key>
		<dict>
			<key>includeInIndex</key>
			<string>1</string>
			<key>isa</key>
			<string>PBXFileReference</string>
			<key>lastKnownFileType</key>
			<string>text.script.sh</string>
			<key>path</key>
			<string>Pods-WorkAndRest-resources.sh</string>
			<key>sourceTree</key>
			<string>&lt;group&gt;</string>
		</dict>
		<key>1B20359E655ED2617B31596B</key>
		<dict>
			<key>containerPortal</key>
			<string>D03224A011B8772B23DB1455</string>
			<key>isa</key>
			<string>PBXContainerItemProxy</string>
			<key>proxyType</key>
			<string>1</string>
			<key>remoteGlobalIDString</key>
			<string>92CD5D05E27776563B47F917</string>
			<key>remoteInfo</key>
			<string>Pods-WorkAndRest-SWTableViewCell</string>
		</dict>
		<key>1B22FC9B1614D095642EDBBF</key>
		<dict>
			<key>buildActionMask</key>
			<string>2147483647</string>
			<key>files</key>
			<array>
				<string>1BA42BBE0B8A8C3C1A9A9D7F</string>
				<string>9AFCFF5016E11643A877F84E</string>
			</array>
			<key>isa</key>
			<string>PBXFrameworksBuildPhase</string>
			<key>runOnlyForDeploymentPostprocessing</key>
			<string>0</string>
		</dict>
		<key>1B3AFD682786D4D97AF47C29</key>
		<dict>
			<key>includeInIndex</key>
			<string>1</string>
			<key>isa</key>
			<string>PBXFileReference</string>
			<key>lastKnownFileType</key>
			<string>sourcecode.c.objc</string>
			<key>name</key>
			<string>NSLayoutConstraint+MASDebugAdditions.m</string>
			<key>path</key>
			<string>Masonry/NSLayoutConstraint+MASDebugAdditions.m</string>
			<key>sourceTree</key>
			<string>&lt;group&gt;</string>
		</dict>
		<key>1B4F4A78543C81118BF45547</key>
		<dict>
			<key>includeInIndex</key>
			<string>1</string>
			<key>isa</key>
			<string>PBXFileReference</string>
			<key>lastKnownFileType</key>
			<string>sourcecode.c.objc</string>
			<key>name</key>
			<string>MASViewAttribute.m</string>
			<key>path</key>
			<string>Masonry/MASViewAttribute.m</string>
			<key>sourceTree</key>
			<string>&lt;group&gt;</string>
		</dict>
		<key>1BA42BBE0B8A8C3C1A9A9D7F</key>
		<dict>
			<key>fileRef</key>
			<string>554E7B5D32B36E09A585BACD</string>
			<key>isa</key>
			<string>PBXBuildFile</string>
		</dict>
		<key>1D8819AF89E573AADD9A4A19</key>
		<dict>
			<key>includeInIndex</key>
			<string>1</string>
			<key>isa</key>
			<string>PBXFileReference</string>
			<key>lastKnownFileType</key>
			<string>sourcecode.c.objc</string>
			<key>path</key>
			<string>Pods-WorkAndRest-SWTableViewCell-dummy.m</string>
			<key>sourceTree</key>
			<string>&lt;group&gt;</string>
		</dict>
		<key>1FDDEDA781D729E0B62EBC99</key>
		<dict>
			<key>baseConfigurationReference</key>
			<string>27EADB3FA62BD1755F03CFAE</string>
			<key>buildSettings</key>
			<dict>
				<key>ALWAYS_SEARCH_USER_PATHS</key>
				<string>NO</string>
				<key>COPY_PHASE_STRIP</key>
				<string>NO</string>
				<key>DSTROOT</key>
				<string>/tmp/xcodeproj.dst</string>
				<key>GCC_DYNAMIC_NO_PIC</key>
				<string>NO</string>
				<key>GCC_OPTIMIZATION_LEVEL</key>
				<string>0</string>
				<key>GCC_PRECOMPILE_PREFIX_HEADER</key>
				<string>YES</string>
				<key>GCC_PREFIX_HEADER</key>
				<string>Target Support Files/Pods-WorkAndRest-FMDB/Pods-WorkAndRest-FMDB-prefix.pch</string>
				<key>GCC_PREPROCESSOR_DEFINITIONS</key>
				<array>
					<string>DEBUG=1</string>
					<string>$(inherited)</string>
				</array>
				<key>GCC_SYMBOLS_PRIVATE_EXTERN</key>
				<string>NO</string>
				<key>INSTALL_PATH</key>
				<string>$(BUILT_PRODUCTS_DIR)</string>
				<key>IPHONEOS_DEPLOYMENT_TARGET</key>
				<string>7.1</string>
				<key>OTHER_LDFLAGS</key>
				<string></string>
				<key>OTHER_LIBTOOLFLAGS</key>
				<string></string>
				<key>PRODUCT_NAME</key>
				<string>$(TARGET_NAME)</string>
				<key>PUBLIC_HEADERS_FOLDER_PATH</key>
				<string>$(TARGET_NAME)</string>
				<key>SDKROOT</key>
				<string>iphoneos</string>
				<key>SKIP_INSTALL</key>
				<string>YES</string>
			</dict>
			<key>isa</key>
			<string>XCBuildConfiguration</string>
			<key>name</key>
			<string>Debug</string>
		</dict>
		<key>235247DCEF0680B0021FBB06</key>
		<dict>
			<key>fileRef</key>
			<string>3D5C65156F3A72DC2D7CE00C</string>
			<key>isa</key>
			<string>PBXBuildFile</string>
			<key>settings</key>
			<dict>
				<key>COMPILER_FLAGS</key>
				<string>-DOS_OBJECT_USE_OBJC=0</string>
			</dict>
		</dict>
		<key>240158457B64F60DD5D4050F</key>
		<dict>
			<key>fileRef</key>
			<string>E132ACB7398166D21EABE030</string>
			<key>isa</key>
			<string>PBXBuildFile</string>
		</dict>
		<key>26B57AD9B7800B0647F49A20</key>
		<dict>
			<key>includeInIndex</key>
			<string>1</string>
			<key>isa</key>
			<string>PBXFileReference</string>
			<key>lastKnownFileType</key>
			<string>sourcecode.c.objc</string>
			<key>name</key>
			<string>NSMutableArray+SWUtilityButtons.m</string>
			<key>path</key>
			<string>SWTableViewCell/PodFiles/NSMutableArray+SWUtilityButtons.m</string>
			<key>sourceTree</key>
			<string>&lt;group&gt;</string>
		</dict>
		<key>26B7F3709242554E3CB0EDEB</key>
		<dict>
			<key>includeInIndex</key>
			<string>1</string>
			<key>isa</key>
			<string>PBXFileReference</string>
			<key>lastKnownFileType</key>
			<string>sourcecode.c.h</string>
			<key>name</key>
			<string>FMDatabasePool.h</string>
			<key>path</key>
			<string>src/fmdb/FMDatabasePool.h</string>
			<key>sourceTree</key>
			<string>&lt;group&gt;</string>
		</dict>
		<key>27EADB3FA62BD1755F03CFAE</key>
		<dict>
			<key>includeInIndex</key>
			<string>1</string>
			<key>isa</key>
			<string>PBXFileReference</string>
			<key>lastKnownFileType</key>
			<string>text.xcconfig</string>
			<key>path</key>
			<string>Pods-WorkAndRest-FMDB-Private.xcconfig</string>
			<key>sourceTree</key>
			<string>&lt;group&gt;</string>
		</dict>
		<key>27F64858A804339353968130</key>
		<dict>
			<key>includeInIndex</key>
			<string>1</string>
			<key>isa</key>
			<string>PBXFileReference</string>
			<key>lastKnownFileType</key>
			<string>text</string>
			<key>path</key>
			<string>Pods-WorkAndRest-acknowledgements.markdown</string>
			<key>sourceTree</key>
			<string>&lt;group&gt;</string>
		</dict>
		<key>2B297147C6A68EA9E7C59378</key>
		<dict>
			<key>fileRef</key>
			<string>F3514BCEC4A02CED4F405981</string>
			<key>isa</key>
			<string>PBXBuildFile</string>
		</dict>
		<key>2C739E372A53BAB070C2FFA0</key>
		<dict>
			<key>includeInIndex</key>
			<string>1</string>
			<key>isa</key>
			<string>PBXFileReference</string>
			<key>lastKnownFileType</key>
			<string>sourcecode.c.objc</string>
			<key>name</key>
			<string>MASLayoutConstraint.m</string>
			<key>path</key>
			<string>Masonry/MASLayoutConstraint.m</string>
			<key>sourceTree</key>
			<string>&lt;group&gt;</string>
		</dict>
		<key>2DC927605EAE8A04D7BA86E9</key>
		<dict>
			<key>includeInIndex</key>
			<string>1</string>
			<key>isa</key>
			<string>PBXFileReference</string>
			<key>lastKnownFileType</key>
			<string>sourcecode.c.h</string>
			<key>name</key>
			<string>MASConstraint+Private.h</string>
			<key>path</key>
			<string>Masonry/MASConstraint+Private.h</string>
			<key>sourceTree</key>
			<string>&lt;group&gt;</string>
		</dict>
		<key>2EB77E349B252ABC803EF3D4</key>
		<dict>
			<key>fileRef</key>
			<string>98AB3EDA2D01C3455E439824</string>
			<key>isa</key>
			<string>PBXBuildFile</string>
			<key>settings</key>
			<dict>
				<key>COMPILER_FLAGS</key>
				<string>-DOS_OBJECT_USE_OBJC=0</string>
			</dict>
		</dict>
		<key>3013133C45BB1EBA5C9EA6FE</key>
		<dict>
			<key>fileRef</key>
			<string>75828BED831383638D5D5A0B</string>
			<key>isa</key>
			<string>PBXBuildFile</string>
		</dict>
		<key>30AB6ADE9F5A3ADB8213591F</key>
		<dict>
			<key>fileRef</key>
			<string>E36C510C4166812A362ABCCD</string>
			<key>isa</key>
			<string>PBXBuildFile</string>
		</dict>
		<key>30FB707F29AE6D159BEB0149</key>
		<dict>
			<key>fileRef</key>
			<string>38284EB8C3697D4F42E5CB6F</string>
			<key>isa</key>
			<string>PBXBuildFile</string>
		</dict>
		<key>31B10BA7B2B07020D12A695B</key>
		<dict>
			<key>includeInIndex</key>
			<string>1</string>
			<key>isa</key>
			<string>PBXFileReference</string>
			<key>lastKnownFileType</key>
			<string>text.xcconfig</string>
			<key>path</key>
			<string>Pods-WorkAndRest-FMDB.xcconfig</string>
			<key>sourceTree</key>
			<string>&lt;group&gt;</string>
		</dict>
		<key>324D63D178EEBA8E75F43A2D</key>
		<dict>
			<key>children</key>
			<array>
				<string>DB6FCAC9975E661E0C818462</string>
				<string>CA154A2F6DC4B9134867A9D3</string>
				<string>6F82E9FB0625CE0AAC68112F</string>
				<string>B6448DA88D183CDEAA691C25</string>
			</array>
			<key>isa</key>
			<string>PBXGroup</string>
			<key>name</key>
			<string>Products</string>
			<key>sourceTree</key>
			<string>&lt;group&gt;</string>
		</dict>
		<key>359D53B70A40754517E9FB8E</key>
		<dict>
			<key>children</key>
			<array>
				<string>27F64858A804339353968130</string>
				<string>F1DB3E4AABFB15F1C02C6FC3</string>
				<string>4188EB1A065E4DAA6D5D45FF</string>
				<string>8975B4F81E2259AB8E36006D</string>
				<string>17AE2E563A2066A68CD907E8</string>
				<string>DDDE3912A47DB7B1DAB79613</string>
				<string>B9D4A94DE38F8AEA6830AF52</string>
			</array>
			<key>isa</key>
			<string>PBXGroup</string>
			<key>name</key>
			<string>Pods-WorkAndRest</string>
			<key>path</key>
			<string>Target Support Files/Pods-WorkAndRest</string>
			<key>sourceTree</key>
			<string>&lt;group&gt;</string>
		</dict>
		<key>35B51FC27056C7A97F7BB758</key>
		<dict>
			<key>baseConfigurationReference</key>
			<string>A51CB3959492EEC39B90A9DF</string>
			<key>buildSettings</key>
			<dict>
				<key>ALWAYS_SEARCH_USER_PATHS</key>
				<string>NO</string>
				<key>COPY_PHASE_STRIP</key>
				<string>YES</string>
				<key>DSTROOT</key>
				<string>/tmp/xcodeproj.dst</string>
				<key>GCC_PRECOMPILE_PREFIX_HEADER</key>
				<string>YES</string>
				<key>GCC_PREFIX_HEADER</key>
				<string>Target Support Files/Pods-WorkAndRest-SWTableViewCell/Pods-WorkAndRest-SWTableViewCell-prefix.pch</string>
				<key>INSTALL_PATH</key>
				<string>$(BUILT_PRODUCTS_DIR)</string>
				<key>IPHONEOS_DEPLOYMENT_TARGET</key>
				<string>7.1</string>
				<key>OTHER_CFLAGS</key>
				<array>
					<string>-DNS_BLOCK_ASSERTIONS=1</string>
					<string>$(inherited)</string>
				</array>
				<key>OTHER_CPLUSPLUSFLAGS</key>
				<array>
					<string>-DNS_BLOCK_ASSERTIONS=1</string>
					<string>$(inherited)</string>
				</array>
				<key>OTHER_LDFLAGS</key>
				<string></string>
				<key>OTHER_LIBTOOLFLAGS</key>
				<string></string>
				<key>PRODUCT_NAME</key>
				<string>$(TARGET_NAME)</string>
				<key>PUBLIC_HEADERS_FOLDER_PATH</key>
				<string>$(TARGET_NAME)</string>
				<key>SDKROOT</key>
				<string>iphoneos</string>
				<key>SKIP_INSTALL</key>
				<string>YES</string>
				<key>VALIDATE_PRODUCT</key>
				<string>YES</string>
			</dict>
			<key>isa</key>
			<string>XCBuildConfiguration</string>
			<key>name</key>
			<string>Release</string>
		</dict>
		<key>38284EB8C3697D4F42E5CB6F</key>
		<dict>
			<key>includeInIndex</key>
			<string>1</string>
			<key>isa</key>
			<string>PBXFileReference</string>
			<key>lastKnownFileType</key>
			<string>sourcecode.c.objc</string>
			<key>name</key>
			<string>MASCompositeConstraint.m</string>
			<key>path</key>
			<string>Masonry/MASCompositeConstraint.m</string>
			<key>sourceTree</key>
			<string>&lt;group&gt;</string>
		</dict>
		<key>39C9D8C0B614390ABDA4B875</key>
		<dict>
			<key>buildActionMask</key>
			<string>2147483647</string>
			<key>files</key>
			<array>
				<string>77AA3724332C731236DC842F</string>
				<string>ADF107EC98046EAA864FFBB3</string>
				<string>6DD775F764075E80D08A7632</string>
				<string>89DB60FDF0C8C751548E5541</string>
				<string>E9B3FDE266E5D3BF8BAFFD95</string>
				<string>0E99AF881F8A1B7681C9AF30</string>
			</array>
			<key>isa</key>
			<string>PBXHeadersBuildPhase</string>
			<key>runOnlyForDeploymentPostprocessing</key>
			<string>0</string>
		</dict>
		<key>3A37ED56383E988C23FD6441</key>
		<dict>
			<key>includeInIndex</key>
			<string>1</string>
			<key>isa</key>
			<string>PBXFileReference</string>
			<key>lastKnownFileType</key>
			<string>sourcecode.c.h</string>
			<key>name</key>
			<string>View+MASAdditions.h</string>
			<key>path</key>
			<string>Masonry/View+MASAdditions.h</string>
			<key>sourceTree</key>
			<string>&lt;group&gt;</string>
		</dict>
		<key>3C27C0522F43D18A0140CCE1</key>
		<dict>
			<key>buildActionMask</key>
			<string>2147483647</string>
			<key>files</key>
			<array>
				<string>FC8FCE317A277AC6767F7F9A</string>
			</array>
			<key>isa</key>
			<string>PBXFrameworksBuildPhase</string>
			<key>runOnlyForDeploymentPostprocessing</key>
			<string>0</string>
		</dict>
		<key>3D5C65156F3A72DC2D7CE00C</key>
		<dict>
			<key>includeInIndex</key>
			<string>1</string>
			<key>isa</key>
			<string>PBXFileReference</string>
			<key>lastKnownFileType</key>
			<string>sourcecode.c.objc</string>
			<key>name</key>
			<string>FMDatabaseAdditions.m</string>
			<key>path</key>
			<string>src/fmdb/FMDatabaseAdditions.m</string>
			<key>sourceTree</key>
			<string>&lt;group&gt;</string>
		</dict>
		<key>3F377FD7C93EB0BD8C0B0C78</key>
		<dict>
			<key>includeInIndex</key>
			<string>1</string>
			<key>isa</key>
			<string>PBXFileReference</string>
			<key>lastKnownFileType</key>
			<string>sourcecode.c.objc</string>
			<key>name</key>
			<string>MASViewConstraint.m</string>
			<key>path</key>
			<string>Masonry/MASViewConstraint.m</string>
			<key>sourceTree</key>
			<string>&lt;group&gt;</string>
		</dict>
		<key>3F6EBCFE01A809525CB84B30</key>
		<dict>
			<key>fileRef</key>
			<string>775D118D47A5D82C6BD9BE8B</string>
			<key>isa</key>
			<string>PBXBuildFile</string>
		</dict>
		<key>40299F010E87735C812ADA4D</key>
		<dict>
			<key>includeInIndex</key>
			<string>1</string>
			<key>isa</key>
			<string>PBXFileReference</string>
			<key>lastKnownFileType</key>
			<string>sourcecode.c.objc</string>
			<key>name</key>
			<string>MASConstraintMaker.m</string>
			<key>path</key>
			<string>Masonry/MASConstraintMaker.m</string>
			<key>sourceTree</key>
			<string>&lt;group&gt;</string>
		</dict>
		<key>417AF38B17DAE4611EAAB232</key>
		<dict>
			<key>includeInIndex</key>
			<string>1</string>
			<key>isa</key>
			<string>PBXFileReference</string>
			<key>lastKnownFileType</key>
			<string>text.xcconfig</string>
			<key>path</key>
			<string>Pods-WorkAndRest-Masonry-Private.xcconfig</string>
			<key>sourceTree</key>
			<string>&lt;group&gt;</string>
		</dict>
		<key>4188EB1A065E4DAA6D5D45FF</key>
		<dict>
			<key>includeInIndex</key>
			<string>1</string>
			<key>isa</key>
			<string>PBXFileReference</string>
			<key>lastKnownFileType</key>
			<string>sourcecode.c.objc</string>
			<key>path</key>
			<string>Pods-WorkAndRest-dummy.m</string>
			<key>sourceTree</key>
			<string>&lt;group&gt;</string>
		</dict>
		<key>41E88D19BC44720DB7E97002</key>
		<dict>
			<key>buildConfigurations</key>
			<array>
				<string>089DBB86CD14EC459E8DBAC4</string>
				<string>A31CC9C0979AFA46C8C1A240</string>
			</array>
			<key>defaultConfigurationIsVisible</key>
			<string>0</string>
			<key>defaultConfigurationName</key>
			<string>Release</string>
			<key>isa</key>
			<string>XCConfigurationList</string>
		</dict>
		<key>42F4761CD9E3502717A854C6</key>
		<dict>
			<key>includeInIndex</key>
			<string>1</string>
			<key>isa</key>
			<string>PBXFileReference</string>
			<key>lastKnownFileType</key>
			<string>sourcecode.c.h</string>
			<key>name</key>
			<string>FMDB.h</string>
			<key>path</key>
			<string>src/fmdb/FMDB.h</string>
			<key>sourceTree</key>
			<string>&lt;group&gt;</string>
		</dict>
		<key>45F0366B5EE393B57A693EAB</key>
		<dict>
			<key>fileRef</key>
			<string>A0141912E3145038F41725D5</string>
			<key>isa</key>
			<string>PBXBuildFile</string>
		</dict>
		<key>48996FFFF4666A70B9DF62DA</key>
		<dict>
			<key>children</key>
			<array>
				<string>554E7B5D32B36E09A585BACD</string>
				<string>8B2A3DEBAC45219238122310</string>
			</array>
			<key>isa</key>
			<string>PBXGroup</string>
			<key>name</key>
			<string>iOS</string>
			<key>sourceTree</key>
			<string>&lt;group&gt;</string>
		</dict>
		<key>4AF5441D93368B9BB0B575D3</key>
		<dict>
			<key>includeInIndex</key>
			<string>1</string>
			<key>isa</key>
			<string>PBXFileReference</string>
			<key>lastKnownFileType</key>
			<string>sourcecode.c.h</string>
			<key>name</key>
			<string>View+MASShorthandAdditions.h</string>
			<key>path</key>
			<string>Masonry/View+MASShorthandAdditions.h</string>
			<key>sourceTree</key>
			<string>&lt;group&gt;</string>
		</dict>
		<key>4AF610D159F28671B19DA357</key>
		<dict>
			<key>includeInIndex</key>
			<string>1</string>
			<key>isa</key>
			<string>PBXFileReference</string>
			<key>lastKnownFileType</key>
			<string>sourcecode.c.h</string>
			<key>name</key>
			<string>NSMutableArray+SWUtilityButtons.h</string>
			<key>path</key>
			<string>SWTableViewCell/PodFiles/NSMutableArray+SWUtilityButtons.h</string>
			<key>sourceTree</key>
			<string>&lt;group&gt;</string>
		</dict>
		<key>4EBB13D1BEDACD532284B30F</key>
		<dict>
			<key>includeInIndex</key>
			<string>1</string>
			<key>isa</key>
			<string>PBXFileReference</string>
			<key>lastKnownFileType</key>
			<string>sourcecode.c.h</string>
			<key>name</key>
			<string>SWCellScrollView.h</string>
			<key>path</key>
			<string>SWTableViewCell/PodFiles/SWCellScrollView.h</string>
			<key>sourceTree</key>
			<string>&lt;group&gt;</string>
		</dict>
		<key>512B1724D623F30038CE74B0</key>
		<dict>
			<key>includeInIndex</key>
			<string>1</string>
			<key>isa</key>
			<string>PBXFileReference</string>
			<key>lastKnownFileType</key>
			<string>sourcecode.c.objc</string>
			<key>name</key>
			<string>FMDatabasePool.m</string>
			<key>path</key>
			<string>src/fmdb/FMDatabasePool.m</string>
			<key>sourceTree</key>
			<string>&lt;group&gt;</string>
		</dict>
		<key>5164AB197C89171A5FAED068</key>
		<dict>
			<key>fileRef</key>
			<string>8EE4FAE91271651A885A08D9</string>
			<key>isa</key>
			<string>PBXBuildFile</string>
			<key>settings</key>
			<dict>
				<key>COMPILER_FLAGS</key>
				<string>-DOS_OBJECT_USE_OBJC=0</string>
			</dict>
		</dict>
		<key>53B1CB5B0464D1AD990AA219</key>
		<dict>
			<key>fileRef</key>
			<string>7C0A19FE5660E30BE10242F0</string>
			<key>isa</key>
			<string>PBXBuildFile</string>
		</dict>
		<key>554E7B5D32B36E09A585BACD</key>
		<dict>
			<key>isa</key>
			<string>PBXFileReference</string>
			<key>lastKnownFileType</key>
			<string>wrapper.framework</string>
			<key>name</key>
			<string>Foundation.framework</string>
			<key>path</key>
			<string>Platforms/iPhoneOS.platform/Developer/SDKs/iPhoneOS7.1.sdk/System/Library/Frameworks/Foundation.framework</string>
			<key>sourceTree</key>
			<string>DEVELOPER_DIR</string>
		</dict>
		<key>58A54E896EDB86FB794AD6BB</key>
		<dict>
			<key>includeInIndex</key>
			<string>1</string>
			<key>isa</key>
			<string>PBXFileReference</string>
			<key>lastKnownFileType</key>
			<string>sourcecode.c.h</string>
			<key>name</key>
			<string>FMResultSet.h</string>
			<key>path</key>
			<string>src/fmdb/FMResultSet.h</string>
			<key>sourceTree</key>
			<string>&lt;group&gt;</string>
		</dict>
		<key>594D0058317BD2F75D3D89A7</key>
		<dict>
			<key>includeInIndex</key>
			<string>1</string>
			<key>isa</key>
			<string>PBXFileReference</string>
			<key>lastKnownFileType</key>
			<string>sourcecode.c.h</string>
			<key>name</key>
			<string>NSLayoutConstraint+MASDebugAdditions.h</string>
			<key>path</key>
			<string>Masonry/NSLayoutConstraint+MASDebugAdditions.h</string>
			<key>sourceTree</key>
			<string>&lt;group&gt;</string>
		</dict>
		<key>5B565883C1678F863E02ABA7</key>
		<dict>
			<key>buildConfigurations</key>
			<array>
				<string>CB50141B329F64B0BDD29646</string>
				<string>F9D4F7B82DA2B646199372FD</string>
			</array>
			<key>defaultConfigurationIsVisible</key>
			<string>0</string>
			<key>defaultConfigurationName</key>
			<string>Release</string>
			<key>isa</key>
			<string>XCConfigurationList</string>
		</dict>
		<key>5C409ADD6FEA40FE033885B5</key>
		<dict>
			<key>includeInIndex</key>
			<string>1</string>
			<key>isa</key>
			<string>PBXFileReference</string>
			<key>lastKnownFileType</key>
			<string>sourcecode.c.objc</string>
			<key>name</key>
			<string>View+MASAdditions.m</string>
			<key>path</key>
			<string>Masonry/View+MASAdditions.m</string>
			<key>sourceTree</key>
			<string>&lt;group&gt;</string>
		</dict>
		<key>5CE543206BC2FC5286709176</key>
		<dict>
			<key>fileRef</key>
			<string>2C739E372A53BAB070C2FFA0</string>
			<key>isa</key>
			<string>PBXBuildFile</string>
		</dict>
		<key>5D8EC4A0EBEE9DFCCBDDFC05</key>
		<dict>
			<key>buildConfigurationList</key>
			<string>5B565883C1678F863E02ABA7</string>
			<key>buildPhases</key>
			<array>
				<string>B9DF1699BD5A50C4CEEC408F</string>
				<string>A601BB8F850AF2E67485F3FF</string>
			</array>
			<key>buildRules</key>
			<array/>
			<key>dependencies</key>
			<array>
				<string>A3C9554FE69895525690CE40</string>
				<string>0F2DBDC201DB5A252AF5800B</string>
				<string>83832A837ABEB95950F137D9</string>
			</array>
			<key>isa</key>
			<string>PBXNativeTarget</string>
			<key>name</key>
			<string>Pods-WorkAndRest</string>
			<key>productName</key>
			<string>Pods-WorkAndRest</string>
			<key>productReference</key>
			<string>DB6FCAC9975E661E0C818462</string>
			<key>productType</key>
			<string>com.apple.product-type.library.static</string>
		</dict>
		<key>6164AA3AC2CDA5971DBAC8CE</key>
		<dict>
			<key>includeInIndex</key>
			<string>1</string>
			<key>isa</key>
			<string>PBXFileReference</string>
			<key>lastKnownFileType</key>
			<string>sourcecode.c.h</string>
			<key>name</key>
			<string>MASConstraint.h</string>
			<key>path</key>
			<string>Masonry/MASConstraint.h</string>
			<key>sourceTree</key>
			<string>&lt;group&gt;</string>
		</dict>
		<key>64DC6EEA7B547EF0E92E99A4</key>
		<dict>
			<key>includeInIndex</key>
			<string>1</string>
			<key>isa</key>
			<string>PBXFileReference</string>
			<key>lastKnownFileType</key>
			<string>sourcecode.c.h</string>
			<key>name</key>
			<string>MASConstraintMaker.h</string>
			<key>path</key>
			<string>Masonry/MASConstraintMaker.h</string>
			<key>sourceTree</key>
			<string>&lt;group&gt;</string>
		</dict>
		<key>651ED9621F324C93DFC300F7</key>
		<dict>
			<key>includeInIndex</key>
			<string>1</string>
			<key>isa</key>
			<string>PBXFileReference</string>
			<key>lastKnownFileType</key>
			<string>sourcecode.c.h</string>
			<key>name</key>
			<string>MASLayoutConstraint.h</string>
			<key>path</key>
			<string>Masonry/MASLayoutConstraint.h</string>
			<key>sourceTree</key>
			<string>&lt;group&gt;</string>
		</dict>
		<key>683212FEED11ED0C572AF3CB</key>
		<dict>
			<key>fileRef</key>
			<string>D0D3AFC0800BF1EDEE73D0CB</string>
			<key>isa</key>
			<string>PBXBuildFile</string>
		</dict>
		<key>6DA33F06DACF10B06EA202F2</key>
		<dict>
			<key>fileRef</key>
			<string>7C87332FB22B1355BB805D1B</string>
			<key>isa</key>
			<string>PBXBuildFile</string>
		</dict>
		<key>6DD775F764075E80D08A7632</key>
		<dict>
			<key>fileRef</key>
			<string>0D69A0D773C8AE76F2CF58DE</string>
			<key>isa</key>
			<string>PBXBuildFile</string>
		</dict>
		<key>6F82E9FB0625CE0AAC68112F</key>
		<dict>
			<key>explicitFileType</key>
			<string>archive.ar</string>
			<key>includeInIndex</key>
			<string>0</string>
			<key>isa</key>
			<string>PBXFileReference</string>
			<key>path</key>
			<string>libPods-WorkAndRest-Masonry.a</string>
			<key>sourceTree</key>
			<string>BUILT_PRODUCTS_DIR</string>
		</dict>
		<key>703D5BF6A60649BA6E881951</key>
		<dict>
			<key>containerPortal</key>
			<string>D03224A011B8772B23DB1455</string>
			<key>isa</key>
			<string>PBXContainerItemProxy</string>
			<key>proxyType</key>
			<string>1</string>
			<key>remoteGlobalIDString</key>
			<string>0D235529B7F1ABEA00B12DA8</string>
			<key>remoteInfo</key>
			<string>Pods-WorkAndRest-Masonry</string>
		</dict>
		<key>7214B63FF83C76CEB6542DDC</key>
		<dict>
			<key>children</key>
			<array>
				<string>42F4761CD9E3502717A854C6</string>
				<string>11EA7AFE9B5A09C73A380168</string>
				<string>98AB3EDA2D01C3455E439824</string>
				<string>0D69A0D773C8AE76F2CF58DE</string>
				<string>3D5C65156F3A72DC2D7CE00C</string>
				<string>26B7F3709242554E3CB0EDEB</string>
				<string>512B1724D623F30038CE74B0</string>
				<string>9F9105F6E518F1F7C4E9C990</string>
				<string>0E9B5B28D18CA93D10A670BD</string>
				<string>58A54E896EDB86FB794AD6BB</string>
				<string>8EE4FAE91271651A885A08D9</string>
			</array>
			<key>isa</key>
			<string>PBXGroup</string>
			<key>name</key>
			<string>common</string>
			<key>sourceTree</key>
			<string>&lt;group&gt;</string>
		</dict>
		<key>72C814A1F5FCB049AC58C7AD</key>
		<dict>
			<key>fileRef</key>
			<string>512B1724D623F30038CE74B0</string>
			<key>isa</key>
			<string>PBXBuildFile</string>
			<key>settings</key>
			<dict>
				<key>COMPILER_FLAGS</key>
				<string>-DOS_OBJECT_USE_OBJC=0</string>
			</dict>
		</dict>
		<key>75828BED831383638D5D5A0B</key>
		<dict>
			<key>includeInIndex</key>
			<string>1</string>
			<key>isa</key>
			<string>PBXFileReference</string>
			<key>lastKnownFileType</key>
			<string>sourcecode.c.h</string>
			<key>name</key>
			<string>MASViewConstraint.h</string>
			<key>path</key>
			<string>Masonry/MASViewConstraint.h</string>
			<key>sourceTree</key>
			<string>&lt;group&gt;</string>
		</dict>
		<key>769118A24A1ACCE0380E3D40</key>
		<dict>
			<key>fileRef</key>
			<string>867D8FB4437811F0464A487B</string>
			<key>isa</key>
			<string>PBXBuildFile</string>
		</dict>
		<key>775D118D47A5D82C6BD9BE8B</key>
		<dict>
			<key>includeInIndex</key>
			<string>1</string>
			<key>isa</key>
			<string>PBXFileReference</string>
			<key>lastKnownFileType</key>
			<string>sourcecode.c.h</string>
			<key>name</key>
			<string>SWTableViewCell.h</string>
			<key>path</key>
			<string>SWTableViewCell/PodFiles/SWTableViewCell.h</string>
			<key>sourceTree</key>
			<string>&lt;group&gt;</string>
		</dict>
		<key>77AA3724332C731236DC842F</key>
		<dict>
			<key>fileRef</key>
			<string>42F4761CD9E3502717A854C6</string>
			<key>isa</key>
			<string>PBXBuildFile</string>
		</dict>
		<key>7985325633751D1464DEE5EC</key>
		<dict>
			<key>fileRef</key>
			<string>1B3AFD682786D4D97AF47C29</string>
			<key>isa</key>
			<string>PBXBuildFile</string>
		</dict>
		<key>7B409E3195D9659859799ED3</key>
		<dict>
			<key>includeInIndex</key>
			<string>1</string>
			<key>isa</key>
			<string>PBXFileReference</string>
			<key>lastKnownFileType</key>
			<string>sourcecode.c.h</string>
			<key>name</key>
			<string>SWUtilityButtonView.h</string>
			<key>path</key>
			<string>SWTableViewCell/PodFiles/SWUtilityButtonView.h</string>
			<key>sourceTree</key>
			<string>&lt;group&gt;</string>
		</dict>
		<key>7C0A19FE5660E30BE10242F0</key>
		<dict>
			<key>includeInIndex</key>
			<string>1</string>
			<key>isa</key>
			<string>PBXFileReference</string>
			<key>lastKnownFileType</key>
			<string>sourcecode.c.objc</string>
			<key>name</key>
			<string>SWTableViewCell.m</string>
			<key>path</key>
			<string>SWTableViewCell/PodFiles/SWTableViewCell.m</string>
			<key>sourceTree</key>
			<string>&lt;group&gt;</string>
		</dict>
		<key>7C87332FB22B1355BB805D1B</key>
		<dict>
			<key>includeInIndex</key>
			<string>1</string>
			<key>isa</key>
			<string>PBXFileReference</string>
			<key>lastKnownFileType</key>
			<string>sourcecode.c.h</string>
			<key>name</key>
			<string>MASViewAttribute.h</string>
			<key>path</key>
			<string>Masonry/MASViewAttribute.h</string>
			<key>sourceTree</key>
			<string>&lt;group&gt;</string>
		</dict>
		<key>7CACC585E0B41B511CA71B3E</key>
		<dict>
			<key>fileRef</key>
			<string>7B409E3195D9659859799ED3</string>
			<key>isa</key>
			<string>PBXBuildFile</string>
		</dict>
		<key>7EAC165C70A6F86A009911BC</key>
		<dict>
			<key>fileRef</key>
			<string>B3DDDA4D150D063CA2D15522</string>
			<key>isa</key>
			<string>PBXBuildFile</string>
		</dict>
		<key>7F1E4AE255FFBB5FEEE3AB34</key>
		<dict>
			<key>buildConfigurations</key>
			<array>
				<string>BD9DE5DD4272CEFD71367A34</string>
				<string>35B51FC27056C7A97F7BB758</string>
			</array>
			<key>defaultConfigurationIsVisible</key>
			<string>0</string>
			<key>defaultConfigurationName</key>
			<string>Release</string>
			<key>isa</key>
			<string>XCConfigurationList</string>
		</dict>
		<key>80A804A8BE4384BA7F6D98C8</key>
		<dict>
			<key>fileRef</key>
			<string>554E7B5D32B36E09A585BACD</string>
			<key>isa</key>
			<string>PBXBuildFile</string>
		</dict>
		<key>83832A837ABEB95950F137D9</key>
		<dict>
			<key>isa</key>
			<string>PBXTargetDependency</string>
			<key>name</key>
			<string>Pods-WorkAndRest-SWTableViewCell</string>
			<key>target</key>
			<string>92CD5D05E27776563B47F917</string>
			<key>targetProxy</key>
			<string>1B20359E655ED2617B31596B</string>
		</dict>
		<key>83C7B35E2A23839DBE37F133</key>
		<dict>
			<key>baseConfigurationReference</key>
			<string>27EADB3FA62BD1755F03CFAE</string>
			<key>buildSettings</key>
			<dict>
				<key>ALWAYS_SEARCH_USER_PATHS</key>
				<string>NO</string>
				<key>COPY_PHASE_STRIP</key>
				<string>YES</string>
				<key>DSTROOT</key>
				<string>/tmp/xcodeproj.dst</string>
				<key>GCC_PRECOMPILE_PREFIX_HEADER</key>
				<string>YES</string>
				<key>GCC_PREFIX_HEADER</key>
				<string>Target Support Files/Pods-WorkAndRest-FMDB/Pods-WorkAndRest-FMDB-prefix.pch</string>
				<key>INSTALL_PATH</key>
				<string>$(BUILT_PRODUCTS_DIR)</string>
				<key>IPHONEOS_DEPLOYMENT_TARGET</key>
				<string>7.1</string>
				<key>OTHER_CFLAGS</key>
				<array>
					<string>-DNS_BLOCK_ASSERTIONS=1</string>
					<string>$(inherited)</string>
				</array>
				<key>OTHER_CPLUSPLUSFLAGS</key>
				<array>
					<string>-DNS_BLOCK_ASSERTIONS=1</string>
					<string>$(inherited)</string>
				</array>
				<key>OTHER_LDFLAGS</key>
				<string></string>
				<key>OTHER_LIBTOOLFLAGS</key>
				<string></string>
				<key>PRODUCT_NAME</key>
				<string>$(TARGET_NAME)</string>
				<key>PUBLIC_HEADERS_FOLDER_PATH</key>
				<string>$(TARGET_NAME)</string>
				<key>SDKROOT</key>
				<string>iphoneos</string>
				<key>SKIP_INSTALL</key>
				<string>YES</string>
				<key>VALIDATE_PRODUCT</key>
				<string>YES</string>
			</dict>
			<key>isa</key>
			<string>XCBuildConfiguration</string>
			<key>name</key>
			<string>Release</string>
		</dict>
		<key>86123C17210D0359AC309B57</key>
		<dict>
			<key>children</key>
			<array>
				<string>B0B2558034B2A2F549BF0267</string>
				<string>417AF38B17DAE4611EAAB232</string>
				<string>E36C510C4166812A362ABCCD</string>
				<string>B4C9EE654196710CD1991F60</string>
			</array>
			<key>isa</key>
			<string>PBXGroup</string>
			<key>name</key>
			<string>Support Files</string>
			<key>path</key>
			<string>../Target Support Files/Pods-WorkAndRest-Masonry</string>
			<key>sourceTree</key>
			<string>&lt;group&gt;</string>
		</dict>
		<key>867D8FB4437811F0464A487B</key>
		<dict>
			<key>includeInIndex</key>
			<string>1</string>
			<key>isa</key>
			<string>PBXFileReference</string>
			<key>lastKnownFileType</key>
			<string>sourcecode.c.h</string>
			<key>name</key>
			<string>SWLongPressGestureRecognizer.h</string>
			<key>path</key>
			<string>SWTableViewCell/PodFiles/SWLongPressGestureRecognizer.h</string>
			<key>sourceTree</key>
			<string>&lt;group&gt;</string>
		</dict>
		<key>868E4319DB5A1DC19CDB4A0B</key>
		<dict>
			<key>fileRef</key>
			<string>2DC927605EAE8A04D7BA86E9</string>
			<key>isa</key>
			<string>PBXBuildFile</string>
		</dict>
		<key>8975B4F81E2259AB8E36006D</key>
		<dict>
			<key>includeInIndex</key>
			<string>1</string>
			<key>isa</key>
			<string>PBXFileReference</string>
			<key>lastKnownFileType</key>
			<string>sourcecode.c.h</string>
			<key>path</key>
			<string>Pods-WorkAndRest-environment.h</string>
			<key>sourceTree</key>
			<string>&lt;group&gt;</string>
		</dict>
		<key>89DB60FDF0C8C751548E5541</key>
		<dict>
			<key>fileRef</key>
			<string>26B7F3709242554E3CB0EDEB</string>
			<key>isa</key>
			<string>PBXBuildFile</string>
		</dict>
		<key>8B2A3DEBAC45219238122310</key>
		<dict>
			<key>isa</key>
			<string>PBXFileReference</string>
			<key>lastKnownFileType</key>
			<string>wrapper.framework</string>
			<key>name</key>
			<string>UIKit.framework</string>
			<key>path</key>
			<string>Platforms/iPhoneOS.platform/Developer/SDKs/iPhoneOS7.1.sdk/System/Library/Frameworks/UIKit.framework</string>
			<key>sourceTree</key>
			<string>DEVELOPER_DIR</string>
		</dict>
		<key>8EE4FAE91271651A885A08D9</key>
		<dict>
			<key>includeInIndex</key>
			<string>1</string>
			<key>isa</key>
			<string>PBXFileReference</string>
			<key>lastKnownFileType</key>
			<string>sourcecode.c.objc</string>
			<key>name</key>
			<string>FMResultSet.m</string>
			<key>path</key>
			<string>src/fmdb/FMResultSet.m</string>
			<key>sourceTree</key>
			<string>&lt;group&gt;</string>
		</dict>
		<key>91ACCA362FFBECFA7BEC40A5</key>
		<dict>
			<key>fileRef</key>
			<string>032D868F993C31BABC3958C9</string>
			<key>isa</key>
			<string>PBXBuildFile</string>
		</dict>
		<key>92145CFBFFEC5BC22A555DAC</key>
		<dict>
			<key>baseConfigurationReference</key>
			<string>417AF38B17DAE4611EAAB232</string>
			<key>buildSettings</key>
			<dict>
				<key>ALWAYS_SEARCH_USER_PATHS</key>
				<string>NO</string>
				<key>COPY_PHASE_STRIP</key>
				<string>NO</string>
				<key>DSTROOT</key>
				<string>/tmp/xcodeproj.dst</string>
				<key>GCC_DYNAMIC_NO_PIC</key>
				<string>NO</string>
				<key>GCC_OPTIMIZATION_LEVEL</key>
				<string>0</string>
				<key>GCC_PRECOMPILE_PREFIX_HEADER</key>
				<string>YES</string>
				<key>GCC_PREFIX_HEADER</key>
				<string>Target Support Files/Pods-WorkAndRest-Masonry/Pods-WorkAndRest-Masonry-prefix.pch</string>
				<key>GCC_PREPROCESSOR_DEFINITIONS</key>
				<array>
					<string>DEBUG=1</string>
					<string>$(inherited)</string>
				</array>
				<key>GCC_SYMBOLS_PRIVATE_EXTERN</key>
				<string>NO</string>
				<key>INSTALL_PATH</key>
				<string>$(BUILT_PRODUCTS_DIR)</string>
				<key>IPHONEOS_DEPLOYMENT_TARGET</key>
				<string>7.1</string>
				<key>OTHER_LDFLAGS</key>
				<string></string>
				<key>OTHER_LIBTOOLFLAGS</key>
				<string></string>
				<key>PRODUCT_NAME</key>
				<string>$(TARGET_NAME)</string>
				<key>PUBLIC_HEADERS_FOLDER_PATH</key>
				<string>$(TARGET_NAME)</string>
				<key>SDKROOT</key>
				<string>iphoneos</string>
				<key>SKIP_INSTALL</key>
				<string>YES</string>
			</dict>
			<key>isa</key>
			<string>XCBuildConfiguration</string>
			<key>name</key>
			<string>Debug</string>
		</dict>
		<key>92CD5D05E27776563B47F917</key>
		<dict>
			<key>buildConfigurationList</key>
			<string>7F1E4AE255FFBB5FEEE3AB34</string>
			<key>buildPhases</key>
			<array>
				<string>BB1CFA09ADB26E2A8C345A97</string>
				<string>B78527B82D7ED5F26181C0E8</string>
				<string>E2BD2930DDC5144B30757062</string>
			</array>
			<key>buildRules</key>
			<array/>
			<key>dependencies</key>
			<array/>
			<key>isa</key>
			<string>PBXNativeTarget</string>
			<key>name</key>
			<string>Pods-WorkAndRest-SWTableViewCell</string>
			<key>productName</key>
			<string>Pods-WorkAndRest-SWTableViewCell</string>
			<key>productReference</key>
			<string>B6448DA88D183CDEAA691C25</string>
			<key>productType</key>
			<string>com.apple.product-type.library.static</string>
		</dict>
		<key>9780695ABCADEB86D6AD912F</key>
		<dict>
			<key>includeInIndex</key>
			<string>1</string>
			<key>isa</key>
			<string>PBXFileReference</string>
			<key>lastKnownFileType</key>
			<string>text.xcconfig</string>
			<key>path</key>
			<string>Pods-WorkAndRest-SWTableViewCell.xcconfig</string>
			<key>sourceTree</key>
			<string>&lt;group&gt;</string>
		</dict>
		<key>98AB3EDA2D01C3455E439824</key>
		<dict>
			<key>includeInIndex</key>
			<string>1</string>
			<key>isa</key>
			<string>PBXFileReference</string>
			<key>lastKnownFileType</key>
			<string>sourcecode.c.objc</string>
			<key>name</key>
			<string>FMDatabase.m</string>
			<key>path</key>
			<string>src/fmdb/FMDatabase.m</string>
			<key>sourceTree</key>
			<string>&lt;group&gt;</string>
		</dict>
		<key>99196B9BA3E446223BD8DC8F</key>
		<dict>
			<key>fileRef</key>
			<string>5C409ADD6FEA40FE033885B5</string>
			<key>isa</key>
			<string>PBXBuildFile</string>
		</dict>
		<key>9AFCFF5016E11643A877F84E</key>
		<dict>
			<key>fileRef</key>
			<string>8B2A3DEBAC45219238122310</string>
			<key>isa</key>
			<string>PBXBuildFile</string>
		</dict>
		<key>9BD7F62CB7B9CEC3BF0B0876</key>
		<dict>
			<key>buildActionMask</key>
			<string>2147483647</string>
			<key>files</key>
			<array>
				<string>30FB707F29AE6D159BEB0149</string>
				<string>AEB39F981D72F736952D827B</string>
				<string>B11C86C8C1A37543284B7453</string>
				<string>5CE543206BC2FC5286709176</string>
				<string>F7A058350B30DFE82BCE3920</string>
				<string>0D5B102FE715EB32333138D5</string>
				<string>240158457B64F60DD5D4050F</string>
				<string>7985325633751D1464DEE5EC</string>
				<string>30AB6ADE9F5A3ADB8213591F</string>
				<string>99196B9BA3E446223BD8DC8F</string>
			</array>
			<key>isa</key>
			<string>PBXSourcesBuildPhase</string>
			<key>runOnlyForDeploymentPostprocessing</key>
			<string>0</string>
		</dict>
		<key>9E3E885FC1612149D4989A7E</key>
		<dict>
			<key>fileRef</key>
			<string>0E9B5B28D18CA93D10A670BD</string>
			<key>isa</key>
			<string>PBXBuildFile</string>
			<key>settings</key>
			<dict>
				<key>COMPILER_FLAGS</key>
				<string>-DOS_OBJECT_USE_OBJC=0</string>
			</dict>
		</dict>
		<key>9F3341DEA3E0F54E1402D1EC</key>
		<dict>
			<key>includeInIndex</key>
			<string>1</string>
			<key>isa</key>
			<string>PBXFileReference</string>
			<key>lastKnownFileType</key>
			<string>sourcecode.c.objc</string>
			<key>path</key>
			<string>Pods-WorkAndRest-FMDB-dummy.m</string>
			<key>sourceTree</key>
			<string>&lt;group&gt;</string>
		</dict>
		<key>9F9105F6E518F1F7C4E9C990</key>
		<dict>
			<key>includeInIndex</key>
			<string>1</string>
			<key>isa</key>
			<string>PBXFileReference</string>
			<key>lastKnownFileType</key>
			<string>sourcecode.c.h</string>
			<key>name</key>
			<string>FMDatabaseQueue.h</string>
			<key>path</key>
			<string>src/fmdb/FMDatabaseQueue.h</string>
			<key>sourceTree</key>
			<string>&lt;group&gt;</string>
		</dict>
		<key>A0141912E3145038F41725D5</key>
		<dict>
			<key>includeInIndex</key>
			<string>1</string>
			<key>isa</key>
			<string>PBXFileReference</string>
			<key>lastKnownFileType</key>
			<string>sourcecode.c.h</string>
			<key>name</key>
			<string>MASCompositeConstraint.h</string>
			<key>path</key>
			<string>Masonry/MASCompositeConstraint.h</string>
			<key>sourceTree</key>
			<string>&lt;group&gt;</string>
		</dict>
		<key>A2CD3539C7EC2B01284AD16A</key>
		<dict>
			<key>fileRef</key>
			<string>F4C9D8A389BD2EB8BDB59A40</string>
			<key>isa</key>
			<string>PBXBuildFile</string>
		</dict>
		<key>A31CC9C0979AFA46C8C1A240</key>
		<dict>
			<key>buildSettings</key>
			<dict>
				<key>ALWAYS_SEARCH_USER_PATHS</key>
				<string>NO</string>
				<key>CLANG_CXX_LANGUAGE_STANDARD</key>
				<string>gnu++0x</string>
				<key>CLANG_CXX_LIBRARY</key>
				<string>libc++</string>
				<key>CLANG_ENABLE_MODULES</key>
				<string>YES</string>
				<key>CLANG_ENABLE_OBJC_ARC</key>
				<string>YES</string>
				<key>CLANG_WARN_BOOL_CONVERSION</key>
				<string>YES</string>
				<key>CLANG_WARN_CONSTANT_CONVERSION</key>
				<string>YES</string>
				<key>CLANG_WARN_DIRECT_OBJC_ISA_USAGE</key>
				<string>YES</string>
				<key>CLANG_WARN_EMPTY_BODY</key>
				<string>YES</string>
				<key>CLANG_WARN_ENUM_CONVERSION</key>
				<string>YES</string>
				<key>CLANG_WARN_INT_CONVERSION</key>
				<string>YES</string>
				<key>CLANG_WARN_OBJC_ROOT_CLASS</key>
				<string>YES</string>
				<key>COPY_PHASE_STRIP</key>
				<string>NO</string>
				<key>ENABLE_NS_ASSERTIONS</key>
				<string>NO</string>
				<key>GCC_C_LANGUAGE_STANDARD</key>
				<string>gnu99</string>
				<key>GCC_PREPROCESSOR_DEFINITIONS</key>
				<array>
					<string>RELEASE=1</string>
				</array>
				<key>GCC_WARN_64_TO_32_BIT_CONVERSION</key>
				<string>YES</string>
				<key>GCC_WARN_ABOUT_RETURN_TYPE</key>
				<string>YES</string>
				<key>GCC_WARN_UNDECLARED_SELECTOR</key>
				<string>YES</string>
				<key>GCC_WARN_UNINITIALIZED_AUTOS</key>
				<string>YES</string>
				<key>GCC_WARN_UNUSED_FUNCTION</key>
				<string>YES</string>
				<key>GCC_WARN_UNUSED_VARIABLE</key>
				<string>YES</string>
				<key>IPHONEOS_DEPLOYMENT_TARGET</key>
				<string>7.1</string>
				<key>STRIP_INSTALLED_PRODUCT</key>
				<string>NO</string>
				<key>VALIDATE_PRODUCT</key>
				<string>YES</string>
			</dict>
			<key>isa</key>
			<string>XCBuildConfiguration</string>
			<key>name</key>
			<string>Release</string>
		</dict>
		<key>A3C9554FE69895525690CE40</key>
		<dict>
			<key>isa</key>
			<string>PBXTargetDependency</string>
			<key>name</key>
			<string>Pods-WorkAndRest-FMDB</string>
			<key>target</key>
			<string>D1D92028218B1E86C7350469</string>
			<key>targetProxy</key>
			<string>FB6FF02E1572813B333F6C2F</string>
		</dict>
		<key>A51CB3959492EEC39B90A9DF</key>
		<dict>
			<key>includeInIndex</key>
			<string>1</string>
			<key>isa</key>
			<string>PBXFileReference</string>
			<key>lastKnownFileType</key>
			<string>text.xcconfig</string>
			<key>path</key>
			<string>Pods-WorkAndRest-SWTableViewCell-Private.xcconfig</string>
			<key>sourceTree</key>
			<string>&lt;group&gt;</string>
		</dict>
		<key>A601BB8F850AF2E67485F3FF</key>
		<dict>
			<key>buildActionMask</key>
			<string>2147483647</string>
			<key>files</key>
			<array>
				<string>DC6D45F1166BBDD7B963EB6D</string>
			</array>
			<key>isa</key>
			<string>PBXFrameworksBuildPhase</string>
			<key>runOnlyForDeploymentPostprocessing</key>
			<string>0</string>
		</dict>
		<key>AB9B0826EDD07FACD242A32B</key>
		<dict>
			<key>children</key>
			<array>
				<string>31B10BA7B2B07020D12A695B</string>
				<string>27EADB3FA62BD1755F03CFAE</string>
				<string>9F3341DEA3E0F54E1402D1EC</string>
				<string>C574E04798751B2E6416422E</string>
			</array>
			<key>isa</key>
			<string>PBXGroup</string>
			<key>name</key>
			<string>Support Files</string>
			<key>path</key>
			<string>../Target Support Files/Pods-WorkAndRest-FMDB</string>
			<key>sourceTree</key>
			<string>&lt;group&gt;</string>
		</dict>
		<key>ADF107EC98046EAA864FFBB3</key>
		<dict>
			<key>fileRef</key>
			<string>11EA7AFE9B5A09C73A380168</string>
			<key>isa</key>
			<string>PBXBuildFile</string>
		</dict>
		<key>AEB39F981D72F736952D827B</key>
		<dict>
			<key>fileRef</key>
			<string>D9957D7DC0BD8D3BE12CEB9E</string>
			<key>isa</key>
			<string>PBXBuildFile</string>
		</dict>
		<key>B0B2558034B2A2F549BF0267</key>
		<dict>
			<key>includeInIndex</key>
			<string>1</string>
			<key>isa</key>
			<string>PBXFileReference</string>
			<key>lastKnownFileType</key>
			<string>text.xcconfig</string>
			<key>path</key>
			<string>Pods-WorkAndRest-Masonry.xcconfig</string>
			<key>sourceTree</key>
			<string>&lt;group&gt;</string>
		</dict>
		<key>B0BAE7126D2AA654A051CE9E</key>
		<dict>
			<key>fileRef</key>
			<string>651ED9621F324C93DFC300F7</string>
			<key>isa</key>
			<string>PBXBuildFile</string>
		</dict>
		<key>B11C86C8C1A37543284B7453</key>
		<dict>
			<key>fileRef</key>
			<string>40299F010E87735C812ADA4D</string>
			<key>isa</key>
			<string>PBXBuildFile</string>
		</dict>
		<key>B3DDDA4D150D063CA2D15522</key>
		<dict>
			<key>includeInIndex</key>
			<string>1</string>
			<key>isa</key>
			<string>PBXFileReference</string>
			<key>lastKnownFileType</key>
			<string>sourcecode.c.objc</string>
			<key>name</key>
			<string>SWUtilityButtonView.m</string>
			<key>path</key>
			<string>SWTableViewCell/PodFiles/SWUtilityButtonView.m</string>
			<key>sourceTree</key>
			<string>&lt;group&gt;</string>
		</dict>
		<key>B4C9EE654196710CD1991F60</key>
		<dict>
			<key>includeInIndex</key>
			<string>1</string>
			<key>isa</key>
			<string>PBXFileReference</string>
			<key>lastKnownFileType</key>
			<string>sourcecode.c.h</string>
			<key>path</key>
			<string>Pods-WorkAndRest-Masonry-prefix.pch</string>
			<key>sourceTree</key>
			<string>&lt;group&gt;</string>
		</dict>
		<key>B5C0F183A16B69753D1263E0</key>
		<dict>
			<key>fileRef</key>
			<string>594D0058317BD2F75D3D89A7</string>
			<key>isa</key>
			<string>PBXBuildFile</string>
		</dict>
		<key>B6448DA88D183CDEAA691C25</key>
		<dict>
			<key>explicitFileType</key>
			<string>archive.ar</string>
			<key>includeInIndex</key>
			<string>0</string>
			<key>isa</key>
			<string>PBXFileReference</string>
			<key>path</key>
			<string>libPods-WorkAndRest-SWTableViewCell.a</string>
			<key>sourceTree</key>
			<string>BUILT_PRODUCTS_DIR</string>
		</dict>
		<key>B6605212A42489E02F1A1BA6</key>
		<dict>
			<key>fileRef</key>
			<string>26B57AD9B7800B0647F49A20</string>
			<key>isa</key>
			<string>PBXBuildFile</string>
		</dict>
		<key>B78527B82D7ED5F26181C0E8</key>
		<dict>
			<key>buildActionMask</key>
			<string>2147483647</string>
			<key>files</key>
			<array>
				<string>80A804A8BE4384BA7F6D98C8</string>
			</array>
			<key>isa</key>
			<string>PBXFrameworksBuildPhase</string>
			<key>runOnlyForDeploymentPostprocessing</key>
			<string>0</string>
		</dict>
		<key>B9D4A94DE38F8AEA6830AF52</key>
		<dict>
			<key>includeInIndex</key>
			<string>1</string>
			<key>isa</key>
			<string>PBXFileReference</string>
			<key>lastKnownFileType</key>
			<string>text.xcconfig</string>
			<key>path</key>
			<string>Pods-WorkAndRest.release.xcconfig</string>
			<key>sourceTree</key>
			<string>&lt;group&gt;</string>
		</dict>
		<key>B9DF1699BD5A50C4CEEC408F</key>
		<dict>
			<key>buildActionMask</key>
			<string>2147483647</string>
			<key>files</key>
			<array>
				<string>D800F8544C6163E9F1B538D2</string>
			</array>
			<key>isa</key>
			<string>PBXSourcesBuildPhase</string>
			<key>runOnlyForDeploymentPostprocessing</key>
			<string>0</string>
		</dict>
		<key>BB1CFA09ADB26E2A8C345A97</key>
		<dict>
			<key>buildActionMask</key>
			<string>2147483647</string>
			<key>files</key>
			<array>
				<string>B6605212A42489E02F1A1BA6</string>
				<string>0A3B93480559F4B533619D3F</string>
				<string>91ACCA362FFBECFA7BEC40A5</string>
				<string>2B297147C6A68EA9E7C59378</string>
				<string>53B1CB5B0464D1AD990AA219</string>
				<string>D3DAFC6F5AC3C92B6389FCF8</string>
				<string>7EAC165C70A6F86A009911BC</string>
			</array>
			<key>isa</key>
			<string>PBXSourcesBuildPhase</string>
			<key>runOnlyForDeploymentPostprocessing</key>
			<string>0</string>
		</dict>
		<key>BD9DE5DD4272CEFD71367A34</key>
		<dict>
			<key>baseConfigurationReference</key>
			<string>A51CB3959492EEC39B90A9DF</string>
			<key>buildSettings</key>
			<dict>
				<key>ALWAYS_SEARCH_USER_PATHS</key>
				<string>NO</string>
				<key>COPY_PHASE_STRIP</key>
				<string>NO</string>
				<key>DSTROOT</key>
				<string>/tmp/xcodeproj.dst</string>
				<key>GCC_DYNAMIC_NO_PIC</key>
				<string>NO</string>
				<key>GCC_OPTIMIZATION_LEVEL</key>
				<string>0</string>
				<key>GCC_PRECOMPILE_PREFIX_HEADER</key>
				<string>YES</string>
				<key>GCC_PREFIX_HEADER</key>
				<string>Target Support Files/Pods-WorkAndRest-SWTableViewCell/Pods-WorkAndRest-SWTableViewCell-prefix.pch</string>
				<key>GCC_PREPROCESSOR_DEFINITIONS</key>
				<array>
					<string>DEBUG=1</string>
					<string>$(inherited)</string>
				</array>
				<key>GCC_SYMBOLS_PRIVATE_EXTERN</key>
				<string>NO</string>
				<key>INSTALL_PATH</key>
				<string>$(BUILT_PRODUCTS_DIR)</string>
				<key>IPHONEOS_DEPLOYMENT_TARGET</key>
				<string>7.1</string>
				<key>OTHER_LDFLAGS</key>
				<string></string>
				<key>OTHER_LIBTOOLFLAGS</key>
				<string></string>
				<key>PRODUCT_NAME</key>
				<string>$(TARGET_NAME)</string>
				<key>PUBLIC_HEADERS_FOLDER_PATH</key>
				<string>$(TARGET_NAME)</string>
				<key>SDKROOT</key>
				<string>iphoneos</string>
				<key>SKIP_INSTALL</key>
				<string>YES</string>
			</dict>
			<key>isa</key>
			<string>XCBuildConfiguration</string>
			<key>name</key>
			<string>Debug</string>
		</dict>
		<key>C120F4EC7F44443AFF4C1CDC</key>
		<dict>
			<key>includeInIndex</key>
			<string>1</string>
			<key>isa</key>
			<string>PBXFileReference</string>
			<key>lastKnownFileType</key>
			<string>sourcecode.c.objc</string>
			<key>name</key>
			<string>SWUtilityButtonTapGestureRecognizer.m</string>
			<key>path</key>
			<string>SWTableViewCell/PodFiles/SWUtilityButtonTapGestureRecognizer.m</string>
			<key>sourceTree</key>
			<string>&lt;group&gt;</string>
		</dict>
		<key>C3AE1A077184F2A08DD97996</key>
		<dict>
			<key>fileRef</key>
			<string>3A37ED56383E988C23FD6441</string>
			<key>isa</key>
			<string>PBXBuildFile</string>
		</dict>
		<key>C3E14BEAAB0CCF4325159021</key>
		<dict>
			<key>fileRef</key>
			<string>64DC6EEA7B547EF0E92E99A4</string>
			<key>isa</key>
			<string>PBXBuildFile</string>
		</dict>
		<key>C574E04798751B2E6416422E</key>
		<dict>
			<key>includeInIndex</key>
			<string>1</string>
			<key>isa</key>
			<string>PBXFileReference</string>
			<key>lastKnownFileType</key>
			<string>sourcecode.c.h</string>
			<key>path</key>
			<string>Pods-WorkAndRest-FMDB-prefix.pch</string>
			<key>sourceTree</key>
			<string>&lt;group&gt;</string>
		</dict>
		<key>C598B230F8B8BE57BBAF40B6</key>
		<dict>
			<key>children</key>
			<array>
				<string>0C99470413096334280938C1</string>
				<string>F9225F856C3F2A16D91949E6</string>
				<string>DAE91A7A2486BD052F8F467E</string>
				<string>324D63D178EEBA8E75F43A2D</string>
				<string>E53DE7DD9C88431A532AAA61</string>
			</array>
			<key>isa</key>
			<string>PBXGroup</string>
			<key>sourceTree</key>
			<string>&lt;group&gt;</string>
		</dict>
		<key>C71DA9A80BA0326AE1CAA63C</key>
		<dict>
			<key>children</key>
			<array>
				<string>A0141912E3145038F41725D5</string>
				<string>38284EB8C3697D4F42E5CB6F</string>
				<string>6164AA3AC2CDA5971DBAC8CE</string>
				<string>D9957D7DC0BD8D3BE12CEB9E</string>
				<string>2DC927605EAE8A04D7BA86E9</string>
				<string>64DC6EEA7B547EF0E92E99A4</string>
				<string>40299F010E87735C812ADA4D</string>
				<string>651ED9621F324C93DFC300F7</string>
				<string>2C739E372A53BAB070C2FFA0</string>
				<string>F58AA1F353F1404B99366F10</string>
				<string>7C87332FB22B1355BB805D1B</string>
				<string>1B4F4A78543C81118BF45547</string>
				<string>75828BED831383638D5D5A0B</string>
				<string>3F377FD7C93EB0BD8C0B0C78</string>
				<string>11CB37CBBA1CB7889A063AF2</string>
				<string>D0D3AFC0800BF1EDEE73D0CB</string>
				<string>E132ACB7398166D21EABE030</string>
				<string>CD0F8F6F15E0D92048757102</string>
				<string>594D0058317BD2F75D3D89A7</string>
				<string>1B3AFD682786D4D97AF47C29</string>
				<string>3A37ED56383E988C23FD6441</string>
				<string>5C409ADD6FEA40FE033885B5</string>
				<string>4AF5441D93368B9BB0B575D3</string>
				<string>86123C17210D0359AC309B57</string>
			</array>
			<key>isa</key>
			<string>PBXGroup</string>
			<key>name</key>
			<string>Masonry</string>
			<key>path</key>
			<string>Masonry</string>
			<key>sourceTree</key>
			<string>&lt;group&gt;</string>
		</dict>
		<key>CA154A2F6DC4B9134867A9D3</key>
		<dict>
			<key>explicitFileType</key>
			<string>archive.ar</string>
			<key>includeInIndex</key>
			<string>0</string>
			<key>isa</key>
			<string>PBXFileReference</string>
			<key>path</key>
			<string>libPods-WorkAndRest-FMDB.a</string>
			<key>sourceTree</key>
			<string>BUILT_PRODUCTS_DIR</string>
		</dict>
		<key>CB50141B329F64B0BDD29646</key>
		<dict>
			<key>baseConfigurationReference</key>
			<string>DDDE3912A47DB7B1DAB79613</string>
			<key>buildSettings</key>
			<dict>
				<key>ALWAYS_SEARCH_USER_PATHS</key>
				<string>NO</string>
				<key>COPY_PHASE_STRIP</key>
				<string>NO</string>
				<key>DSTROOT</key>
				<string>/tmp/xcodeproj.dst</string>
				<key>GCC_DYNAMIC_NO_PIC</key>
				<string>NO</string>
				<key>GCC_OPTIMIZATION_LEVEL</key>
				<string>0</string>
				<key>GCC_PRECOMPILE_PREFIX_HEADER</key>
				<string>YES</string>
				<key>GCC_PREPROCESSOR_DEFINITIONS</key>
				<array>
					<string>DEBUG=1</string>
					<string>$(inherited)</string>
				</array>
				<key>GCC_SYMBOLS_PRIVATE_EXTERN</key>
				<string>NO</string>
				<key>INSTALL_PATH</key>
				<string>$(BUILT_PRODUCTS_DIR)</string>
				<key>IPHONEOS_DEPLOYMENT_TARGET</key>
				<string>7.1</string>
				<key>OTHER_LDFLAGS</key>
				<string></string>
				<key>OTHER_LIBTOOLFLAGS</key>
				<string></string>
				<key>PRODUCT_NAME</key>
				<string>$(TARGET_NAME)</string>
				<key>PUBLIC_HEADERS_FOLDER_PATH</key>
				<string>$(TARGET_NAME)</string>
				<key>SDKROOT</key>
				<string>iphoneos</string>
				<key>SKIP_INSTALL</key>
				<string>YES</string>
			</dict>
			<key>isa</key>
			<string>XCBuildConfiguration</string>
			<key>name</key>
			<string>Debug</string>
		</dict>
		<key>CD0F8F6F15E0D92048757102</key>
		<dict>
			<key>includeInIndex</key>
			<string>1</string>
			<key>isa</key>
			<string>PBXFileReference</string>
			<key>lastKnownFileType</key>
			<string>sourcecode.c.h</string>
			<key>name</key>
			<string>NSArray+MASShorthandAdditions.h</string>
			<key>path</key>
			<string>Masonry/NSArray+MASShorthandAdditions.h</string>
			<key>sourceTree</key>
			<string>&lt;group&gt;</string>
		</dict>
		<key>D03224A011B8772B23DB1455</key>
		<dict>
			<key>attributes</key>
			<dict>
				<key>LastUpgradeCheck</key>
				<string>0510</string>
			</dict>
			<key>buildConfigurationList</key>
			<string>41E88D19BC44720DB7E97002</string>
			<key>compatibilityVersion</key>
			<string>Xcode 3.2</string>
			<key>developmentRegion</key>
			<string>English</string>
			<key>hasScannedForEncodings</key>
			<string>0</string>
			<key>isa</key>
			<string>PBXProject</string>
			<key>knownRegions</key>
			<array>
				<string>en</string>
			</array>
			<key>mainGroup</key>
			<string>C598B230F8B8BE57BBAF40B6</string>
			<key>productRefGroup</key>
			<string>324D63D178EEBA8E75F43A2D</string>
			<key>projectDirPath</key>
			<string></string>
			<key>projectReferences</key>
			<array/>
			<key>projectRoot</key>
			<string></string>
			<key>targets</key>
			<array>
				<string>5D8EC4A0EBEE9DFCCBDDFC05</string>
				<string>D1D92028218B1E86C7350469</string>
				<string>0D235529B7F1ABEA00B12DA8</string>
				<string>92CD5D05E27776563B47F917</string>
			</array>
		</dict>
		<key>D0D3AFC0800BF1EDEE73D0CB</key>
		<dict>
			<key>includeInIndex</key>
			<string>1</string>
			<key>isa</key>
			<string>PBXFileReference</string>
			<key>lastKnownFileType</key>
			<string>sourcecode.c.h</string>
			<key>name</key>
			<string>NSArray+MASAdditions.h</string>
			<key>path</key>
			<string>Masonry/NSArray+MASAdditions.h</string>
			<key>sourceTree</key>
			<string>&lt;group&gt;</string>
		</dict>
		<key>D145C53F26C718ECD9A8CABB</key>
		<dict>
			<key>buildConfigurations</key>
			<array>
				<string>92145CFBFFEC5BC22A555DAC</string>
				<string>FEEE073198BD166C476103DE</string>
			</array>
			<key>defaultConfigurationIsVisible</key>
			<string>0</string>
			<key>defaultConfigurationName</key>
			<string>Release</string>
			<key>isa</key>
			<string>XCConfigurationList</string>
		</dict>
		<key>D1D92028218B1E86C7350469</key>
		<dict>
			<key>buildConfigurationList</key>
			<string>D39A2DED415DA39B01BA5C17</string>
			<key>buildPhases</key>
			<array>
				<string>E9E24470E95122A5E9021DFF</string>
				<string>3C27C0522F43D18A0140CCE1</string>
				<string>39C9D8C0B614390ABDA4B875</string>
			</array>
			<key>buildRules</key>
			<array/>
			<key>dependencies</key>
			<array/>
			<key>isa</key>
			<string>PBXNativeTarget</string>
			<key>name</key>
			<string>Pods-WorkAndRest-FMDB</string>
			<key>productName</key>
			<string>Pods-WorkAndRest-FMDB</string>
			<key>productReference</key>
			<string>CA154A2F6DC4B9134867A9D3</string>
			<key>productType</key>
			<string>com.apple.product-type.library.static</string>
		</dict>
		<key>D1F219D8755CAC73D568A0F8</key>
		<dict>
			<key>fileRef</key>
			<string>4AF610D159F28671B19DA357</string>
			<key>isa</key>
			<string>PBXBuildFile</string>
		</dict>
		<key>D39A2DED415DA39B01BA5C17</key>
		<dict>
			<key>buildConfigurations</key>
			<array>
				<string>1FDDEDA781D729E0B62EBC99</string>
				<string>83C7B35E2A23839DBE37F133</string>
			</array>
			<key>defaultConfigurationIsVisible</key>
			<string>0</string>
			<key>defaultConfigurationName</key>
			<string>Release</string>
			<key>isa</key>
			<string>XCConfigurationList</string>
		</dict>
		<key>D3CB29C6A39E15378B3495E9</key>
		<dict>
			<key>fileRef</key>
			<string>9F3341DEA3E0F54E1402D1EC</string>
			<key>isa</key>
			<string>PBXBuildFile</string>
		</dict>
		<key>D3DAFC6F5AC3C92B6389FCF8</key>
		<dict>
			<key>fileRef</key>
			<string>C120F4EC7F44443AFF4C1CDC</string>
			<key>isa</key>
			<string>PBXBuildFile</string>
		</dict>
		<key>D800F8544C6163E9F1B538D2</key>
		<dict>
			<key>fileRef</key>
			<string>4188EB1A065E4DAA6D5D45FF</string>
			<key>isa</key>
			<string>PBXBuildFile</string>
		</dict>
		<key>D9957D7DC0BD8D3BE12CEB9E</key>
		<dict>
			<key>includeInIndex</key>
			<string>1</string>
			<key>isa</key>
			<string>PBXFileReference</string>
			<key>lastKnownFileType</key>
			<string>sourcecode.c.objc</string>
			<key>name</key>
			<string>MASConstraint.m</string>
			<key>path</key>
			<string>Masonry/MASConstraint.m</string>
			<key>sourceTree</key>
			<string>&lt;group&gt;</string>
		</dict>
		<key>DAE91A7A2486BD052F8F467E</key>
		<dict>
			<key>children</key>
			<array>
				<string>15788384B595C8A5A275F103</string>
				<string>C71DA9A80BA0326AE1CAA63C</string>
				<string>FFCB7AD3BF623183E049AE1B</string>
			</array>
			<key>isa</key>
			<string>PBXGroup</string>
			<key>name</key>
			<string>Pods</string>
			<key>sourceTree</key>
			<string>&lt;group&gt;</string>
		</dict>
		<key>DB6FCAC9975E661E0C818462</key>
		<dict>
			<key>explicitFileType</key>
			<string>archive.ar</string>
			<key>includeInIndex</key>
			<string>0</string>
			<key>isa</key>
			<string>PBXFileReference</string>
			<key>path</key>
			<string>libPods-WorkAndRest.a</string>
			<key>sourceTree</key>
			<string>BUILT_PRODUCTS_DIR</string>
		</dict>
		<key>DC6D45F1166BBDD7B963EB6D</key>
		<dict>
			<key>fileRef</key>
			<string>554E7B5D32B36E09A585BACD</string>
			<key>isa</key>
			<string>PBXBuildFile</string>
		</dict>
		<key>DDDE3912A47DB7B1DAB79613</key>
		<dict>
			<key>includeInIndex</key>
			<string>1</string>
			<key>isa</key>
			<string>PBXFileReference</string>
			<key>lastKnownFileType</key>
			<string>text.xcconfig</string>
			<key>path</key>
			<string>Pods-WorkAndRest.debug.xcconfig</string>
			<key>sourceTree</key>
			<string>&lt;group&gt;</string>
		</dict>
		<key>E132ACB7398166D21EABE030</key>
		<dict>
			<key>includeInIndex</key>
			<string>1</string>
			<key>isa</key>
			<string>PBXFileReference</string>
			<key>lastKnownFileType</key>
			<string>sourcecode.c.objc</string>
			<key>name</key>
			<string>NSArray+MASAdditions.m</string>
			<key>path</key>
			<string>Masonry/NSArray+MASAdditions.m</string>
			<key>sourceTree</key>
			<string>&lt;group&gt;</string>
		</dict>
		<key>E2BD2930DDC5144B30757062</key>
		<dict>
			<key>buildActionMask</key>
			<string>2147483647</string>
			<key>files</key>
			<array>
				<string>D1F219D8755CAC73D568A0F8</string>
				<string>09703F68F3BAC1CB5C353A06</string>
				<string>769118A24A1ACCE0380E3D40</string>
				<string>3F6EBCFE01A809525CB84B30</string>
				<string>A2CD3539C7EC2B01284AD16A</string>
				<string>7CACC585E0B41B511CA71B3E</string>
			</array>
			<key>isa</key>
			<string>PBXHeadersBuildPhase</string>
			<key>runOnlyForDeploymentPostprocessing</key>
			<string>0</string>
		</dict>
		<key>E36C510C4166812A362ABCCD</key>
		<dict>
			<key>includeInIndex</key>
			<string>1</string>
			<key>isa</key>
			<string>PBXFileReference</string>
			<key>lastKnownFileType</key>
			<string>sourcecode.c.objc</string>
			<key>path</key>
			<string>Pods-WorkAndRest-Masonry-dummy.m</string>
			<key>sourceTree</key>
			<string>&lt;group&gt;</string>
		</dict>
		<key>E4E681C6109677C6DCD0B314</key>
		<dict>
			<key>fileRef</key>
			<string>11CB37CBBA1CB7889A063AF2</string>
			<key>isa</key>
			<string>PBXBuildFile</string>
		</dict>
		<key>E53DE7DD9C88431A532AAA61</key>
		<dict>
			<key>children</key>
			<array>
				<string>359D53B70A40754517E9FB8E</string>
			</array>
			<key>isa</key>
			<string>PBXGroup</string>
			<key>name</key>
			<string>Targets Support Files</string>
			<key>sourceTree</key>
			<string>&lt;group&gt;</string>
		</dict>
		<key>E844DE5B8DDE86D69A30F655</key>
		<dict>
			<key>fileRef</key>
			<string>6164AA3AC2CDA5971DBAC8CE</string>
			<key>isa</key>
			<string>PBXBuildFile</string>
		</dict>
		<key>E9B3FDE266E5D3BF8BAFFD95</key>
		<dict>
			<key>fileRef</key>
			<string>9F9105F6E518F1F7C4E9C990</string>
			<key>isa</key>
			<string>PBXBuildFile</string>
		</dict>
		<key>E9E24470E95122A5E9021DFF</key>
		<dict>
			<key>buildActionMask</key>
			<string>2147483647</string>
			<key>files</key>
			<array>
				<string>2EB77E349B252ABC803EF3D4</string>
				<string>235247DCEF0680B0021FBB06</string>
				<string>72C814A1F5FCB049AC58C7AD</string>
				<string>9E3E885FC1612149D4989A7E</string>
				<string>5164AB197C89171A5FAED068</string>
				<string>D3CB29C6A39E15378B3495E9</string>
			</array>
			<key>isa</key>
			<string>PBXSourcesBuildPhase</string>
			<key>runOnlyForDeploymentPostprocessing</key>
			<string>0</string>
		</dict>
		<key>EDC6FEB50626ACCB9C52E187</key>
		<dict>
			<key>fileRef</key>
			<string>4AF5441D93368B9BB0B575D3</string>
			<key>isa</key>
			<string>PBXBuildFile</string>
		</dict>
		<key>F064AF90E9B4078D5CEEE330</key>
		<dict>
			<key>fileRef</key>
			<string>CD0F8F6F15E0D92048757102</string>
			<key>isa</key>
			<string>PBXBuildFile</string>
		</dict>
		<key>F1DB3E4AABFB15F1C02C6FC3</key>
		<dict>
			<key>includeInIndex</key>
			<string>1</string>
			<key>isa</key>
			<string>PBXFileReference</string>
			<key>lastKnownFileType</key>
			<string>text.plist.xml</string>
			<key>path</key>
			<string>Pods-WorkAndRest-acknowledgements.plist</string>
			<key>sourceTree</key>
			<string>&lt;group&gt;</string>
		</dict>
		<key>F3514BCEC4A02CED4F405981</key>
		<dict>
			<key>includeInIndex</key>
			<string>1</string>
			<key>isa</key>
			<string>PBXFileReference</string>
			<key>lastKnownFileType</key>
			<string>sourcecode.c.objc</string>
			<key>name</key>
			<string>SWLongPressGestureRecognizer.m</string>
			<key>path</key>
			<string>SWTableViewCell/PodFiles/SWLongPressGestureRecognizer.m</string>
			<key>sourceTree</key>
			<string>&lt;group&gt;</string>
		</dict>
		<key>F4C9D8A389BD2EB8BDB59A40</key>
		<dict>
			<key>includeInIndex</key>
			<string>1</string>
			<key>isa</key>
			<string>PBXFileReference</string>
			<key>lastKnownFileType</key>
			<string>sourcecode.c.h</string>
			<key>name</key>
			<string>SWUtilityButtonTapGestureRecognizer.h</string>
			<key>path</key>
			<string>SWTableViewCell/PodFiles/SWUtilityButtonTapGestureRecognizer.h</string>
			<key>sourceTree</key>
			<string>&lt;group&gt;</string>
		</dict>
		<key>F58AA1F353F1404B99366F10</key>
		<dict>
			<key>includeInIndex</key>
			<string>1</string>
			<key>isa</key>
			<string>PBXFileReference</string>
			<key>lastKnownFileType</key>
			<string>sourcecode.c.h</string>
			<key>name</key>
			<string>MASUtilities.h</string>
			<key>path</key>
			<string>Masonry/MASUtilities.h</string>
			<key>sourceTree</key>
			<string>&lt;group&gt;</string>
		</dict>
		<key>F7A058350B30DFE82BCE3920</key>
		<dict>
			<key>fileRef</key>
			<string>1B4F4A78543C81118BF45547</string>
			<key>isa</key>
			<string>PBXBuildFile</string>
		</dict>
		<key>F9225F856C3F2A16D91949E6</key>
		<dict>
			<key>children</key>
			<array>
				<string>48996FFFF4666A70B9DF62DA</string>
			</array>
			<key>isa</key>
			<string>PBXGroup</string>
			<key>name</key>
			<string>Frameworks</string>
			<key>sourceTree</key>
			<string>&lt;group&gt;</string>
		</dict>
		<key>F9D4F7B82DA2B646199372FD</key>
		<dict>
			<key>baseConfigurationReference</key>
			<string>B9D4A94DE38F8AEA6830AF52</string>
			<key>buildSettings</key>
			<dict>
				<key>ALWAYS_SEARCH_USER_PATHS</key>
				<string>NO</string>
				<key>COPY_PHASE_STRIP</key>
				<string>YES</string>
				<key>DSTROOT</key>
				<string>/tmp/xcodeproj.dst</string>
				<key>GCC_PRECOMPILE_PREFIX_HEADER</key>
				<string>YES</string>
				<key>INSTALL_PATH</key>
				<string>$(BUILT_PRODUCTS_DIR)</string>
				<key>IPHONEOS_DEPLOYMENT_TARGET</key>
				<string>7.1</string>
				<key>OTHER_CFLAGS</key>
				<array>
					<string>-DNS_BLOCK_ASSERTIONS=1</string>
					<string>$(inherited)</string>
				</array>
				<key>OTHER_CPLUSPLUSFLAGS</key>
				<array>
					<string>-DNS_BLOCK_ASSERTIONS=1</string>
					<string>$(inherited)</string>
				</array>
				<key>OTHER_LDFLAGS</key>
				<string></string>
				<key>OTHER_LIBTOOLFLAGS</key>
				<string></string>
				<key>PRODUCT_NAME</key>
				<string>$(TARGET_NAME)</string>
				<key>PUBLIC_HEADERS_FOLDER_PATH</key>
				<string>$(TARGET_NAME)</string>
				<key>SDKROOT</key>
				<string>iphoneos</string>
				<key>SKIP_INSTALL</key>
				<string>YES</string>
				<key>VALIDATE_PRODUCT</key>
				<string>YES</string>
			</dict>
			<key>isa</key>
			<string>XCBuildConfiguration</string>
			<key>name</key>
			<string>Release</string>
		</dict>
		<key>FB6FF02E1572813B333F6C2F</key>
		<dict>
			<key>containerPortal</key>
			<string>D03224A011B8772B23DB1455</string>
			<key>isa</key>
			<string>PBXContainerItemProxy</string>
			<key>proxyType</key>
			<string>1</string>
			<key>remoteGlobalIDString</key>
			<string>D1D92028218B1E86C7350469</string>
			<key>remoteInfo</key>
			<string>Pods-WorkAndRest-FMDB</string>
		</dict>
		<key>FC8FCE317A277AC6767F7F9A</key>
		<dict>
			<key>fileRef</key>
			<string>554E7B5D32B36E09A585BACD</string>
			<key>isa</key>
			<string>PBXBuildFile</string>
		</dict>
		<key>FEEE073198BD166C476103DE</key>
		<dict>
			<key>baseConfigurationReference</key>
			<string>417AF38B17DAE4611EAAB232</string>
			<key>buildSettings</key>
			<dict>
				<key>ALWAYS_SEARCH_USER_PATHS</key>
				<string>NO</string>
				<key>COPY_PHASE_STRIP</key>
				<string>YES</string>
				<key>DSTROOT</key>
				<string>/tmp/xcodeproj.dst</string>
				<key>GCC_PRECOMPILE_PREFIX_HEADER</key>
				<string>YES</string>
				<key>GCC_PREFIX_HEADER</key>
				<string>Target Support Files/Pods-WorkAndRest-Masonry/Pods-WorkAndRest-Masonry-prefix.pch</string>
				<key>INSTALL_PATH</key>
				<string>$(BUILT_PRODUCTS_DIR)</string>
				<key>IPHONEOS_DEPLOYMENT_TARGET</key>
				<string>7.1</string>
				<key>OTHER_CFLAGS</key>
				<array>
					<string>-DNS_BLOCK_ASSERTIONS=1</string>
					<string>$(inherited)</string>
				</array>
				<key>OTHER_CPLUSPLUSFLAGS</key>
				<array>
					<string>-DNS_BLOCK_ASSERTIONS=1</string>
					<string>$(inherited)</string>
				</array>
				<key>OTHER_LDFLAGS</key>
				<string></string>
				<key>OTHER_LIBTOOLFLAGS</key>
				<string></string>
				<key>PRODUCT_NAME</key>
				<string>$(TARGET_NAME)</string>
				<key>PUBLIC_HEADERS_FOLDER_PATH</key>
				<string>$(TARGET_NAME)</string>
				<key>SDKROOT</key>
				<string>iphoneos</string>
				<key>SKIP_INSTALL</key>
				<string>YES</string>
				<key>VALIDATE_PRODUCT</key>
				<string>YES</string>
			</dict>
			<key>isa</key>
			<string>XCBuildConfiguration</string>
			<key>name</key>
			<string>Release</string>
		</dict>
		<key>FFCB7AD3BF623183E049AE1B</key>
		<dict>
			<key>children</key>
			<array>
				<string>4AF610D159F28671B19DA357</string>
				<string>26B57AD9B7800B0647F49A20</string>
				<string>4EBB13D1BEDACD532284B30F</string>
				<string>032D868F993C31BABC3958C9</string>
				<string>867D8FB4437811F0464A487B</string>
				<string>F3514BCEC4A02CED4F405981</string>
				<string>775D118D47A5D82C6BD9BE8B</string>
				<string>7C0A19FE5660E30BE10242F0</string>
				<string>F4C9D8A389BD2EB8BDB59A40</string>
				<string>C120F4EC7F44443AFF4C1CDC</string>
				<string>7B409E3195D9659859799ED3</string>
				<string>B3DDDA4D150D063CA2D15522</string>
				<string>16F5795E494FB7DC6DAEE0A1</string>
			</array>
			<key>isa</key>
			<string>PBXGroup</string>
			<key>name</key>
			<string>SWTableViewCell</string>
			<key>path</key>
			<string>SWTableViewCell</string>
			<key>sourceTree</key>
			<string>&lt;group&gt;</string>
		</dict>
	</dict>
	<key>rootObject</key>
	<string>D03224A011B8772B23DB1455</string>
</dict>
</plist>
