<?xml version="1.0" encoding="UTF-8"?>
<!DOCTYPE plist PUBLIC "-//Apple//DTD PLIST 1.0//EN" "http://www.apple.com/DTDs/PropertyList-1.0.dtd">
<plist version="1.0">
<dict>
	<key>archiveVersion</key>
	<string>1</string>
	<key>classes</key>
	<dict/>
	<key>objectVersion</key>
	<string>46</string>
	<key>objects</key>
	<dict>
		<key>01C13ACABF882A924F752F0F</key>
		<dict>
			<key>attributes</key>
			<dict>
				<key>LastUpgradeCheck</key>
				<string>0510</string>
			</dict>
			<key>buildConfigurationList</key>
			<string>A923EF437BC7B22221E4383B</string>
			<key>compatibilityVersion</key>
			<string>Xcode 3.2</string>
			<key>developmentRegion</key>
			<string>English</string>
			<key>hasScannedForEncodings</key>
			<string>0</string>
			<key>isa</key>
			<string>PBXProject</string>
			<key>knownRegions</key>
			<array>
				<string>en</string>
			</array>
			<key>mainGroup</key>
			<string>43B2CEF1845A56B9DD1EFFCC</string>
			<key>productRefGroup</key>
			<string>C596E179301A1D8E994D3678</string>
			<key>projectDirPath</key>
			<string></string>
			<key>projectReferences</key>
			<array/>
			<key>projectRoot</key>
			<string></string>
			<key>targets</key>
			<array>
				<string>16E883BB4BB1F9416892B866</string>
				<string>6C89F1C80ADCBE7F0FFBB5A7</string>
				<string>2277C2307E0D8F02439CE75D</string>
				<string>52B2A1B4F78AF15392A68206</string>
				<string>FBCC50B2061203E857D09489</string>
			</array>
		</dict>
		<key>01CC714366FB02D30D0F9D6C</key>
		<dict>
			<key>fileRef</key>
			<string>C29E78A3FCAD155BDA1165F2</string>
			<key>isa</key>
			<string>PBXBuildFile</string>
		</dict>
		<key>02B46FC9C228AD878324389F</key>
		<dict>
			<key>fileRef</key>
			<string>5105992D1193233AF4EB1F6D</string>
			<key>isa</key>
			<string>PBXBuildFile</string>
		</dict>
		<key>03A5DFD4C086C5F650D3A281</key>
		<dict>
			<key>includeInIndex</key>
			<string>1</string>
			<key>isa</key>
			<string>PBXFileReference</string>
			<key>lastKnownFileType</key>
			<string>sourcecode.c.objc</string>
			<key>name</key>
			<string>FMDatabaseAdditions.m</string>
			<key>path</key>
			<string>src/fmdb/FMDatabaseAdditions.m</string>
			<key>sourceTree</key>
			<string>&lt;group&gt;</string>
		</dict>
		<key>05FC999E65228CA1686BAE59</key>
		<dict>
			<key>includeInIndex</key>
			<string>1</string>
			<key>isa</key>
			<string>PBXFileReference</string>
			<key>lastKnownFileType</key>
			<string>sourcecode.c.h</string>
			<key>name</key>
			<string>FMResultSet.h</string>
			<key>path</key>
			<string>src/fmdb/FMResultSet.h</string>
			<key>sourceTree</key>
			<string>&lt;group&gt;</string>
		</dict>
		<key>0702AAF393DD02E86D8D4F6E</key>
		<dict>
			<key>fileRef</key>
			<string>119D3B9F1FDF0E5A97CD5C34</string>
			<key>isa</key>
			<string>PBXBuildFile</string>
		</dict>
		<key>0BFCDB7A131EB3F2A232DE04</key>
		<dict>
			<key>includeInIndex</key>
			<string>1</string>
			<key>isa</key>
			<string>PBXFileReference</string>
			<key>lastKnownFileType</key>
			<string>sourcecode.c.h</string>
			<key>path</key>
			<string>Pods-WorkAndRest-SWTableViewCell-prefix.pch</string>
			<key>sourceTree</key>
			<string>&lt;group&gt;</string>
		</dict>
		<key>0C79EA1BA342D956C2546148</key>
		<dict>
			<key>fileRef</key>
			<string>D618BFFB635764DF5C8319CF</string>
			<key>isa</key>
			<string>PBXBuildFile</string>
		</dict>
		<key>0D6E59AD73933944BF548DE9</key>
		<dict>
			<key>includeInIndex</key>
			<string>1</string>
			<key>isa</key>
			<string>PBXFileReference</string>
			<key>lastKnownFileType</key>
			<string>sourcecode.c.h</string>
			<key>name</key>
			<string>View+MASShorthandAdditions.h</string>
			<key>path</key>
			<string>Masonry/View+MASShorthandAdditions.h</string>
			<key>sourceTree</key>
			<string>&lt;group&gt;</string>
		</dict>
		<key>119D3B9F1FDF0E5A97CD5C34</key>
		<dict>
			<key>includeInIndex</key>
			<string>1</string>
			<key>isa</key>
			<string>PBXFileReference</string>
			<key>lastKnownFileType</key>
			<string>sourcecode.c.h</string>
			<key>name</key>
			<string>NSArray+MASShorthandAdditions.h</string>
			<key>path</key>
			<string>Masonry/NSArray+MASShorthandAdditions.h</string>
			<key>sourceTree</key>
			<string>&lt;group&gt;</string>
		</dict>
		<key>11EB9C22A3C8830E0393FFFB</key>
		<dict>
			<key>includeInIndex</key>
			<string>1</string>
			<key>isa</key>
			<string>PBXFileReference</string>
			<key>lastKnownFileType</key>
			<string>text</string>
			<key>path</key>
			<string>Pods-WorkAndRest-acknowledgements.markdown</string>
			<key>sourceTree</key>
			<string>&lt;group&gt;</string>
		</dict>
		<key>1303928021F9218C7110A443</key>
		<dict>
			<key>includeInIndex</key>
			<string>1</string>
			<key>isa</key>
			<string>PBXFileReference</string>
			<key>lastKnownFileType</key>
			<string>sourcecode.c.h</string>
			<key>name</key>
			<string>MASConstraint+Private.h</string>
			<key>path</key>
			<string>Masonry/MASConstraint+Private.h</string>
			<key>sourceTree</key>
			<string>&lt;group&gt;</string>
		</dict>
		<key>1392B7F4937AC59B6628EADE</key>
		<dict>
			<key>fileRef</key>
			<string>1DC7AA16F87FD1B27A4578A1</string>
			<key>isa</key>
			<string>PBXBuildFile</string>
		</dict>
		<key>1403B63571F4FEF2F462F027</key>
		<dict>
			<key>baseConfigurationReference</key>
			<string>4A14EA87A5384E5B202EBC17</string>
			<key>buildSettings</key>
			<dict>
				<key>ALWAYS_SEARCH_USER_PATHS</key>
				<string>NO</string>
				<key>COPY_PHASE_STRIP</key>
				<string>NO</string>
				<key>DSTROOT</key>
				<string>/tmp/xcodeproj.dst</string>
				<key>GCC_DYNAMIC_NO_PIC</key>
				<string>NO</string>
				<key>GCC_OPTIMIZATION_LEVEL</key>
				<string>0</string>
				<key>GCC_PRECOMPILE_PREFIX_HEADER</key>
				<string>YES</string>
				<key>GCC_PREFIX_HEADER</key>
				<string>Target Support Files/Pods-WorkAndRest-JBChartView/Pods-WorkAndRest-JBChartView-prefix.pch</string>
				<key>GCC_PREPROCESSOR_DEFINITIONS</key>
				<array>
					<string>DEBUG=1</string>
					<string>$(inherited)</string>
				</array>
				<key>GCC_SYMBOLS_PRIVATE_EXTERN</key>
				<string>NO</string>
				<key>INSTALL_PATH</key>
				<string>$(BUILT_PRODUCTS_DIR)</string>
				<key>IPHONEOS_DEPLOYMENT_TARGET</key>
				<string>7.1</string>
				<key>OTHER_LDFLAGS</key>
				<string></string>
				<key>OTHER_LIBTOOLFLAGS</key>
				<string></string>
				<key>PRODUCT_NAME</key>
				<string>$(TARGET_NAME)</string>
				<key>PUBLIC_HEADERS_FOLDER_PATH</key>
				<string>$(TARGET_NAME)</string>
				<key>SDKROOT</key>
				<string>iphoneos</string>
				<key>SKIP_INSTALL</key>
				<string>YES</string>
			</dict>
			<key>isa</key>
			<string>XCBuildConfiguration</string>
			<key>name</key>
			<string>Debug</string>
		</dict>
		<key>16E883BB4BB1F9416892B866</key>
		<dict>
			<key>buildConfigurationList</key>
			<string>73565E51BFB0765662ABEA1F</string>
			<key>buildPhases</key>
			<array>
				<string>90E8D7F71ED80CA2C21C4021</string>
				<string>DFEECCD02A7CE9F50CA78202</string>
			</array>
			<key>buildRules</key>
			<array/>
			<key>dependencies</key>
			<array>
				<string>FB5F108C5659D69C5EE4D710</string>
				<string>8BDEF72223FBD7E4095DAB5B</string>
				<string>80D65C6A2DAD8FF735FBFD07</string>
				<string>29B25FCEE9AEEE446B6E8385</string>
			</array>
			<key>isa</key>
			<string>PBXNativeTarget</string>
			<key>name</key>
			<string>Pods-WorkAndRest</string>
			<key>productName</key>
			<string>Pods-WorkAndRest</string>
			<key>productReference</key>
			<string>A2447E4E17CC54A51BE77A87</string>
			<key>productType</key>
			<string>com.apple.product-type.library.static</string>
		</dict>
		<key>19044AD5A12C76410610DC59</key>
		<dict>
			<key>children</key>
			<array>
				<string>45FE038C8193A43F1B7BD50D</string>
			</array>
			<key>isa</key>
			<string>PBXGroup</string>
			<key>name</key>
			<string>Targets Support Files</string>
			<key>sourceTree</key>
			<string>&lt;group&gt;</string>
		</dict>
		<key>1B94109F6FEFE33F9B79FE84</key>
		<dict>
			<key>includeInIndex</key>
			<string>1</string>
			<key>isa</key>
			<string>PBXFileReference</string>
			<key>lastKnownFileType</key>
			<string>sourcecode.c.h</string>
			<key>name</key>
			<string>SWUtilityButtonView.h</string>
			<key>path</key>
			<string>SWTableViewCell/PodFiles/SWUtilityButtonView.h</string>
			<key>sourceTree</key>
			<string>&lt;group&gt;</string>
		</dict>
		<key>1BF4C6AC6B03F650FD67F5F8</key>
		<dict>
			<key>isa</key>
			<string>PBXFileReference</string>
			<key>lastKnownFileType</key>
			<string>wrapper.framework</string>
			<key>name</key>
			<string>Foundation.framework</string>
			<key>path</key>
			<string>Platforms/iPhoneOS.platform/Developer/SDKs/iPhoneOS7.1.sdk/System/Library/Frameworks/Foundation.framework</string>
			<key>sourceTree</key>
			<string>DEVELOPER_DIR</string>
		</dict>
		<key>1DC7AA16F87FD1B27A4578A1</key>
		<dict>
			<key>includeInIndex</key>
			<string>1</string>
			<key>isa</key>
			<string>PBXFileReference</string>
			<key>lastKnownFileType</key>
			<string>sourcecode.c.objc</string>
			<key>name</key>
			<string>NSMutableArray+SWUtilityButtons.m</string>
			<key>path</key>
			<string>SWTableViewCell/PodFiles/NSMutableArray+SWUtilityButtons.m</string>
			<key>sourceTree</key>
			<string>&lt;group&gt;</string>
		</dict>
		<key>1F8E54B7FBD45D66A4FD2DF7</key>
		<dict>
			<key>buildSettings</key>
			<dict>
				<key>ALWAYS_SEARCH_USER_PATHS</key>
				<string>NO</string>
				<key>CLANG_CXX_LANGUAGE_STANDARD</key>
				<string>gnu++0x</string>
				<key>CLANG_CXX_LIBRARY</key>
				<string>libc++</string>
				<key>CLANG_ENABLE_MODULES</key>
				<string>YES</string>
				<key>CLANG_ENABLE_OBJC_ARC</key>
				<string>YES</string>
				<key>CLANG_WARN_BOOL_CONVERSION</key>
				<string>YES</string>
				<key>CLANG_WARN_CONSTANT_CONVERSION</key>
				<string>YES</string>
				<key>CLANG_WARN_DIRECT_OBJC_ISA_USAGE</key>
				<string>YES</string>
				<key>CLANG_WARN_EMPTY_BODY</key>
				<string>YES</string>
				<key>CLANG_WARN_ENUM_CONVERSION</key>
				<string>YES</string>
				<key>CLANG_WARN_INT_CONVERSION</key>
				<string>YES</string>
				<key>CLANG_WARN_OBJC_ROOT_CLASS</key>
				<string>YES</string>
				<key>COPY_PHASE_STRIP</key>
				<string>YES</string>
				<key>GCC_C_LANGUAGE_STANDARD</key>
				<string>gnu99</string>
				<key>GCC_DYNAMIC_NO_PIC</key>
				<string>NO</string>
				<key>GCC_OPTIMIZATION_LEVEL</key>
				<string>0</string>
				<key>GCC_PREPROCESSOR_DEFINITIONS</key>
				<array>
					<string>DEBUG=1</string>
					<string>$(inherited)</string>
				</array>
				<key>GCC_SYMBOLS_PRIVATE_EXTERN</key>
				<string>NO</string>
				<key>GCC_WARN_64_TO_32_BIT_CONVERSION</key>
				<string>YES</string>
				<key>GCC_WARN_ABOUT_RETURN_TYPE</key>
				<string>YES</string>
				<key>GCC_WARN_UNDECLARED_SELECTOR</key>
				<string>YES</string>
				<key>GCC_WARN_UNINITIALIZED_AUTOS</key>
				<string>YES</string>
				<key>GCC_WARN_UNUSED_FUNCTION</key>
				<string>YES</string>
				<key>GCC_WARN_UNUSED_VARIABLE</key>
				<string>YES</string>
				<key>IPHONEOS_DEPLOYMENT_TARGET</key>
				<string>7.1</string>
				<key>ONLY_ACTIVE_ARCH</key>
				<string>YES</string>
				<key>STRIP_INSTALLED_PRODUCT</key>
				<string>NO</string>
			</dict>
			<key>isa</key>
			<string>XCBuildConfiguration</string>
			<key>name</key>
			<string>Debug</string>
		</dict>
		<key>206600D408C08BE0C4D1BFF5</key>
		<dict>
			<key>buildConfigurations</key>
			<array>
				<string>6413B46B91561FA9A5303054</string>
				<string>B7982EF43B0DD1FFD7ED5176</string>
			</array>
			<key>defaultConfigurationIsVisible</key>
			<string>0</string>
			<key>defaultConfigurationName</key>
			<string>Release</string>
			<key>isa</key>
			<string>XCConfigurationList</string>
		</dict>
		<key>215B017E8F3783F0D931FAAB</key>
		<dict>
			<key>fileRef</key>
			<string>7A7C18CCFF29BC7C1B34C704</string>
			<key>isa</key>
			<string>PBXBuildFile</string>
		</dict>
		<key>2277C2307E0D8F02439CE75D</key>
		<dict>
			<key>buildConfigurationList</key>
			<string>7800E93C5D7F24FD873ADFDE</string>
			<key>buildPhases</key>
			<array>
				<string>534F6AC462D70C0AC49EDE85</string>
				<string>61B30881376D5DAD150442F1</string>
				<string>80FB736003570A4D6EAFD404</string>
			</array>
			<key>buildRules</key>
			<array/>
			<key>dependencies</key>
			<array/>
			<key>isa</key>
			<string>PBXNativeTarget</string>
			<key>name</key>
			<string>Pods-WorkAndRest-JBChartView</string>
			<key>productName</key>
			<string>Pods-WorkAndRest-JBChartView</string>
			<key>productReference</key>
			<string>37E98B9E35D6468EEBC07DDF</string>
			<key>productType</key>
			<string>com.apple.product-type.library.static</string>
		</dict>
		<key>240910D3EEC186087B98928B</key>
		<dict>
			<key>fileRef</key>
			<string>9C4468F946C642318423C454</string>
			<key>isa</key>
			<string>PBXBuildFile</string>
		</dict>
		<key>24AD22C7FB68E3D70773AFA7</key>
		<dict>
			<key>containerPortal</key>
			<string>01C13ACABF882A924F752F0F</string>
			<key>isa</key>
			<string>PBXContainerItemProxy</string>
			<key>proxyType</key>
			<string>1</string>
			<key>remoteGlobalIDString</key>
			<string>6C89F1C80ADCBE7F0FFBB5A7</string>
			<key>remoteInfo</key>
			<string>Pods-WorkAndRest-FMDB</string>
		</dict>
		<key>24B81A3E5D9C2F84EF4B4C8A</key>
		<dict>
			<key>buildActionMask</key>
			<string>2147483647</string>
			<key>files</key>
			<array>
				<string>3EBE880E3E63A81B195E33FB</string>
			</array>
			<key>isa</key>
			<string>PBXFrameworksBuildPhase</string>
			<key>runOnlyForDeploymentPostprocessing</key>
			<string>0</string>
		</dict>
		<key>263E082FC683CD213D8EEC02</key>
		<dict>
			<key>includeInIndex</key>
			<string>1</string>
			<key>isa</key>
			<string>PBXFileReference</string>
			<key>lastKnownFileType</key>
			<string>sourcecode.c.h</string>
			<key>name</key>
			<string>FMDatabaseAdditions.h</string>
			<key>path</key>
			<string>src/fmdb/FMDatabaseAdditions.h</string>
			<key>sourceTree</key>
			<string>&lt;group&gt;</string>
		</dict>
		<key>265D893E12012B88AF8913D3</key>
		<dict>
			<key>includeInIndex</key>
			<string>1</string>
			<key>isa</key>
			<string>PBXFileReference</string>
			<key>lastKnownFileType</key>
			<string>text.xcconfig</string>
			<key>path</key>
			<string>Pods-WorkAndRest.debug.xcconfig</string>
			<key>sourceTree</key>
			<string>&lt;group&gt;</string>
		</dict>
		<key>28E8E44CCFB2543599B96CC6</key>
		<dict>
			<key>includeInIndex</key>
			<string>1</string>
			<key>isa</key>
			<string>PBXFileReference</string>
			<key>lastKnownFileType</key>
			<string>sourcecode.c.h</string>
			<key>path</key>
			<string>Pods-WorkAndRest-FMDB-prefix.pch</string>
			<key>sourceTree</key>
			<string>&lt;group&gt;</string>
		</dict>
		<key>2928B361402D049F37026675</key>
		<dict>
			<key>includeInIndex</key>
			<string>1</string>
			<key>isa</key>
			<string>PBXFileReference</string>
			<key>lastKnownFileType</key>
			<string>sourcecode.c.h</string>
			<key>path</key>
			<string>Pods-WorkAndRest-Masonry-prefix.pch</string>
			<key>sourceTree</key>
			<string>&lt;group&gt;</string>
		</dict>
		<key>29B25FCEE9AEEE446B6E8385</key>
		<dict>
			<key>isa</key>
			<string>PBXTargetDependency</string>
			<key>name</key>
			<string>Pods-WorkAndRest-SWTableViewCell</string>
			<key>target</key>
			<string>FBCC50B2061203E857D09489</string>
			<key>targetProxy</key>
			<string>8DB3C3898B0CC94D77E72EAF</string>
		</dict>
		<key>2AA712C00809776FAE650CAC</key>
		<dict>
			<key>includeInIndex</key>
			<string>1</string>
			<key>isa</key>
			<string>PBXFileReference</string>
			<key>lastKnownFileType</key>
			<string>sourcecode.c.objc</string>
			<key>path</key>
			<string>Pods-WorkAndRest-JBChartView-dummy.m</string>
			<key>sourceTree</key>
			<string>&lt;group&gt;</string>
		</dict>
		<key>2AE3C89DF43107BCC35B9001</key>
		<dict>
			<key>includeInIndex</key>
			<string>1</string>
			<key>isa</key>
			<string>PBXFileReference</string>
			<key>lastKnownFileType</key>
			<string>sourcecode.c.objc</string>
			<key>path</key>
			<string>Pods-WorkAndRest-FMDB-dummy.m</string>
			<key>sourceTree</key>
			<string>&lt;group&gt;</string>
		</dict>
		<key>2B18BED5AE15D56B5044353B</key>
		<dict>
			<key>fileRef</key>
			<string>97513B17F0F1E896D163ECB3</string>
			<key>isa</key>
			<string>PBXBuildFile</string>
		</dict>
		<key>2B950CFC3F27D6D52AB9CDD2</key>
		<dict>
			<key>includeInIndex</key>
			<string>1</string>
			<key>isa</key>
			<string>PBXFileReference</string>
			<key>lastKnownFileType</key>
			<string>sourcecode.c.objc</string>
			<key>name</key>
			<string>FMDatabase.m</string>
			<key>path</key>
			<string>src/fmdb/FMDatabase.m</string>
			<key>sourceTree</key>
			<string>&lt;group&gt;</string>
		</dict>
		<key>2BF3DDAA0AE23322F749F774</key>
		<dict>
			<key>fileRef</key>
			<string>66669FD44380AB4E4AF17CF2</string>
			<key>isa</key>
			<string>PBXBuildFile</string>
		</dict>
		<key>2CFC6FEF7281E15A4B9745F0</key>
		<dict>
			<key>includeInIndex</key>
			<string>1</string>
			<key>isa</key>
			<string>PBXFileReference</string>
			<key>lastKnownFileType</key>
			<string>text.script.sh</string>
			<key>path</key>
			<string>Pods-WorkAndRest-resources.sh</string>
			<key>sourceTree</key>
			<string>&lt;group&gt;</string>
		</dict>
		<key>35157D224E573D9CDA001563</key>
		<dict>
			<key>fileRef</key>
			<string>CA5C2DFE8D15CF2AD7E3F6DC</string>
			<key>isa</key>
			<string>PBXBuildFile</string>
		</dict>
		<key>3551A517B5B3FD1084368479</key>
		<dict>
			<key>includeInIndex</key>
			<string>1</string>
			<key>isa</key>
			<string>PBXFileReference</string>
			<key>lastKnownFileType</key>
			<string>sourcecode.c.h</string>
			<key>name</key>
			<string>MASLayoutConstraint.h</string>
			<key>path</key>
			<string>Masonry/MASLayoutConstraint.h</string>
			<key>sourceTree</key>
			<string>&lt;group&gt;</string>
		</dict>
		<key>37E98B9E35D6468EEBC07DDF</key>
		<dict>
			<key>explicitFileType</key>
			<string>archive.ar</string>
			<key>includeInIndex</key>
			<string>0</string>
			<key>isa</key>
			<string>PBXFileReference</string>
			<key>path</key>
			<string>libPods-WorkAndRest-JBChartView.a</string>
			<key>sourceTree</key>
			<string>BUILT_PRODUCTS_DIR</string>
		</dict>
		<key>3864BD30174188BAD2B7844A</key>
		<dict>
			<key>includeInIndex</key>
			<string>1</string>
			<key>isa</key>
			<string>PBXFileReference</string>
			<key>lastKnownFileType</key>
			<string>sourcecode.c.objc</string>
			<key>name</key>
			<string>SWLongPressGestureRecognizer.m</string>
			<key>path</key>
			<string>SWTableViewCell/PodFiles/SWLongPressGestureRecognizer.m</string>
			<key>sourceTree</key>
			<string>&lt;group&gt;</string>
		</dict>
		<key>3B1183C133D9386118DEB859</key>
		<dict>
			<key>fileRef</key>
			<string>1303928021F9218C7110A443</string>
			<key>isa</key>
			<string>PBXBuildFile</string>
		</dict>
		<key>3B46D659785EBD9A7AA9F770</key>
		<dict>
			<key>fileRef</key>
			<string>3864BD30174188BAD2B7844A</string>
			<key>isa</key>
			<string>PBXBuildFile</string>
		</dict>
		<key>3CD8A1445EADF00012C33F65</key>
		<dict>
			<key>fileRef</key>
			<string>51B4107C9BE3D7644497557D</string>
			<key>isa</key>
			<string>PBXBuildFile</string>
			<key>settings</key>
			<dict>
				<key>COMPILER_FLAGS</key>
				<string>-DOS_OBJECT_USE_OBJC=0</string>
			</dict>
		</dict>
		<key>3D6E4EAB27743C8CA431BEB5</key>
		<dict>
			<key>buildActionMask</key>
			<string>2147483647</string>
			<key>files</key>
			<array>
				<string>689288CCB281A0ACA4E7C3E2</string>
			</array>
			<key>isa</key>
			<string>PBXFrameworksBuildPhase</string>
			<key>runOnlyForDeploymentPostprocessing</key>
			<string>0</string>
		</dict>
		<key>3E698DC96B81C9083FB91A8B</key>
		<dict>
			<key>fileRef</key>
			<string>66DB89ADA0035A89A3166C99</string>
			<key>isa</key>
			<string>PBXBuildFile</string>
		</dict>
		<key>3EBE880E3E63A81B195E33FB</key>
		<dict>
			<key>fileRef</key>
			<string>1BF4C6AC6B03F650FD67F5F8</string>
			<key>isa</key>
			<string>PBXBuildFile</string>
		</dict>
		<key>3EFAAB1CCFBFE2DDE5EF0612</key>
		<dict>
			<key>fileRef</key>
			<string>0D6E59AD73933944BF548DE9</string>
			<key>isa</key>
			<string>PBXBuildFile</string>
		</dict>
		<key>3F072138AFE7EB8DB2DE6A8B</key>
		<dict>
			<key>children</key>
			<array>
				<string>D64823FBEF7CC9EA58DD7119</string>
				<string>7C4D57FD02F5AE9DBC365601</string>
				<string>2AE3C89DF43107BCC35B9001</string>
				<string>28E8E44CCFB2543599B96CC6</string>
			</array>
			<key>isa</key>
			<string>PBXGroup</string>
			<key>name</key>
			<string>Support Files</string>
			<key>path</key>
			<string>../Target Support Files/Pods-WorkAndRest-FMDB</string>
			<key>sourceTree</key>
			<string>&lt;group&gt;</string>
		</dict>
		<key>41F3128DEB694D0B18212F22</key>
		<dict>
			<key>includeInIndex</key>
			<string>1</string>
			<key>isa</key>
			<string>PBXFileReference</string>
			<key>lastKnownFileType</key>
			<string>sourcecode.c.h</string>
			<key>name</key>
			<string>MASViewConstraint.h</string>
			<key>path</key>
			<string>Masonry/MASViewConstraint.h</string>
			<key>sourceTree</key>
			<string>&lt;group&gt;</string>
		</dict>
		<key>43483B74CD84FD58AA67E55D</key>
		<dict>
			<key>includeInIndex</key>
			<string>1</string>
			<key>isa</key>
			<string>PBXFileReference</string>
			<key>lastKnownFileType</key>
			<string>sourcecode.c.objc</string>
			<key>path</key>
			<string>Pods-WorkAndRest-SWTableViewCell-dummy.m</string>
			<key>sourceTree</key>
			<string>&lt;group&gt;</string>
		</dict>
		<key>43B2CEF1845A56B9DD1EFFCC</key>
		<dict>
			<key>children</key>
			<array>
				<string>61F04E4E4CEB03B1D27B8F3F</string>
				<string>F849EC68210E288B0A179B9E</string>
				<string>D926335A14D18B2C39258F71</string>
				<string>C596E179301A1D8E994D3678</string>
				<string>19044AD5A12C76410610DC59</string>
			</array>
			<key>isa</key>
			<string>PBXGroup</string>
			<key>sourceTree</key>
			<string>&lt;group&gt;</string>
		</dict>
		<key>45FE038C8193A43F1B7BD50D</key>
		<dict>
			<key>children</key>
			<array>
				<string>11EB9C22A3C8830E0393FFFB</string>
				<string>92FF769628FFBB8415CA51CB</string>
				<string>F110B73D9D88F3E88B886F50</string>
				<string>B27F02C7CFF0637A84A570AD</string>
				<string>2CFC6FEF7281E15A4B9745F0</string>
				<string>265D893E12012B88AF8913D3</string>
				<string>F043E985E4E67FE15FC9807A</string>
			</array>
			<key>isa</key>
			<string>PBXGroup</string>
			<key>name</key>
			<string>Pods-WorkAndRest</string>
			<key>path</key>
			<string>Target Support Files/Pods-WorkAndRest</string>
			<key>sourceTree</key>
			<string>&lt;group&gt;</string>
		</dict>
		<key>474A3055C984764650338731</key>
		<dict>
			<key>children</key>
			<array>
				<string>8CEAED861E2A4C22D4D96A19</string>
				<string>5418033917424AEBE60DA3F8</string>
				<string>ADA3798AD6AF2088C604107E</string>
				<string>AF1E6E4C1F593892DEA882EC</string>
				<string>1303928021F9218C7110A443</string>
				<string>4C6B1A987734B6EEC3532F2F</string>
				<string>9C4468F946C642318423C454</string>
				<string>3551A517B5B3FD1084368479</string>
				<string>E7F00711FE78D774F710CB6D</string>
				<string>CB866B772FD1231B3F029BE0</string>
				<string>CA5C2DFE8D15CF2AD7E3F6DC</string>
				<string>8C534E02A46A7A5EB655C071</string>
				<string>41F3128DEB694D0B18212F22</string>
				<string>A0AD44C9DB848B74FBCD8278</string>
				<string>97513B17F0F1E896D163ECB3</string>
				<string>66DB89ADA0035A89A3166C99</string>
				<string>89D3E3128D93EB3E708C52DF</string>
				<string>119D3B9F1FDF0E5A97CD5C34</string>
				<string>66669FD44380AB4E4AF17CF2</string>
				<string>6A1F9364294DAB62AF2F9E2B</string>
				<string>7C575ECF0A694D7FC192FC1B</string>
				<string>5997838B3FEA86C8F13DFC42</string>
				<string>0D6E59AD73933944BF548DE9</string>
				<string>F47A28C05FF153303E7EDE8C</string>
			</array>
			<key>isa</key>
			<string>PBXGroup</string>
			<key>name</key>
			<string>Masonry</string>
			<key>path</key>
			<string>Masonry</string>
			<key>sourceTree</key>
			<string>&lt;group&gt;</string>
		</dict>
		<key>476BBA5726C101131F46A5A8</key>
		<dict>
			<key>fileRef</key>
			<string>1BF4C6AC6B03F650FD67F5F8</string>
			<key>isa</key>
			<string>PBXBuildFile</string>
		</dict>
		<key>4A14EA87A5384E5B202EBC17</key>
		<dict>
			<key>includeInIndex</key>
			<string>1</string>
			<key>isa</key>
			<string>PBXFileReference</string>
			<key>lastKnownFileType</key>
			<string>text.xcconfig</string>
			<key>path</key>
			<string>Pods-WorkAndRest-JBChartView-Private.xcconfig</string>
			<key>sourceTree</key>
			<string>&lt;group&gt;</string>
		</dict>
		<key>4B0BD000D6B634EECF29577C</key>
		<dict>
			<key>fileRef</key>
			<string>DE37747957013D0354A152CD</string>
			<key>isa</key>
			<string>PBXBuildFile</string>
		</dict>
		<key>4BDE5D23C62107A38C7B4DEB</key>
		<dict>
			<key>baseConfigurationReference</key>
			<string>E6B97E7A6505F900A0933315</string>
			<key>buildSettings</key>
			<dict>
				<key>ALWAYS_SEARCH_USER_PATHS</key>
				<string>NO</string>
				<key>COPY_PHASE_STRIP</key>
				<string>YES</string>
				<key>DSTROOT</key>
				<string>/tmp/xcodeproj.dst</string>
				<key>GCC_PRECOMPILE_PREFIX_HEADER</key>
				<string>YES</string>
				<key>GCC_PREFIX_HEADER</key>
				<string>Target Support Files/Pods-WorkAndRest-Masonry/Pods-WorkAndRest-Masonry-prefix.pch</string>
				<key>INSTALL_PATH</key>
				<string>$(BUILT_PRODUCTS_DIR)</string>
				<key>IPHONEOS_DEPLOYMENT_TARGET</key>
				<string>7.1</string>
				<key>OTHER_CFLAGS</key>
				<array>
					<string>-DNS_BLOCK_ASSERTIONS=1</string>
					<string>$(inherited)</string>
				</array>
				<key>OTHER_CPLUSPLUSFLAGS</key>
				<array>
					<string>-DNS_BLOCK_ASSERTIONS=1</string>
					<string>$(inherited)</string>
				</array>
				<key>OTHER_LDFLAGS</key>
				<string></string>
				<key>OTHER_LIBTOOLFLAGS</key>
				<string></string>
				<key>PRODUCT_NAME</key>
				<string>$(TARGET_NAME)</string>
				<key>PUBLIC_HEADERS_FOLDER_PATH</key>
				<string>$(TARGET_NAME)</string>
				<key>SDKROOT</key>
				<string>iphoneos</string>
				<key>SKIP_INSTALL</key>
				<string>YES</string>
				<key>VALIDATE_PRODUCT</key>
				<string>YES</string>
			</dict>
			<key>isa</key>
			<string>XCBuildConfiguration</string>
			<key>name</key>
			<string>Release</string>
		</dict>
		<key>4C6B1A987734B6EEC3532F2F</key>
		<dict>
			<key>includeInIndex</key>
			<string>1</string>
			<key>isa</key>
			<string>PBXFileReference</string>
			<key>lastKnownFileType</key>
			<string>sourcecode.c.h</string>
			<key>name</key>
			<string>MASConstraintMaker.h</string>
			<key>path</key>
			<string>Masonry/MASConstraintMaker.h</string>
			<key>sourceTree</key>
			<string>&lt;group&gt;</string>
		</dict>
		<key>4DE27255A2F159FA528048DE</key>
		<dict>
			<key>buildActionMask</key>
			<string>2147483647</string>
			<key>files</key>
			<array>
				<string>EA175BAC3C057FE8081CD64D</string>
				<string>A2A8F823BA88676E4A0F922D</string>
				<string>240910D3EEC186087B98928B</string>
				<string>575ECF35EE3B540D42BA2171</string>
				<string>E62A5F645485DBF1A1330097</string>
				<string>C334BA98F90134498071EE3A</string>
				<string>5EB5CCAF8668CEE05BD7AC52</string>
				<string>E5F49B93524F6EF33805E13E</string>
				<string>EED5D385CEABCD8FF5878909</string>
				<string>E319E8E3A427658E5A9744DA</string>
			</array>
			<key>isa</key>
			<string>PBXSourcesBuildPhase</string>
			<key>runOnlyForDeploymentPostprocessing</key>
			<string>0</string>
		</dict>
		<key>5012899A431115CF67F57B14</key>
		<dict>
			<key>children</key>
			<array>
				<string>68449D719C4ADFFD94DFFCA1</string>
				<string>7CC99BF1AB47C94BB83B722C</string>
				<string>E4F805C1EDCECB3B377721FC</string>
				<string>DE37747957013D0354A152CD</string>
				<string>CDDFEE85B385AE03C42763AE</string>
				<string>EDB65879A5567D32FB3AA338</string>
				<string>E3AE357D0DA69B8EB4CFF89E</string>
			</array>
			<key>isa</key>
			<string>PBXGroup</string>
			<key>name</key>
			<string>JBChartView</string>
			<key>path</key>
			<string>JBChartView</string>
			<key>sourceTree</key>
			<string>&lt;group&gt;</string>
		</dict>
		<key>5105992D1193233AF4EB1F6D</key>
		<dict>
			<key>includeInIndex</key>
			<string>1</string>
			<key>isa</key>
			<string>PBXFileReference</string>
			<key>lastKnownFileType</key>
			<string>sourcecode.c.objc</string>
			<key>name</key>
			<string>SWCellScrollView.m</string>
			<key>path</key>
			<string>SWTableViewCell/PodFiles/SWCellScrollView.m</string>
			<key>sourceTree</key>
			<string>&lt;group&gt;</string>
		</dict>
		<key>51B4107C9BE3D7644497557D</key>
		<dict>
			<key>includeInIndex</key>
			<string>1</string>
			<key>isa</key>
			<string>PBXFileReference</string>
			<key>lastKnownFileType</key>
			<string>sourcecode.c.objc</string>
			<key>name</key>
			<string>FMResultSet.m</string>
			<key>path</key>
			<string>src/fmdb/FMResultSet.m</string>
			<key>sourceTree</key>
			<string>&lt;group&gt;</string>
		</dict>
		<key>52B2A1B4F78AF15392A68206</key>
		<dict>
			<key>buildConfigurationList</key>
			<string>F2A09D0BD2E8EC6B7B278F95</string>
			<key>buildPhases</key>
			<array>
				<string>4DE27255A2F159FA528048DE</string>
				<string>AAABE45E162CD5A168A1FA17</string>
				<string>DC0D7F53A14E7271473F9C72</string>
			</array>
			<key>buildRules</key>
			<array/>
			<key>dependencies</key>
			<array/>
			<key>isa</key>
			<string>PBXNativeTarget</string>
			<key>name</key>
			<string>Pods-WorkAndRest-Masonry</string>
			<key>productName</key>
			<string>Pods-WorkAndRest-Masonry</string>
			<key>productReference</key>
			<string>EF73F8DEF533339501148F37</string>
			<key>productType</key>
			<string>com.apple.product-type.library.static</string>
		</dict>
		<key>534F6AC462D70C0AC49EDE85</key>
		<dict>
			<key>buildActionMask</key>
			<string>2147483647</string>
			<key>files</key>
			<array>
				<string>F8A1AC15AE1A419DBA472E13</string>
				<string>4B0BD000D6B634EECF29577C</string>
				<string>B30F70BFF4653BF1028168FC</string>
				<string>6A3CF18D9D614B1CC9F22F2D</string>
			</array>
			<key>isa</key>
			<string>PBXSourcesBuildPhase</string>
			<key>runOnlyForDeploymentPostprocessing</key>
			<string>0</string>
		</dict>
		<key>5418033917424AEBE60DA3F8</key>
		<dict>
			<key>includeInIndex</key>
			<string>1</string>
			<key>isa</key>
			<string>PBXFileReference</string>
			<key>lastKnownFileType</key>
			<string>sourcecode.c.objc</string>
			<key>name</key>
			<string>MASCompositeConstraint.m</string>
			<key>path</key>
			<string>Masonry/MASCompositeConstraint.m</string>
			<key>sourceTree</key>
			<string>&lt;group&gt;</string>
		</dict>
		<key>575ECF35EE3B540D42BA2171</key>
		<dict>
			<key>fileRef</key>
			<string>E7F00711FE78D774F710CB6D</string>
			<key>isa</key>
			<string>PBXBuildFile</string>
		</dict>
		<key>5997838B3FEA86C8F13DFC42</key>
		<dict>
			<key>includeInIndex</key>
			<string>1</string>
			<key>isa</key>
			<string>PBXFileReference</string>
			<key>lastKnownFileType</key>
			<string>sourcecode.c.objc</string>
			<key>name</key>
			<string>View+MASAdditions.m</string>
			<key>path</key>
			<string>Masonry/View+MASAdditions.m</string>
			<key>sourceTree</key>
			<string>&lt;group&gt;</string>
		</dict>
		<key>59DC23A11EC9C714F8D7882F</key>
		<dict>
			<key>includeInIndex</key>
			<string>1</string>
			<key>isa</key>
			<string>PBXFileReference</string>
			<key>lastKnownFileType</key>
			<string>text.xcconfig</string>
			<key>path</key>
			<string>Pods-WorkAndRest-SWTableViewCell-Private.xcconfig</string>
			<key>sourceTree</key>
			<string>&lt;group&gt;</string>
		</dict>
		<key>5EB5CCAF8668CEE05BD7AC52</key>
		<dict>
			<key>fileRef</key>
			<string>89D3E3128D93EB3E708C52DF</string>
			<key>isa</key>
			<string>PBXBuildFile</string>
		</dict>
		<key>61B30881376D5DAD150442F1</key>
		<dict>
			<key>buildActionMask</key>
			<string>2147483647</string>
			<key>files</key>
			<array>
				<string>6CBA6839641F824DE9C3EB1A</string>
			</array>
			<key>isa</key>
			<string>PBXFrameworksBuildPhase</string>
			<key>runOnlyForDeploymentPostprocessing</key>
			<string>0</string>
		</dict>
		<key>61F04E4E4CEB03B1D27B8F3F</key>
		<dict>
			<key>includeInIndex</key>
			<string>1</string>
			<key>isa</key>
			<string>PBXFileReference</string>
			<key>lastKnownFileType</key>
			<string>text</string>
			<key>name</key>
			<string>Podfile</string>
			<key>path</key>
			<string>../Podfile</string>
			<key>sourceTree</key>
			<string>SOURCE_ROOT</string>
			<key>xcLanguageSpecificationIdentifier</key>
			<string>xcode.lang.ruby</string>
		</dict>
		<key>62685BF28D8D972DA35DE705</key>
		<dict>
			<key>includeInIndex</key>
			<string>1</string>
			<key>isa</key>
			<string>PBXFileReference</string>
			<key>lastKnownFileType</key>
			<string>sourcecode.c.h</string>
			<key>name</key>
			<string>SWCellScrollView.h</string>
			<key>path</key>
			<string>SWTableViewCell/PodFiles/SWCellScrollView.h</string>
			<key>sourceTree</key>
			<string>&lt;group&gt;</string>
		</dict>
		<key>6413B46B91561FA9A5303054</key>
		<dict>
			<key>baseConfigurationReference</key>
			<string>59DC23A11EC9C714F8D7882F</string>
			<key>buildSettings</key>
			<dict>
				<key>ALWAYS_SEARCH_USER_PATHS</key>
				<string>NO</string>
				<key>COPY_PHASE_STRIP</key>
				<string>NO</string>
				<key>DSTROOT</key>
				<string>/tmp/xcodeproj.dst</string>
				<key>GCC_DYNAMIC_NO_PIC</key>
				<string>NO</string>
				<key>GCC_OPTIMIZATION_LEVEL</key>
				<string>0</string>
				<key>GCC_PRECOMPILE_PREFIX_HEADER</key>
				<string>YES</string>
				<key>GCC_PREFIX_HEADER</key>
				<string>Target Support Files/Pods-WorkAndRest-SWTableViewCell/Pods-WorkAndRest-SWTableViewCell-prefix.pch</string>
				<key>GCC_PREPROCESSOR_DEFINITIONS</key>
				<array>
					<string>DEBUG=1</string>
					<string>$(inherited)</string>
				</array>
				<key>GCC_SYMBOLS_PRIVATE_EXTERN</key>
				<string>NO</string>
				<key>INSTALL_PATH</key>
				<string>$(BUILT_PRODUCTS_DIR)</string>
				<key>IPHONEOS_DEPLOYMENT_TARGET</key>
				<string>7.1</string>
				<key>OTHER_LDFLAGS</key>
				<string></string>
				<key>OTHER_LIBTOOLFLAGS</key>
				<string></string>
				<key>PRODUCT_NAME</key>
				<string>$(TARGET_NAME)</string>
				<key>PUBLIC_HEADERS_FOLDER_PATH</key>
				<string>$(TARGET_NAME)</string>
				<key>SDKROOT</key>
				<string>iphoneos</string>
				<key>SKIP_INSTALL</key>
				<string>YES</string>
			</dict>
			<key>isa</key>
			<string>XCBuildConfiguration</string>
			<key>name</key>
			<string>Debug</string>
		</dict>
		<key>661FB9A7A93D19ABD4CE140F</key>
		<dict>
			<key>fileRef</key>
			<string>9A22F6391258AEB4444DC139</string>
			<key>isa</key>
			<string>PBXBuildFile</string>
		</dict>
		<key>66669FD44380AB4E4AF17CF2</key>
		<dict>
			<key>includeInIndex</key>
			<string>1</string>
			<key>isa</key>
			<string>PBXFileReference</string>
			<key>lastKnownFileType</key>
			<string>sourcecode.c.h</string>
			<key>name</key>
			<string>NSLayoutConstraint+MASDebugAdditions.h</string>
			<key>path</key>
			<string>Masonry/NSLayoutConstraint+MASDebugAdditions.h</string>
			<key>sourceTree</key>
			<string>&lt;group&gt;</string>
		</dict>
		<key>66DB89ADA0035A89A3166C99</key>
		<dict>
			<key>includeInIndex</key>
			<string>1</string>
			<key>isa</key>
			<string>PBXFileReference</string>
			<key>lastKnownFileType</key>
			<string>sourcecode.c.h</string>
			<key>name</key>
			<string>NSArray+MASAdditions.h</string>
			<key>path</key>
			<string>Masonry/NSArray+MASAdditions.h</string>
			<key>sourceTree</key>
			<string>&lt;group&gt;</string>
		</dict>
		<key>66ECE32469FD5F384D528EB9</key>
		<dict>
			<key>fileRef</key>
			<string>41F3128DEB694D0B18212F22</string>
			<key>isa</key>
			<string>PBXBuildFile</string>
		</dict>
		<key>68449D719C4ADFFD94DFFCA1</key>
		<dict>
			<key>includeInIndex</key>
			<string>1</string>
			<key>isa</key>
			<string>PBXFileReference</string>
			<key>lastKnownFileType</key>
			<string>sourcecode.c.h</string>
			<key>name</key>
			<string>JBBarChartView.h</string>
			<key>path</key>
			<string>Classes/JBBarChartView.h</string>
			<key>sourceTree</key>
			<string>&lt;group&gt;</string>
		</dict>
		<key>689288CCB281A0ACA4E7C3E2</key>
		<dict>
			<key>fileRef</key>
			<string>1BF4C6AC6B03F650FD67F5F8</string>
			<key>isa</key>
			<string>PBXBuildFile</string>
		</dict>
		<key>6A1F9364294DAB62AF2F9E2B</key>
		<dict>
			<key>includeInIndex</key>
			<string>1</string>
			<key>isa</key>
			<string>PBXFileReference</string>
			<key>lastKnownFileType</key>
			<string>sourcecode.c.objc</string>
			<key>name</key>
			<string>NSLayoutConstraint+MASDebugAdditions.m</string>
			<key>path</key>
			<string>Masonry/NSLayoutConstraint+MASDebugAdditions.m</string>
			<key>sourceTree</key>
			<string>&lt;group&gt;</string>
		</dict>
		<key>6A3CF18D9D614B1CC9F22F2D</key>
		<dict>
			<key>fileRef</key>
			<string>2AA712C00809776FAE650CAC</string>
			<key>isa</key>
			<string>PBXBuildFile</string>
		</dict>
		<key>6B46BA37694934FF3F838579</key>
		<dict>
			<key>baseConfigurationReference</key>
			<string>7C4D57FD02F5AE9DBC365601</string>
			<key>buildSettings</key>
			<dict>
				<key>ALWAYS_SEARCH_USER_PATHS</key>
				<string>NO</string>
				<key>COPY_PHASE_STRIP</key>
				<string>YES</string>
				<key>DSTROOT</key>
				<string>/tmp/xcodeproj.dst</string>
				<key>GCC_PRECOMPILE_PREFIX_HEADER</key>
				<string>YES</string>
				<key>GCC_PREFIX_HEADER</key>
				<string>Target Support Files/Pods-WorkAndRest-FMDB/Pods-WorkAndRest-FMDB-prefix.pch</string>
				<key>INSTALL_PATH</key>
				<string>$(BUILT_PRODUCTS_DIR)</string>
				<key>IPHONEOS_DEPLOYMENT_TARGET</key>
				<string>7.1</string>
				<key>OTHER_CFLAGS</key>
				<array>
					<string>-DNS_BLOCK_ASSERTIONS=1</string>
					<string>$(inherited)</string>
				</array>
				<key>OTHER_CPLUSPLUSFLAGS</key>
				<array>
					<string>-DNS_BLOCK_ASSERTIONS=1</string>
					<string>$(inherited)</string>
				</array>
				<key>OTHER_LDFLAGS</key>
				<string></string>
				<key>OTHER_LIBTOOLFLAGS</key>
				<string></string>
				<key>PRODUCT_NAME</key>
				<string>$(TARGET_NAME)</string>
				<key>PUBLIC_HEADERS_FOLDER_PATH</key>
				<string>$(TARGET_NAME)</string>
				<key>SDKROOT</key>
				<string>iphoneos</string>
				<key>SKIP_INSTALL</key>
				<string>YES</string>
				<key>VALIDATE_PRODUCT</key>
				<string>YES</string>
			</dict>
			<key>isa</key>
			<string>XCBuildConfiguration</string>
			<key>name</key>
			<string>Release</string>
		</dict>
		<key>6C89F1C80ADCBE7F0FFBB5A7</key>
		<dict>
			<key>buildConfigurationList</key>
			<string>A7185999410025B357634F6F</string>
			<key>buildPhases</key>
			<array>
				<string>7846969629EDEDE07C23596E</string>
				<string>24B81A3E5D9C2F84EF4B4C8A</string>
				<string>D65D1EB020FE3381ECA8AEE5</string>
			</array>
			<key>buildRules</key>
			<array/>
			<key>dependencies</key>
			<array/>
			<key>isa</key>
			<string>PBXNativeTarget</string>
			<key>name</key>
			<string>Pods-WorkAndRest-FMDB</string>
			<key>productName</key>
			<string>Pods-WorkAndRest-FMDB</string>
			<key>productReference</key>
			<string>D439426CD0D909E76EADFB1B</string>
			<key>productType</key>
			<string>com.apple.product-type.library.static</string>
		</dict>
		<key>6CBA6839641F824DE9C3EB1A</key>
		<dict>
			<key>fileRef</key>
			<string>1BF4C6AC6B03F650FD67F5F8</string>
			<key>isa</key>
			<string>PBXBuildFile</string>
		</dict>
		<key>6D1D9E77F3DA72C402CC588C</key>
		<dict>
			<key>includeInIndex</key>
			<string>1</string>
			<key>isa</key>
			<string>PBXFileReference</string>
			<key>lastKnownFileType</key>
			<string>sourcecode.c.h</string>
			<key>name</key>
			<string>FMDatabaseQueue.h</string>
			<key>path</key>
			<string>src/fmdb/FMDatabaseQueue.h</string>
			<key>sourceTree</key>
			<string>&lt;group&gt;</string>
		</dict>
		<key>6D8971C686E71B9522952AF5</key>
		<dict>
			<key>includeInIndex</key>
			<string>1</string>
			<key>isa</key>
			<string>PBXFileReference</string>
			<key>lastKnownFileType</key>
			<string>sourcecode.c.h</string>
			<key>name</key>
			<string>FMDB.h</string>
			<key>path</key>
			<string>src/fmdb/FMDB.h</string>
			<key>sourceTree</key>
			<string>&lt;group&gt;</string>
		</dict>
		<key>70B36CB680936088908FC5E6</key>
		<dict>
			<key>includeInIndex</key>
			<string>1</string>
			<key>isa</key>
			<string>PBXFileReference</string>
			<key>lastKnownFileType</key>
			<string>sourcecode.c.objc</string>
			<key>name</key>
			<string>FMDatabasePool.m</string>
			<key>path</key>
			<string>src/fmdb/FMDatabasePool.m</string>
			<key>sourceTree</key>
			<string>&lt;group&gt;</string>
		</dict>
		<key>73565E51BFB0765662ABEA1F</key>
		<dict>
			<key>buildConfigurations</key>
			<array>
				<string>C2C0EAD94F18DE00030711D4</string>
				<string>9DAE5658C04E7CD8A3C2A64B</string>
			</array>
			<key>defaultConfigurationIsVisible</key>
			<string>0</string>
			<key>defaultConfigurationName</key>
			<string>Release</string>
			<key>isa</key>
			<string>XCConfigurationList</string>
		</dict>
		<key>779A51E7B469656895D84503</key>
		<dict>
			<key>includeInIndex</key>
			<string>1</string>
			<key>isa</key>
			<string>PBXFileReference</string>
			<key>lastKnownFileType</key>
			<string>sourcecode.c.h</string>
			<key>name</key>
			<string>SWLongPressGestureRecognizer.h</string>
			<key>path</key>
			<string>SWTableViewCell/PodFiles/SWLongPressGestureRecognizer.h</string>
			<key>sourceTree</key>
			<string>&lt;group&gt;</string>
		</dict>
		<key>7800E93C5D7F24FD873ADFDE</key>
		<dict>
			<key>buildConfigurations</key>
			<array>
				<string>1403B63571F4FEF2F462F027</string>
				<string>BFF69617F52F4F632C8883EA</string>
			</array>
			<key>defaultConfigurationIsVisible</key>
			<string>0</string>
			<key>defaultConfigurationName</key>
			<string>Release</string>
			<key>isa</key>
			<string>XCConfigurationList</string>
		</dict>
		<key>7846969629EDEDE07C23596E</key>
		<dict>
			<key>buildActionMask</key>
			<string>2147483647</string>
			<key>files</key>
			<array>
				<string>D7BDC4B566269DA4DF8EA6BE</string>
				<string>D0A336D21A668F0343B4F80C</string>
				<string>879FDC4B9C9C955479F7BE5B</string>
				<string>D532249AA43D1AFE865467BC</string>
				<string>3CD8A1445EADF00012C33F65</string>
				<string>BABDD23680045A75F59456EE</string>
			</array>
			<key>isa</key>
			<string>PBXSourcesBuildPhase</string>
			<key>runOnlyForDeploymentPostprocessing</key>
			<string>0</string>
		</dict>
		<key>7A7C18CCFF29BC7C1B34C704</key>
		<dict>
			<key>includeInIndex</key>
			<string>1</string>
			<key>isa</key>
			<string>PBXFileReference</string>
			<key>lastKnownFileType</key>
			<string>sourcecode.c.objc</string>
			<key>name</key>
			<string>SWUtilityButtonTapGestureRecognizer.m</string>
			<key>path</key>
			<string>SWTableViewCell/PodFiles/SWUtilityButtonTapGestureRecognizer.m</string>
			<key>sourceTree</key>
			<string>&lt;group&gt;</string>
		</dict>
		<key>7C4D57FD02F5AE9DBC365601</key>
		<dict>
			<key>includeInIndex</key>
			<string>1</string>
			<key>isa</key>
			<string>PBXFileReference</string>
			<key>lastKnownFileType</key>
			<string>text.xcconfig</string>
			<key>path</key>
			<string>Pods-WorkAndRest-FMDB-Private.xcconfig</string>
			<key>sourceTree</key>
			<string>&lt;group&gt;</string>
		</dict>
		<key>7C575ECF0A694D7FC192FC1B</key>
		<dict>
			<key>includeInIndex</key>
			<string>1</string>
			<key>isa</key>
			<string>PBXFileReference</string>
			<key>lastKnownFileType</key>
			<string>sourcecode.c.h</string>
			<key>name</key>
			<string>View+MASAdditions.h</string>
			<key>path</key>
			<string>Masonry/View+MASAdditions.h</string>
			<key>sourceTree</key>
			<string>&lt;group&gt;</string>
		</dict>
		<key>7CC99BF1AB47C94BB83B722C</key>
		<dict>
			<key>includeInIndex</key>
			<string>1</string>
			<key>isa</key>
			<string>PBXFileReference</string>
			<key>lastKnownFileType</key>
			<string>sourcecode.c.objc</string>
			<key>name</key>
			<string>JBBarChartView.m</string>
			<key>path</key>
			<string>Classes/JBBarChartView.m</string>
			<key>sourceTree</key>
			<string>&lt;group&gt;</string>
		</dict>
		<key>7CD04D4AC3A96FE7C49500E9</key>
		<dict>
			<key>fileRef</key>
			<string>68449D719C4ADFFD94DFFCA1</string>
			<key>isa</key>
			<string>PBXBuildFile</string>
		</dict>
		<key>7CE4CAF91D342F50F9ADE8B0</key>
		<dict>
			<key>children</key>
			<array>
				<string>C29E78A3FCAD155BDA1165F2</string>
				<string>1DC7AA16F87FD1B27A4578A1</string>
				<string>62685BF28D8D972DA35DE705</string>
				<string>5105992D1193233AF4EB1F6D</string>
				<string>779A51E7B469656895D84503</string>
				<string>3864BD30174188BAD2B7844A</string>
				<string>CA343769AD69A4AF7EC492EF</string>
				<string>E52074AC934E29BC6A87DF3D</string>
				<string>D618BFFB635764DF5C8319CF</string>
				<string>7A7C18CCFF29BC7C1B34C704</string>
				<string>1B94109F6FEFE33F9B79FE84</string>
				<string>FF060A74B65750264EB14BD9</string>
				<string>F197229FC5B5BD5CAA86398B</string>
			</array>
			<key>isa</key>
			<string>PBXGroup</string>
			<key>name</key>
			<string>SWTableViewCell</string>
			<key>path</key>
			<string>SWTableViewCell</string>
			<key>sourceTree</key>
			<string>&lt;group&gt;</string>
		</dict>
		<key>7D67D7B17AF28F6226D9E2A5</key>
		<dict>
			<key>fileRef</key>
			<string>1B94109F6FEFE33F9B79FE84</string>
			<key>isa</key>
			<string>PBXBuildFile</string>
		</dict>
		<key>80D65C6A2DAD8FF735FBFD07</key>
		<dict>
			<key>isa</key>
			<string>PBXTargetDependency</string>
			<key>name</key>
			<string>Pods-WorkAndRest-Masonry</string>
			<key>target</key>
			<string>52B2A1B4F78AF15392A68206</string>
			<key>targetProxy</key>
			<string>BE1E7690D96AA8944D9BEC25</string>
		</dict>
		<key>80FB736003570A4D6EAFD404</key>
		<dict>
			<key>buildActionMask</key>
			<string>2147483647</string>
			<key>files</key>
			<array>
				<string>7CD04D4AC3A96FE7C49500E9</string>
				<string>9FFADD8F4A87AD2D6B270EDD</string>
				<string>ADDCF97B39428650A905C70C</string>
			</array>
			<key>isa</key>
			<string>PBXHeadersBuildPhase</string>
			<key>runOnlyForDeploymentPostprocessing</key>
			<string>0</string>
		</dict>
		<key>82E45F94BDF68680292655BB</key>
		<dict>
			<key>children</key>
			<array>
				<string>6D8971C686E71B9522952AF5</string>
				<string>F68802ED14558D14E9C0423F</string>
				<string>2B950CFC3F27D6D52AB9CDD2</string>
				<string>263E082FC683CD213D8EEC02</string>
				<string>03A5DFD4C086C5F650D3A281</string>
				<string>A57C70A5ADFD709A9477344F</string>
				<string>70B36CB680936088908FC5E6</string>
				<string>6D1D9E77F3DA72C402CC588C</string>
				<string>90DD0FBC98A0EEC50FD091B5</string>
				<string>05FC999E65228CA1686BAE59</string>
				<string>51B4107C9BE3D7644497557D</string>
			</array>
			<key>isa</key>
			<string>PBXGroup</string>
			<key>name</key>
			<string>common</string>
			<key>sourceTree</key>
			<string>&lt;group&gt;</string>
		</dict>
		<key>82FB45BAC5C71BCEA85B3BC6</key>
		<dict>
			<key>fileRef</key>
			<string>F68802ED14558D14E9C0423F</string>
			<key>isa</key>
			<string>PBXBuildFile</string>
		</dict>
		<key>879FDC4B9C9C955479F7BE5B</key>
		<dict>
			<key>fileRef</key>
			<string>70B36CB680936088908FC5E6</string>
			<key>isa</key>
			<string>PBXBuildFile</string>
			<key>settings</key>
			<dict>
				<key>COMPILER_FLAGS</key>
				<string>-DOS_OBJECT_USE_OBJC=0</string>
			</dict>
		</dict>
		<key>89D3E3128D93EB3E708C52DF</key>
		<dict>
			<key>includeInIndex</key>
			<string>1</string>
			<key>isa</key>
			<string>PBXFileReference</string>
			<key>lastKnownFileType</key>
			<string>sourcecode.c.objc</string>
			<key>name</key>
			<string>NSArray+MASAdditions.m</string>
			<key>path</key>
			<string>Masonry/NSArray+MASAdditions.m</string>
			<key>sourceTree</key>
			<string>&lt;group&gt;</string>
		</dict>
		<key>8B3DF65FF751BB09A6E6D280</key>
		<dict>
			<key>baseConfigurationReference</key>
			<string>7C4D57FD02F5AE9DBC365601</string>
			<key>buildSettings</key>
			<dict>
				<key>ALWAYS_SEARCH_USER_PATHS</key>
				<string>NO</string>
				<key>COPY_PHASE_STRIP</key>
				<string>NO</string>
				<key>DSTROOT</key>
				<string>/tmp/xcodeproj.dst</string>
				<key>GCC_DYNAMIC_NO_PIC</key>
				<string>NO</string>
				<key>GCC_OPTIMIZATION_LEVEL</key>
				<string>0</string>
				<key>GCC_PRECOMPILE_PREFIX_HEADER</key>
				<string>YES</string>
				<key>GCC_PREFIX_HEADER</key>
				<string>Target Support Files/Pods-WorkAndRest-FMDB/Pods-WorkAndRest-FMDB-prefix.pch</string>
				<key>GCC_PREPROCESSOR_DEFINITIONS</key>
				<array>
					<string>DEBUG=1</string>
					<string>$(inherited)</string>
				</array>
				<key>GCC_SYMBOLS_PRIVATE_EXTERN</key>
				<string>NO</string>
				<key>INSTALL_PATH</key>
				<string>$(BUILT_PRODUCTS_DIR)</string>
				<key>IPHONEOS_DEPLOYMENT_TARGET</key>
				<string>7.1</string>
				<key>OTHER_LDFLAGS</key>
				<string></string>
				<key>OTHER_LIBTOOLFLAGS</key>
				<string></string>
				<key>PRODUCT_NAME</key>
				<string>$(TARGET_NAME)</string>
				<key>PUBLIC_HEADERS_FOLDER_PATH</key>
				<string>$(TARGET_NAME)</string>
				<key>SDKROOT</key>
				<string>iphoneos</string>
				<key>SKIP_INSTALL</key>
				<string>YES</string>
			</dict>
			<key>isa</key>
			<string>XCBuildConfiguration</string>
			<key>name</key>
			<string>Debug</string>
		</dict>
		<key>8BDEF72223FBD7E4095DAB5B</key>
		<dict>
			<key>isa</key>
			<string>PBXTargetDependency</string>
			<key>name</key>
			<string>Pods-WorkAndRest-JBChartView</string>
			<key>target</key>
			<string>2277C2307E0D8F02439CE75D</string>
			<key>targetProxy</key>
			<string>D14301DC720B7E8597E621AD</string>
		</dict>
		<key>8C534E02A46A7A5EB655C071</key>
		<dict>
			<key>includeInIndex</key>
			<string>1</string>
			<key>isa</key>
			<string>PBXFileReference</string>
			<key>lastKnownFileType</key>
			<string>sourcecode.c.objc</string>
			<key>name</key>
			<string>MASViewAttribute.m</string>
			<key>path</key>
			<string>Masonry/MASViewAttribute.m</string>
			<key>sourceTree</key>
			<string>&lt;group&gt;</string>
		</dict>
		<key>8CEAED861E2A4C22D4D96A19</key>
		<dict>
			<key>includeInIndex</key>
			<string>1</string>
			<key>isa</key>
			<string>PBXFileReference</string>
			<key>lastKnownFileType</key>
			<string>sourcecode.c.h</string>
			<key>name</key>
			<string>MASCompositeConstraint.h</string>
			<key>path</key>
			<string>Masonry/MASCompositeConstraint.h</string>
			<key>sourceTree</key>
			<string>&lt;group&gt;</string>
		</dict>
		<key>8DB3C3898B0CC94D77E72EAF</key>
		<dict>
			<key>containerPortal</key>
			<string>01C13ACABF882A924F752F0F</string>
			<key>isa</key>
			<string>PBXContainerItemProxy</string>
			<key>proxyType</key>
			<string>1</string>
			<key>remoteGlobalIDString</key>
			<string>FBCC50B2061203E857D09489</string>
			<key>remoteInfo</key>
			<string>Pods-WorkAndRest-SWTableViewCell</string>
		</dict>
		<key>90DD0FBC98A0EEC50FD091B5</key>
		<dict>
			<key>includeInIndex</key>
			<string>1</string>
			<key>isa</key>
			<string>PBXFileReference</string>
			<key>lastKnownFileType</key>
			<string>sourcecode.c.objc</string>
			<key>name</key>
			<string>FMDatabaseQueue.m</string>
			<key>path</key>
			<string>src/fmdb/FMDatabaseQueue.m</string>
			<key>sourceTree</key>
			<string>&lt;group&gt;</string>
		</dict>
		<key>90E760FDAD606B59D548ABD8</key>
		<dict>
			<key>includeInIndex</key>
			<string>1</string>
			<key>isa</key>
			<string>PBXFileReference</string>
			<key>lastKnownFileType</key>
			<string>sourcecode.c.h</string>
			<key>path</key>
			<string>Pods-WorkAndRest-JBChartView-prefix.pch</string>
			<key>sourceTree</key>
			<string>&lt;group&gt;</string>
		</dict>
		<key>90E8D7F71ED80CA2C21C4021</key>
		<dict>
			<key>buildActionMask</key>
			<string>2147483647</string>
			<key>files</key>
			<array>
				<string>F5A6799CFBC600B7BA1E1AE1</string>
			</array>
			<key>isa</key>
			<string>PBXSourcesBuildPhase</string>
			<key>runOnlyForDeploymentPostprocessing</key>
			<string>0</string>
		</dict>
		<key>92FF769628FFBB8415CA51CB</key>
		<dict>
			<key>includeInIndex</key>
			<string>1</string>
			<key>isa</key>
			<string>PBXFileReference</string>
			<key>lastKnownFileType</key>
			<string>text.plist.xml</string>
			<key>path</key>
			<string>Pods-WorkAndRest-acknowledgements.plist</string>
			<key>sourceTree</key>
			<string>&lt;group&gt;</string>
		</dict>
		<key>93456D3AA5A7188BC61BDF3E</key>
		<dict>
			<key>fileRef</key>
			<string>779A51E7B469656895D84503</string>
			<key>isa</key>
			<string>PBXBuildFile</string>
		</dict>
		<key>94357F8C9AB30D69A507A2FC</key>
		<dict>
			<key>fileRef</key>
			<string>6D1D9E77F3DA72C402CC588C</string>
			<key>isa</key>
			<string>PBXBuildFile</string>
		</dict>
		<key>951F7029CCDA3A98D2CCF6C9</key>
		<dict>
			<key>fileRef</key>
			<string>3551A517B5B3FD1084368479</string>
			<key>isa</key>
			<string>PBXBuildFile</string>
		</dict>
		<key>97513B17F0F1E896D163ECB3</key>
		<dict>
			<key>includeInIndex</key>
			<string>1</string>
			<key>isa</key>
			<string>PBXFileReference</string>
			<key>lastKnownFileType</key>
			<string>sourcecode.c.h</string>
			<key>name</key>
			<string>Masonry.h</string>
			<key>path</key>
			<string>Masonry/Masonry.h</string>
			<key>sourceTree</key>
			<string>&lt;group&gt;</string>
		</dict>
		<key>97E9D6D17B47F7AF1BB43EAE</key>
		<dict>
			<key>fileRef</key>
			<string>05FC999E65228CA1686BAE59</string>
			<key>isa</key>
			<string>PBXBuildFile</string>
		</dict>
		<key>9A22F6391258AEB4444DC139</key>
		<dict>
			<key>isa</key>
			<string>PBXFileReference</string>
			<key>lastKnownFileType</key>
			<string>wrapper.framework</string>
			<key>name</key>
			<string>UIKit.framework</string>
			<key>path</key>
			<string>Platforms/iPhoneOS.platform/Developer/SDKs/iPhoneOS7.1.sdk/System/Library/Frameworks/UIKit.framework</string>
			<key>sourceTree</key>
			<string>DEVELOPER_DIR</string>
		</dict>
		<key>9C4468F946C642318423C454</key>
		<dict>
			<key>includeInIndex</key>
			<string>1</string>
			<key>isa</key>
			<string>PBXFileReference</string>
			<key>lastKnownFileType</key>
			<string>sourcecode.c.objc</string>
			<key>name</key>
			<string>MASConstraintMaker.m</string>
			<key>path</key>
			<string>Masonry/MASConstraintMaker.m</string>
			<key>sourceTree</key>
			<string>&lt;group&gt;</string>
		</dict>
		<key>9D23F1C1BC3651CE0FC0459C</key>
		<dict>
			<key>buildActionMask</key>
			<string>2147483647</string>
			<key>files</key>
			<array>
				<string>01CC714366FB02D30D0F9D6C</string>
				<string>BD934A8F1ACE1DB64A6E6B64</string>
				<string>93456D3AA5A7188BC61BDF3E</string>
				<string>D07B625744E349B924B6A87D</string>
				<string>0C79EA1BA342D956C2546148</string>
				<string>7D67D7B17AF28F6226D9E2A5</string>
			</array>
			<key>isa</key>
			<string>PBXHeadersBuildPhase</string>
			<key>runOnlyForDeploymentPostprocessing</key>
			<string>0</string>
		</dict>
		<key>9DAE5658C04E7CD8A3C2A64B</key>
		<dict>
			<key>baseConfigurationReference</key>
			<string>F043E985E4E67FE15FC9807A</string>
			<key>buildSettings</key>
			<dict>
				<key>ALWAYS_SEARCH_USER_PATHS</key>
				<string>NO</string>
				<key>COPY_PHASE_STRIP</key>
				<string>YES</string>
				<key>DSTROOT</key>
				<string>/tmp/xcodeproj.dst</string>
				<key>GCC_PRECOMPILE_PREFIX_HEADER</key>
				<string>YES</string>
				<key>INSTALL_PATH</key>
				<string>$(BUILT_PRODUCTS_DIR)</string>
				<key>IPHONEOS_DEPLOYMENT_TARGET</key>
				<string>7.1</string>
				<key>OTHER_CFLAGS</key>
				<array>
					<string>-DNS_BLOCK_ASSERTIONS=1</string>
					<string>$(inherited)</string>
				</array>
				<key>OTHER_CPLUSPLUSFLAGS</key>
				<array>
					<string>-DNS_BLOCK_ASSERTIONS=1</string>
					<string>$(inherited)</string>
				</array>
				<key>OTHER_LDFLAGS</key>
				<string></string>
				<key>OTHER_LIBTOOLFLAGS</key>
				<string></string>
				<key>PRODUCT_NAME</key>
				<string>$(TARGET_NAME)</string>
				<key>PUBLIC_HEADERS_FOLDER_PATH</key>
				<string>$(TARGET_NAME)</string>
				<key>SDKROOT</key>
				<string>iphoneos</string>
				<key>SKIP_INSTALL</key>
				<string>YES</string>
				<key>VALIDATE_PRODUCT</key>
				<string>YES</string>
			</dict>
			<key>isa</key>
			<string>XCBuildConfiguration</string>
			<key>name</key>
			<string>Release</string>
		</dict>
		<key>9FFADD8F4A87AD2D6B270EDD</key>
		<dict>
			<key>fileRef</key>
			<string>E4F805C1EDCECB3B377721FC</string>
			<key>isa</key>
			<string>PBXBuildFile</string>
		</dict>
		<key>A00BDB07BD327256F0A5E8AA</key>
		<dict>
			<key>explicitFileType</key>
			<string>archive.ar</string>
			<key>includeInIndex</key>
			<string>0</string>
			<key>isa</key>
			<string>PBXFileReference</string>
			<key>path</key>
			<string>libPods-WorkAndRest-SWTableViewCell.a</string>
			<key>sourceTree</key>
			<string>BUILT_PRODUCTS_DIR</string>
		</dict>
		<key>A0AD44C9DB848B74FBCD8278</key>
		<dict>
			<key>includeInIndex</key>
			<string>1</string>
			<key>isa</key>
			<string>PBXFileReference</string>
			<key>lastKnownFileType</key>
			<string>sourcecode.c.objc</string>
			<key>name</key>
			<string>MASViewConstraint.m</string>
			<key>path</key>
			<string>Masonry/MASViewConstraint.m</string>
			<key>sourceTree</key>
			<string>&lt;group&gt;</string>
		</dict>
		<key>A2447E4E17CC54A51BE77A87</key>
		<dict>
			<key>explicitFileType</key>
			<string>archive.ar</string>
			<key>includeInIndex</key>
			<string>0</string>
			<key>isa</key>
			<string>PBXFileReference</string>
			<key>path</key>
			<string>libPods-WorkAndRest.a</string>
			<key>sourceTree</key>
			<string>BUILT_PRODUCTS_DIR</string>
		</dict>
		<key>A2A8F823BA88676E4A0F922D</key>
		<dict>
			<key>fileRef</key>
			<string>AF1E6E4C1F593892DEA882EC</string>
			<key>isa</key>
			<string>PBXBuildFile</string>
		</dict>
		<key>A57C70A5ADFD709A9477344F</key>
		<dict>
			<key>includeInIndex</key>
			<string>1</string>
			<key>isa</key>
			<string>PBXFileReference</string>
			<key>lastKnownFileType</key>
			<string>sourcecode.c.h</string>
			<key>name</key>
			<string>FMDatabasePool.h</string>
			<key>path</key>
			<string>src/fmdb/FMDatabasePool.h</string>
			<key>sourceTree</key>
			<string>&lt;group&gt;</string>
		</dict>
		<key>A7185999410025B357634F6F</key>
		<dict>
			<key>buildConfigurations</key>
			<array>
				<string>8B3DF65FF751BB09A6E6D280</string>
				<string>6B46BA37694934FF3F838579</string>
			</array>
			<key>defaultConfigurationIsVisible</key>
			<string>0</string>
			<key>defaultConfigurationName</key>
			<string>Release</string>
			<key>isa</key>
			<string>XCConfigurationList</string>
		</dict>
		<key>A923EF437BC7B22221E4383B</key>
		<dict>
			<key>buildConfigurations</key>
			<array>
				<string>1F8E54B7FBD45D66A4FD2DF7</string>
				<string>E68210CBB020D2517B467661</string>
			</array>
			<key>defaultConfigurationIsVisible</key>
			<string>0</string>
			<key>defaultConfigurationName</key>
			<string>Release</string>
			<key>isa</key>
			<string>XCConfigurationList</string>
		</dict>
		<key>A95B1F4CBE549D95D9769DB5</key>
		<dict>
			<key>fileRef</key>
			<string>43483B74CD84FD58AA67E55D</string>
			<key>isa</key>
			<string>PBXBuildFile</string>
		</dict>
		<key>AAABE45E162CD5A168A1FA17</key>
		<dict>
			<key>buildActionMask</key>
			<string>2147483647</string>
			<key>files</key>
			<array>
				<string>476BBA5726C101131F46A5A8</string>
				<string>661FB9A7A93D19ABD4CE140F</string>
			</array>
			<key>isa</key>
			<string>PBXFrameworksBuildPhase</string>
			<key>runOnlyForDeploymentPostprocessing</key>
			<string>0</string>
		</dict>
		<key>AC7831795ED18A6124029164</key>
		<dict>
			<key>includeInIndex</key>
			<string>1</string>
			<key>isa</key>
			<string>PBXFileReference</string>
			<key>lastKnownFileType</key>
			<string>text.xcconfig</string>
			<key>path</key>
			<string>Pods-WorkAndRest-Masonry.xcconfig</string>
			<key>sourceTree</key>
			<string>&lt;group&gt;</string>
		</dict>
		<key>ADA3798AD6AF2088C604107E</key>
		<dict>
			<key>includeInIndex</key>
			<string>1</string>
			<key>isa</key>
			<string>PBXFileReference</string>
			<key>lastKnownFileType</key>
			<string>sourcecode.c.h</string>
			<key>name</key>
			<string>MASConstraint.h</string>
			<key>path</key>
			<string>Masonry/MASConstraint.h</string>
			<key>sourceTree</key>
			<string>&lt;group&gt;</string>
		</dict>
		<key>ADDCF97B39428650A905C70C</key>
		<dict>
			<key>fileRef</key>
			<string>CDDFEE85B385AE03C42763AE</string>
			<key>isa</key>
			<string>PBXBuildFile</string>
		</dict>
		<key>AF1E6E4C1F593892DEA882EC</key>
		<dict>
			<key>includeInIndex</key>
			<string>1</string>
			<key>isa</key>
			<string>PBXFileReference</string>
			<key>lastKnownFileType</key>
			<string>sourcecode.c.objc</string>
			<key>name</key>
			<string>MASConstraint.m</string>
			<key>path</key>
			<string>Masonry/MASConstraint.m</string>
			<key>sourceTree</key>
			<string>&lt;group&gt;</string>
		</dict>
		<key>B1B3BE738406098F5BD545A8</key>
		<dict>
			<key>fileRef</key>
			<string>CB866B772FD1231B3F029BE0</string>
			<key>isa</key>
			<string>PBXBuildFile</string>
		</dict>
		<key>B27F02C7CFF0637A84A570AD</key>
		<dict>
			<key>includeInIndex</key>
			<string>1</string>
			<key>isa</key>
			<string>PBXFileReference</string>
			<key>lastKnownFileType</key>
			<string>sourcecode.c.h</string>
			<key>path</key>
			<string>Pods-WorkAndRest-environment.h</string>
			<key>sourceTree</key>
			<string>&lt;group&gt;</string>
		</dict>
		<key>B30F70BFF4653BF1028168FC</key>
		<dict>
			<key>fileRef</key>
			<string>EDB65879A5567D32FB3AA338</string>
			<key>isa</key>
			<string>PBXBuildFile</string>
		</dict>
		<key>B3690E7DE42E62C8B27C8256</key>
		<dict>
			<key>fileRef</key>
			<string>A57C70A5ADFD709A9477344F</string>
			<key>isa</key>
			<string>PBXBuildFile</string>
		</dict>
		<key>B43263DBFF3C044343536829</key>
		<dict>
			<key>includeInIndex</key>
			<string>1</string>
			<key>isa</key>
			<string>PBXFileReference</string>
			<key>lastKnownFileType</key>
			<string>text.xcconfig</string>
			<key>path</key>
			<string>Pods-WorkAndRest-SWTableViewCell.xcconfig</string>
			<key>sourceTree</key>
			<string>&lt;group&gt;</string>
		</dict>
		<key>B7982EF43B0DD1FFD7ED5176</key>
		<dict>
			<key>baseConfigurationReference</key>
			<string>59DC23A11EC9C714F8D7882F</string>
			<key>buildSettings</key>
			<dict>
				<key>ALWAYS_SEARCH_USER_PATHS</key>
				<string>NO</string>
				<key>COPY_PHASE_STRIP</key>
				<string>YES</string>
				<key>DSTROOT</key>
				<string>/tmp/xcodeproj.dst</string>
				<key>GCC_PRECOMPILE_PREFIX_HEADER</key>
				<string>YES</string>
				<key>GCC_PREFIX_HEADER</key>
				<string>Target Support Files/Pods-WorkAndRest-SWTableViewCell/Pods-WorkAndRest-SWTableViewCell-prefix.pch</string>
				<key>INSTALL_PATH</key>
				<string>$(BUILT_PRODUCTS_DIR)</string>
				<key>IPHONEOS_DEPLOYMENT_TARGET</key>
				<string>7.1</string>
				<key>OTHER_CFLAGS</key>
				<array>
					<string>-DNS_BLOCK_ASSERTIONS=1</string>
					<string>$(inherited)</string>
				</array>
				<key>OTHER_CPLUSPLUSFLAGS</key>
				<array>
					<string>-DNS_BLOCK_ASSERTIONS=1</string>
					<string>$(inherited)</string>
				</array>
				<key>OTHER_LDFLAGS</key>
				<string></string>
				<key>OTHER_LIBTOOLFLAGS</key>
				<string></string>
				<key>PRODUCT_NAME</key>
				<string>$(TARGET_NAME)</string>
				<key>PUBLIC_HEADERS_FOLDER_PATH</key>
				<string>$(TARGET_NAME)</string>
				<key>SDKROOT</key>
				<string>iphoneos</string>
				<key>SKIP_INSTALL</key>
				<string>YES</string>
				<key>VALIDATE_PRODUCT</key>
				<string>YES</string>
			</dict>
			<key>isa</key>
			<string>XCBuildConfiguration</string>
			<key>name</key>
			<string>Release</string>
		</dict>
		<key>B7A42D9F7E6B5B9885C2E207</key>
		<dict>
			<key>fileRef</key>
			<string>ADA3798AD6AF2088C604107E</string>
			<key>isa</key>
			<string>PBXBuildFile</string>
		</dict>
		<key>B9C6279554E93584EF3ACC52</key>
		<dict>
			<key>fileRef</key>
			<string>6D8971C686E71B9522952AF5</string>
			<key>isa</key>
			<string>PBXBuildFile</string>
		</dict>
		<key>BABDD23680045A75F59456EE</key>
		<dict>
			<key>fileRef</key>
			<string>2AE3C89DF43107BCC35B9001</string>
			<key>isa</key>
			<string>PBXBuildFile</string>
		</dict>
		<key>BD934A8F1ACE1DB64A6E6B64</key>
		<dict>
			<key>fileRef</key>
			<string>62685BF28D8D972DA35DE705</string>
			<key>isa</key>
			<string>PBXBuildFile</string>
		</dict>
		<key>BE1E7690D96AA8944D9BEC25</key>
		<dict>
			<key>containerPortal</key>
			<string>01C13ACABF882A924F752F0F</string>
			<key>isa</key>
			<string>PBXContainerItemProxy</string>
			<key>proxyType</key>
			<string>1</string>
			<key>remoteGlobalIDString</key>
			<string>52B2A1B4F78AF15392A68206</string>
			<key>remoteInfo</key>
			<string>Pods-WorkAndRest-Masonry</string>
		</dict>
		<key>BF382D67C6445089B0B644AF</key>
		<dict>
			<key>includeInIndex</key>
			<string>1</string>
			<key>isa</key>
			<string>PBXFileReference</string>
			<key>lastKnownFileType</key>
			<string>text.xcconfig</string>
			<key>path</key>
			<string>Pods-WorkAndRest-JBChartView.xcconfig</string>
			<key>sourceTree</key>
			<string>&lt;group&gt;</string>
		</dict>
		<key>BF5F2C4E59CDEACB1A827AF4</key>
		<dict>
			<key>fileRef</key>
			<string>263E082FC683CD213D8EEC02</string>
			<key>isa</key>
			<string>PBXBuildFile</string>
		</dict>
		<key>BFF69617F52F4F632C8883EA</key>
		<dict>
			<key>baseConfigurationReference</key>
			<string>4A14EA87A5384E5B202EBC17</string>
			<key>buildSettings</key>
			<dict>
				<key>ALWAYS_SEARCH_USER_PATHS</key>
				<string>NO</string>
				<key>COPY_PHASE_STRIP</key>
				<string>YES</string>
				<key>DSTROOT</key>
				<string>/tmp/xcodeproj.dst</string>
				<key>GCC_PRECOMPILE_PREFIX_HEADER</key>
				<string>YES</string>
				<key>GCC_PREFIX_HEADER</key>
				<string>Target Support Files/Pods-WorkAndRest-JBChartView/Pods-WorkAndRest-JBChartView-prefix.pch</string>
				<key>INSTALL_PATH</key>
				<string>$(BUILT_PRODUCTS_DIR)</string>
				<key>IPHONEOS_DEPLOYMENT_TARGET</key>
				<string>7.1</string>
				<key>OTHER_CFLAGS</key>
				<array>
					<string>-DNS_BLOCK_ASSERTIONS=1</string>
					<string>$(inherited)</string>
				</array>
				<key>OTHER_CPLUSPLUSFLAGS</key>
				<array>
					<string>-DNS_BLOCK_ASSERTIONS=1</string>
					<string>$(inherited)</string>
				</array>
				<key>OTHER_LDFLAGS</key>
				<string></string>
				<key>OTHER_LIBTOOLFLAGS</key>
				<string></string>
				<key>PRODUCT_NAME</key>
				<string>$(TARGET_NAME)</string>
				<key>PUBLIC_HEADERS_FOLDER_PATH</key>
				<string>$(TARGET_NAME)</string>
				<key>SDKROOT</key>
				<string>iphoneos</string>
				<key>SKIP_INSTALL</key>
				<string>YES</string>
				<key>VALIDATE_PRODUCT</key>
				<string>YES</string>
			</dict>
			<key>isa</key>
			<string>XCBuildConfiguration</string>
			<key>name</key>
			<string>Release</string>
		</dict>
		<key>C29E78A3FCAD155BDA1165F2</key>
		<dict>
			<key>includeInIndex</key>
			<string>1</string>
			<key>isa</key>
			<string>PBXFileReference</string>
			<key>lastKnownFileType</key>
			<string>sourcecode.c.h</string>
			<key>name</key>
			<string>NSMutableArray+SWUtilityButtons.h</string>
			<key>path</key>
			<string>SWTableViewCell/PodFiles/NSMutableArray+SWUtilityButtons.h</string>
			<key>sourceTree</key>
			<string>&lt;group&gt;</string>
		</dict>
		<key>C2A43F0591EDFD7CDD72B719</key>
		<dict>
			<key>fileRef</key>
			<string>8CEAED861E2A4C22D4D96A19</string>
			<key>isa</key>
			<string>PBXBuildFile</string>
		</dict>
		<key>C2C0EAD94F18DE00030711D4</key>
		<dict>
			<key>baseConfigurationReference</key>
			<string>265D893E12012B88AF8913D3</string>
			<key>buildSettings</key>
			<dict>
				<key>ALWAYS_SEARCH_USER_PATHS</key>
				<string>NO</string>
				<key>COPY_PHASE_STRIP</key>
				<string>NO</string>
				<key>DSTROOT</key>
				<string>/tmp/xcodeproj.dst</string>
				<key>GCC_DYNAMIC_NO_PIC</key>
				<string>NO</string>
				<key>GCC_OPTIMIZATION_LEVEL</key>
				<string>0</string>
				<key>GCC_PRECOMPILE_PREFIX_HEADER</key>
				<string>YES</string>
				<key>GCC_PREPROCESSOR_DEFINITIONS</key>
				<array>
					<string>DEBUG=1</string>
					<string>$(inherited)</string>
				</array>
				<key>GCC_SYMBOLS_PRIVATE_EXTERN</key>
				<string>NO</string>
				<key>INSTALL_PATH</key>
				<string>$(BUILT_PRODUCTS_DIR)</string>
				<key>IPHONEOS_DEPLOYMENT_TARGET</key>
				<string>7.1</string>
				<key>OTHER_LDFLAGS</key>
				<string></string>
				<key>OTHER_LIBTOOLFLAGS</key>
				<string></string>
				<key>PRODUCT_NAME</key>
				<string>$(TARGET_NAME)</string>
				<key>PUBLIC_HEADERS_FOLDER_PATH</key>
				<string>$(TARGET_NAME)</string>
				<key>SDKROOT</key>
				<string>iphoneos</string>
				<key>SKIP_INSTALL</key>
				<string>YES</string>
			</dict>
			<key>isa</key>
			<string>XCBuildConfiguration</string>
			<key>name</key>
			<string>Debug</string>
		</dict>
		<key>C334BA98F90134498071EE3A</key>
		<dict>
			<key>fileRef</key>
			<string>A0AD44C9DB848B74FBCD8278</string>
			<key>isa</key>
			<string>PBXBuildFile</string>
		</dict>
		<key>C596E179301A1D8E994D3678</key>
		<dict>
			<key>children</key>
			<array>
				<string>A2447E4E17CC54A51BE77A87</string>
				<string>D439426CD0D909E76EADFB1B</string>
				<string>37E98B9E35D6468EEBC07DDF</string>
				<string>EF73F8DEF533339501148F37</string>
				<string>A00BDB07BD327256F0A5E8AA</string>
			</array>
			<key>isa</key>
			<string>PBXGroup</string>
			<key>name</key>
			<string>Products</string>
			<key>sourceTree</key>
			<string>&lt;group&gt;</string>
		</dict>
		<key>C7E90D6ED91C54746A29D72B</key>
		<dict>
			<key>includeInIndex</key>
			<string>1</string>
			<key>isa</key>
			<string>PBXFileReference</string>
			<key>lastKnownFileType</key>
			<string>sourcecode.c.objc</string>
			<key>path</key>
			<string>Pods-WorkAndRest-Masonry-dummy.m</string>
			<key>sourceTree</key>
			<string>&lt;group&gt;</string>
		</dict>
		<key>CA343769AD69A4AF7EC492EF</key>
		<dict>
			<key>includeInIndex</key>
			<string>1</string>
			<key>isa</key>
			<string>PBXFileReference</string>
			<key>lastKnownFileType</key>
			<string>sourcecode.c.h</string>
			<key>name</key>
			<string>SWTableViewCell.h</string>
			<key>path</key>
			<string>SWTableViewCell/PodFiles/SWTableViewCell.h</string>
			<key>sourceTree</key>
			<string>&lt;group&gt;</string>
		</dict>
		<key>CA5C2DFE8D15CF2AD7E3F6DC</key>
		<dict>
			<key>includeInIndex</key>
			<string>1</string>
			<key>isa</key>
			<string>PBXFileReference</string>
			<key>lastKnownFileType</key>
			<string>sourcecode.c.h</string>
			<key>name</key>
			<string>MASViewAttribute.h</string>
			<key>path</key>
			<string>Masonry/MASViewAttribute.h</string>
			<key>sourceTree</key>
			<string>&lt;group&gt;</string>
		</dict>
		<key>CAB29E9CE4361A5C06D2C5FB</key>
		<dict>
			<key>baseConfigurationReference</key>
			<string>E6B97E7A6505F900A0933315</string>
			<key>buildSettings</key>
			<dict>
				<key>ALWAYS_SEARCH_USER_PATHS</key>
				<string>NO</string>
				<key>COPY_PHASE_STRIP</key>
				<string>NO</string>
				<key>DSTROOT</key>
				<string>/tmp/xcodeproj.dst</string>
				<key>GCC_DYNAMIC_NO_PIC</key>
				<string>NO</string>
				<key>GCC_OPTIMIZATION_LEVEL</key>
				<string>0</string>
				<key>GCC_PRECOMPILE_PREFIX_HEADER</key>
				<string>YES</string>
				<key>GCC_PREFIX_HEADER</key>
				<string>Target Support Files/Pods-WorkAndRest-Masonry/Pods-WorkAndRest-Masonry-prefix.pch</string>
				<key>GCC_PREPROCESSOR_DEFINITIONS</key>
				<array>
					<string>DEBUG=1</string>
					<string>$(inherited)</string>
				</array>
				<key>GCC_SYMBOLS_PRIVATE_EXTERN</key>
				<string>NO</string>
				<key>INSTALL_PATH</key>
				<string>$(BUILT_PRODUCTS_DIR)</string>
				<key>IPHONEOS_DEPLOYMENT_TARGET</key>
				<string>7.1</string>
				<key>OTHER_LDFLAGS</key>
				<string></string>
				<key>OTHER_LIBTOOLFLAGS</key>
				<string></string>
				<key>PRODUCT_NAME</key>
				<string>$(TARGET_NAME)</string>
				<key>PUBLIC_HEADERS_FOLDER_PATH</key>
				<string>$(TARGET_NAME)</string>
				<key>SDKROOT</key>
				<string>iphoneos</string>
				<key>SKIP_INSTALL</key>
				<string>YES</string>
			</dict>
			<key>isa</key>
			<string>XCBuildConfiguration</string>
			<key>name</key>
			<string>Debug</string>
		</dict>
		<key>CB866B772FD1231B3F029BE0</key>
		<dict>
			<key>includeInIndex</key>
			<string>1</string>
			<key>isa</key>
			<string>PBXFileReference</string>
			<key>lastKnownFileType</key>
			<string>sourcecode.c.h</string>
			<key>name</key>
			<string>MASUtilities.h</string>
			<key>path</key>
			<string>Masonry/MASUtilities.h</string>
			<key>sourceTree</key>
			<string>&lt;group&gt;</string>
		</dict>
		<key>CDDFEE85B385AE03C42763AE</key>
		<dict>
			<key>includeInIndex</key>
			<string>1</string>
			<key>isa</key>
			<string>PBXFileReference</string>
			<key>lastKnownFileType</key>
			<string>sourcecode.c.h</string>
			<key>name</key>
			<string>JBLineChartView.h</string>
			<key>path</key>
			<string>Classes/JBLineChartView.h</string>
			<key>sourceTree</key>
			<string>&lt;group&gt;</string>
		</dict>
		<key>D07B625744E349B924B6A87D</key>
		<dict>
			<key>fileRef</key>
			<string>CA343769AD69A4AF7EC492EF</string>
			<key>isa</key>
			<string>PBXBuildFile</string>
		</dict>
		<key>D0A336D21A668F0343B4F80C</key>
		<dict>
			<key>fileRef</key>
			<string>03A5DFD4C086C5F650D3A281</string>
			<key>isa</key>
			<string>PBXBuildFile</string>
			<key>settings</key>
			<dict>
				<key>COMPILER_FLAGS</key>
				<string>-DOS_OBJECT_USE_OBJC=0</string>
			</dict>
		</dict>
		<key>D14301DC720B7E8597E621AD</key>
		<dict>
			<key>containerPortal</key>
			<string>01C13ACABF882A924F752F0F</string>
			<key>isa</key>
			<string>PBXContainerItemProxy</string>
			<key>proxyType</key>
			<string>1</string>
			<key>remoteGlobalIDString</key>
			<string>2277C2307E0D8F02439CE75D</string>
			<key>remoteInfo</key>
			<string>Pods-WorkAndRest-JBChartView</string>
		</dict>
		<key>D2E78812D25F018D92D064B5</key>
		<dict>
			<key>children</key>
			<array>
				<string>1BF4C6AC6B03F650FD67F5F8</string>
				<string>9A22F6391258AEB4444DC139</string>
			</array>
			<key>isa</key>
			<string>PBXGroup</string>
			<key>name</key>
			<string>iOS</string>
			<key>sourceTree</key>
			<string>&lt;group&gt;</string>
		</dict>
		<key>D439426CD0D909E76EADFB1B</key>
		<dict>
			<key>explicitFileType</key>
			<string>archive.ar</string>
			<key>includeInIndex</key>
			<string>0</string>
			<key>isa</key>
			<string>PBXFileReference</string>
			<key>path</key>
			<string>libPods-WorkAndRest-FMDB.a</string>
			<key>sourceTree</key>
			<string>BUILT_PRODUCTS_DIR</string>
		</dict>
		<key>D532249AA43D1AFE865467BC</key>
		<dict>
			<key>fileRef</key>
			<string>90DD0FBC98A0EEC50FD091B5</string>
			<key>isa</key>
			<string>PBXBuildFile</string>
			<key>settings</key>
			<dict>
				<key>COMPILER_FLAGS</key>
				<string>-DOS_OBJECT_USE_OBJC=0</string>
			</dict>
		</dict>
		<key>D618BFFB635764DF5C8319CF</key>
		<dict>
			<key>includeInIndex</key>
			<string>1</string>
			<key>isa</key>
			<string>PBXFileReference</string>
			<key>lastKnownFileType</key>
			<string>sourcecode.c.h</string>
			<key>name</key>
			<string>SWUtilityButtonTapGestureRecognizer.h</string>
			<key>path</key>
			<string>SWTableViewCell/PodFiles/SWUtilityButtonTapGestureRecognizer.h</string>
			<key>sourceTree</key>
			<string>&lt;group&gt;</string>
		</dict>
		<key>D64823FBEF7CC9EA58DD7119</key>
		<dict>
			<key>includeInIndex</key>
			<string>1</string>
			<key>isa</key>
			<string>PBXFileReference</string>
			<key>lastKnownFileType</key>
			<string>text.xcconfig</string>
			<key>path</key>
			<string>Pods-WorkAndRest-FMDB.xcconfig</string>
			<key>sourceTree</key>
			<string>&lt;group&gt;</string>
		</dict>
		<key>D65D1EB020FE3381ECA8AEE5</key>
		<dict>
			<key>buildActionMask</key>
			<string>2147483647</string>
			<key>files</key>
			<array>
				<string>B9C6279554E93584EF3ACC52</string>
				<string>82FB45BAC5C71BCEA85B3BC6</string>
				<string>BF5F2C4E59CDEACB1A827AF4</string>
				<string>B3690E7DE42E62C8B27C8256</string>
				<string>94357F8C9AB30D69A507A2FC</string>
				<string>97E9D6D17B47F7AF1BB43EAE</string>
			</array>
			<key>isa</key>
			<string>PBXHeadersBuildPhase</string>
			<key>runOnlyForDeploymentPostprocessing</key>
			<string>0</string>
		</dict>
		<key>D6CEEB548EF653A8D5460BE0</key>
		<dict>
			<key>fileRef</key>
			<string>4C6B1A987734B6EEC3532F2F</string>
			<key>isa</key>
			<string>PBXBuildFile</string>
		</dict>
		<key>D7BDC4B566269DA4DF8EA6BE</key>
		<dict>
			<key>fileRef</key>
			<string>2B950CFC3F27D6D52AB9CDD2</string>
			<key>isa</key>
			<string>PBXBuildFile</string>
			<key>settings</key>
			<dict>
				<key>COMPILER_FLAGS</key>
				<string>-DOS_OBJECT_USE_OBJC=0</string>
			</dict>
		</dict>
		<key>D926335A14D18B2C39258F71</key>
		<dict>
			<key>children</key>
			<array>
				<string>FEB263EECE95AB11083E2417</string>
				<string>5012899A431115CF67F57B14</string>
				<string>474A3055C984764650338731</string>
				<string>7CE4CAF91D342F50F9ADE8B0</string>
			</array>
			<key>isa</key>
			<string>PBXGroup</string>
			<key>name</key>
			<string>Pods</string>
			<key>sourceTree</key>
			<string>&lt;group&gt;</string>
		</dict>
		<key>DC0D7F53A14E7271473F9C72</key>
		<dict>
			<key>buildActionMask</key>
			<string>2147483647</string>
			<key>files</key>
			<array>
				<string>C2A43F0591EDFD7CDD72B719</string>
				<string>3B1183C133D9386118DEB859</string>
				<string>B7A42D9F7E6B5B9885C2E207</string>
				<string>D6CEEB548EF653A8D5460BE0</string>
				<string>951F7029CCDA3A98D2CCF6C9</string>
				<string>B1B3BE738406098F5BD545A8</string>
				<string>35157D224E573D9CDA001563</string>
				<string>66ECE32469FD5F384D528EB9</string>
				<string>2B18BED5AE15D56B5044353B</string>
				<string>3E698DC96B81C9083FB91A8B</string>
				<string>0702AAF393DD02E86D8D4F6E</string>
				<string>2BF3DDAA0AE23322F749F774</string>
				<string>FEA905FE428485F5711B9871</string>
				<string>3EFAAB1CCFBFE2DDE5EF0612</string>
			</array>
			<key>isa</key>
			<string>PBXHeadersBuildPhase</string>
			<key>runOnlyForDeploymentPostprocessing</key>
			<string>0</string>
		</dict>
		<key>DE37747957013D0354A152CD</key>
		<dict>
			<key>includeInIndex</key>
			<string>1</string>
			<key>isa</key>
			<string>PBXFileReference</string>
			<key>lastKnownFileType</key>
			<string>sourcecode.c.objc</string>
			<key>name</key>
			<string>JBChartView.m</string>
			<key>path</key>
			<string>Classes/JBChartView.m</string>
			<key>sourceTree</key>
			<string>&lt;group&gt;</string>
		</dict>
		<key>DEDDCF2FAAF6FC0A388773A7</key>
		<dict>
			<key>fileRef</key>
			<string>FF060A74B65750264EB14BD9</string>
			<key>isa</key>
			<string>PBXBuildFile</string>
		</dict>
		<key>DFEECCD02A7CE9F50CA78202</key>
		<dict>
			<key>buildActionMask</key>
			<string>2147483647</string>
			<key>files</key>
			<array>
				<string>FBCE739807E62489B16C594A</string>
			</array>
			<key>isa</key>
			<string>PBXFrameworksBuildPhase</string>
			<key>runOnlyForDeploymentPostprocessing</key>
			<string>0</string>
		</dict>
		<key>E261F42AE8D25C23904B091D</key>
		<dict>
			<key>fileRef</key>
			<string>E52074AC934E29BC6A87DF3D</string>
			<key>isa</key>
			<string>PBXBuildFile</string>
		</dict>
		<key>E319E8E3A427658E5A9744DA</key>
		<dict>
			<key>fileRef</key>
			<string>5997838B3FEA86C8F13DFC42</string>
			<key>isa</key>
			<string>PBXBuildFile</string>
		</dict>
		<key>E3AE357D0DA69B8EB4CFF89E</key>
		<dict>
			<key>children</key>
			<array>
				<string>BF382D67C6445089B0B644AF</string>
				<string>4A14EA87A5384E5B202EBC17</string>
				<string>2AA712C00809776FAE650CAC</string>
				<string>90E760FDAD606B59D548ABD8</string>
			</array>
			<key>isa</key>
			<string>PBXGroup</string>
			<key>name</key>
			<string>Support Files</string>
			<key>path</key>
			<string>../Target Support Files/Pods-WorkAndRest-JBChartView</string>
			<key>sourceTree</key>
			<string>&lt;group&gt;</string>
		</dict>
		<key>E4F805C1EDCECB3B377721FC</key>
		<dict>
			<key>includeInIndex</key>
			<string>1</string>
			<key>isa</key>
			<string>PBXFileReference</string>
			<key>lastKnownFileType</key>
			<string>sourcecode.c.h</string>
			<key>name</key>
			<string>JBChartView.h</string>
			<key>path</key>
			<string>Classes/JBChartView.h</string>
			<key>sourceTree</key>
			<string>&lt;group&gt;</string>
		</dict>
		<key>E52074AC934E29BC6A87DF3D</key>
		<dict>
			<key>includeInIndex</key>
			<string>1</string>
			<key>isa</key>
			<string>PBXFileReference</string>
			<key>lastKnownFileType</key>
			<string>sourcecode.c.objc</string>
			<key>name</key>
			<string>SWTableViewCell.m</string>
			<key>path</key>
			<string>SWTableViewCell/PodFiles/SWTableViewCell.m</string>
			<key>sourceTree</key>
			<string>&lt;group&gt;</string>
		</dict>
		<key>E5F49B93524F6EF33805E13E</key>
		<dict>
			<key>fileRef</key>
			<string>6A1F9364294DAB62AF2F9E2B</string>
			<key>isa</key>
			<string>PBXBuildFile</string>
		</dict>
		<key>E62A5F645485DBF1A1330097</key>
		<dict>
			<key>fileRef</key>
			<string>8C534E02A46A7A5EB655C071</string>
			<key>isa</key>
			<string>PBXBuildFile</string>
		</dict>
		<key>E68210CBB020D2517B467661</key>
		<dict>
			<key>buildSettings</key>
			<dict>
				<key>ALWAYS_SEARCH_USER_PATHS</key>
				<string>NO</string>
				<key>CLANG_CXX_LANGUAGE_STANDARD</key>
				<string>gnu++0x</string>
				<key>CLANG_CXX_LIBRARY</key>
				<string>libc++</string>
				<key>CLANG_ENABLE_MODULES</key>
				<string>YES</string>
				<key>CLANG_ENABLE_OBJC_ARC</key>
				<string>YES</string>
				<key>CLANG_WARN_BOOL_CONVERSION</key>
				<string>YES</string>
				<key>CLANG_WARN_CONSTANT_CONVERSION</key>
				<string>YES</string>
				<key>CLANG_WARN_DIRECT_OBJC_ISA_USAGE</key>
				<string>YES</string>
				<key>CLANG_WARN_EMPTY_BODY</key>
				<string>YES</string>
				<key>CLANG_WARN_ENUM_CONVERSION</key>
				<string>YES</string>
				<key>CLANG_WARN_INT_CONVERSION</key>
				<string>YES</string>
				<key>CLANG_WARN_OBJC_ROOT_CLASS</key>
				<string>YES</string>
				<key>COPY_PHASE_STRIP</key>
				<string>NO</string>
				<key>ENABLE_NS_ASSERTIONS</key>
				<string>NO</string>
				<key>GCC_C_LANGUAGE_STANDARD</key>
				<string>gnu99</string>
				<key>GCC_PREPROCESSOR_DEFINITIONS</key>
				<array>
					<string>RELEASE=1</string>
				</array>
				<key>GCC_WARN_64_TO_32_BIT_CONVERSION</key>
				<string>YES</string>
				<key>GCC_WARN_ABOUT_RETURN_TYPE</key>
				<string>YES</string>
				<key>GCC_WARN_UNDECLARED_SELECTOR</key>
				<string>YES</string>
				<key>GCC_WARN_UNINITIALIZED_AUTOS</key>
				<string>YES</string>
				<key>GCC_WARN_UNUSED_FUNCTION</key>
				<string>YES</string>
				<key>GCC_WARN_UNUSED_VARIABLE</key>
				<string>YES</string>
				<key>IPHONEOS_DEPLOYMENT_TARGET</key>
				<string>7.1</string>
				<key>STRIP_INSTALLED_PRODUCT</key>
				<string>NO</string>
				<key>VALIDATE_PRODUCT</key>
				<string>YES</string>
			</dict>
			<key>isa</key>
			<string>XCBuildConfiguration</string>
			<key>name</key>
			<string>Release</string>
		</dict>
		<key>E6B97E7A6505F900A0933315</key>
		<dict>
			<key>includeInIndex</key>
			<string>1</string>
			<key>isa</key>
			<string>PBXFileReference</string>
			<key>lastKnownFileType</key>
			<string>text.xcconfig</string>
			<key>path</key>
			<string>Pods-WorkAndRest-Masonry-Private.xcconfig</string>
			<key>sourceTree</key>
			<string>&lt;group&gt;</string>
		</dict>
		<key>E7D37885D8F5697062867E6F</key>
		<dict>
			<key>buildActionMask</key>
			<string>2147483647</string>
			<key>files</key>
			<array>
				<string>1392B7F4937AC59B6628EADE</string>
				<string>A95B1F4CBE549D95D9769DB5</string>
				<string>02B46FC9C228AD878324389F</string>
				<string>3B46D659785EBD9A7AA9F770</string>
				<string>E261F42AE8D25C23904B091D</string>
				<string>215B017E8F3783F0D931FAAB</string>
				<string>DEDDCF2FAAF6FC0A388773A7</string>
			</array>
			<key>isa</key>
			<string>PBXSourcesBuildPhase</string>
			<key>runOnlyForDeploymentPostprocessing</key>
			<string>0</string>
		</dict>
		<key>E7F00711FE78D774F710CB6D</key>
		<dict>
			<key>includeInIndex</key>
			<string>1</string>
			<key>isa</key>
			<string>PBXFileReference</string>
			<key>lastKnownFileType</key>
			<string>sourcecode.c.objc</string>
			<key>name</key>
			<string>MASLayoutConstraint.m</string>
			<key>path</key>
			<string>Masonry/MASLayoutConstraint.m</string>
			<key>sourceTree</key>
			<string>&lt;group&gt;</string>
		</dict>
		<key>EA175BAC3C057FE8081CD64D</key>
		<dict>
			<key>fileRef</key>
			<string>5418033917424AEBE60DA3F8</string>
			<key>isa</key>
			<string>PBXBuildFile</string>
		</dict>
		<key>EDB65879A5567D32FB3AA338</key>
		<dict>
			<key>includeInIndex</key>
			<string>1</string>
			<key>isa</key>
			<string>PBXFileReference</string>
			<key>lastKnownFileType</key>
			<string>sourcecode.c.objc</string>
			<key>name</key>
			<string>JBLineChartView.m</string>
			<key>path</key>
			<string>Classes/JBLineChartView.m</string>
			<key>sourceTree</key>
			<string>&lt;group&gt;</string>
		</dict>
		<key>EED5D385CEABCD8FF5878909</key>
		<dict>
			<key>fileRef</key>
			<string>C7E90D6ED91C54746A29D72B</string>
			<key>isa</key>
			<string>PBXBuildFile</string>
		</dict>
		<key>EF73F8DEF533339501148F37</key>
		<dict>
			<key>explicitFileType</key>
			<string>archive.ar</string>
			<key>includeInIndex</key>
			<string>0</string>
			<key>isa</key>
			<string>PBXFileReference</string>
			<key>path</key>
			<string>libPods-WorkAndRest-Masonry.a</string>
			<key>sourceTree</key>
			<string>BUILT_PRODUCTS_DIR</string>
		</dict>
		<key>F043E985E4E67FE15FC9807A</key>
		<dict>
			<key>includeInIndex</key>
			<string>1</string>
			<key>isa</key>
			<string>PBXFileReference</string>
			<key>lastKnownFileType</key>
			<string>text.xcconfig</string>
			<key>path</key>
			<string>Pods-WorkAndRest.release.xcconfig</string>
			<key>sourceTree</key>
			<string>&lt;group&gt;</string>
		</dict>
		<key>F110B73D9D88F3E88B886F50</key>
		<dict>
			<key>includeInIndex</key>
			<string>1</string>
			<key>isa</key>
			<string>PBXFileReference</string>
			<key>lastKnownFileType</key>
			<string>sourcecode.c.objc</string>
			<key>path</key>
			<string>Pods-WorkAndRest-dummy.m</string>
			<key>sourceTree</key>
			<string>&lt;group&gt;</string>
		</dict>
		<key>F197229FC5B5BD5CAA86398B</key>
		<dict>
			<key>children</key>
			<array>
				<string>B43263DBFF3C044343536829</string>
				<string>59DC23A11EC9C714F8D7882F</string>
				<string>43483B74CD84FD58AA67E55D</string>
				<string>0BFCDB7A131EB3F2A232DE04</string>
			</array>
			<key>isa</key>
			<string>PBXGroup</string>
			<key>name</key>
			<string>Support Files</string>
			<key>path</key>
			<string>../Target Support Files/Pods-WorkAndRest-SWTableViewCell</string>
			<key>sourceTree</key>
			<string>&lt;group&gt;</string>
		</dict>
		<key>F2A09D0BD2E8EC6B7B278F95</key>
		<dict>
			<key>buildConfigurations</key>
			<array>
				<string>CAB29E9CE4361A5C06D2C5FB</string>
				<string>4BDE5D23C62107A38C7B4DEB</string>
			</array>
			<key>defaultConfigurationIsVisible</key>
			<string>0</string>
			<key>defaultConfigurationName</key>
			<string>Release</string>
			<key>isa</key>
			<string>XCConfigurationList</string>
		</dict>
		<key>F47A28C05FF153303E7EDE8C</key>
		<dict>
			<key>children</key>
			<array>
				<string>AC7831795ED18A6124029164</string>
				<string>E6B97E7A6505F900A0933315</string>
				<string>C7E90D6ED91C54746A29D72B</string>
				<string>2928B361402D049F37026675</string>
			</array>
			<key>isa</key>
			<string>PBXGroup</string>
			<key>name</key>
			<string>Support Files</string>
			<key>path</key>
			<string>../Target Support Files/Pods-WorkAndRest-Masonry</string>
			<key>sourceTree</key>
			<string>&lt;group&gt;</string>
		</dict>
		<key>F5A6799CFBC600B7BA1E1AE1</key>
		<dict>
			<key>fileRef</key>
			<string>F110B73D9D88F3E88B886F50</string>
			<key>isa</key>
			<string>PBXBuildFile</string>
		</dict>
		<key>F68802ED14558D14E9C0423F</key>
		<dict>
			<key>includeInIndex</key>
			<string>1</string>
			<key>isa</key>
			<string>PBXFileReference</string>
			<key>lastKnownFileType</key>
			<string>sourcecode.c.h</string>
			<key>name</key>
			<string>FMDatabase.h</string>
			<key>path</key>
			<string>src/fmdb/FMDatabase.h</string>
			<key>sourceTree</key>
			<string>&lt;group&gt;</string>
		</dict>
		<key>F849EC68210E288B0A179B9E</key>
		<dict>
			<key>children</key>
			<array>
				<string>D2E78812D25F018D92D064B5</string>
			</array>
			<key>isa</key>
			<string>PBXGroup</string>
			<key>name</key>
			<string>Frameworks</string>
			<key>sourceTree</key>
			<string>&lt;group&gt;</string>
		</dict>
		<key>F8A1AC15AE1A419DBA472E13</key>
		<dict>
			<key>fileRef</key>
			<string>7CC99BF1AB47C94BB83B722C</string>
			<key>isa</key>
			<string>PBXBuildFile</string>
		</dict>
		<key>FB5F108C5659D69C5EE4D710</key>
		<dict>
			<key>isa</key>
			<string>PBXTargetDependency</string>
			<key>name</key>
			<string>Pods-WorkAndRest-FMDB</string>
			<key>target</key>
			<string>6C89F1C80ADCBE7F0FFBB5A7</string>
			<key>targetProxy</key>
			<string>24AD22C7FB68E3D70773AFA7</string>
		</dict>
		<key>FBCC50B2061203E857D09489</key>
		<dict>
			<key>buildConfigurationList</key>
			<string>206600D408C08BE0C4D1BFF5</string>
			<key>buildPhases</key>
			<array>
				<string>E7D37885D8F5697062867E6F</string>
				<string>3D6E4EAB27743C8CA431BEB5</string>
				<string>9D23F1C1BC3651CE0FC0459C</string>
			</array>
			<key>buildRules</key>
			<array/>
			<key>dependencies</key>
			<array/>
			<key>isa</key>
			<string>PBXNativeTarget</string>
			<key>name</key>
			<string>Pods-WorkAndRest-SWTableViewCell</string>
			<key>productName</key>
			<string>Pods-WorkAndRest-SWTableViewCell</string>
			<key>productReference</key>
			<string>A00BDB07BD327256F0A5E8AA</string>
			<key>productType</key>
			<string>com.apple.product-type.library.static</string>
		</dict>
		<key>FBCE739807E62489B16C594A</key>
		<dict>
			<key>fileRef</key>
			<string>1BF4C6AC6B03F650FD67F5F8</string>
			<key>isa</key>
			<string>PBXBuildFile</string>
		</dict>
		<key>FEA905FE428485F5711B9871</key>
		<dict>
			<key>fileRef</key>
			<string>7C575ECF0A694D7FC192FC1B</string>
			<key>isa</key>
			<string>PBXBuildFile</string>
		</dict>
		<key>FEB263EECE95AB11083E2417</key>
		<dict>
			<key>children</key>
			<array>
				<string>3F072138AFE7EB8DB2DE6A8B</string>
				<string>82E45F94BDF68680292655BB</string>
			</array>
			<key>isa</key>
			<string>PBXGroup</string>
			<key>name</key>
			<string>FMDB</string>
			<key>path</key>
			<string>FMDB</string>
			<key>sourceTree</key>
			<string>&lt;group&gt;</string>
		</dict>
		<key>FF060A74B65750264EB14BD9</key>
		<dict>
			<key>includeInIndex</key>
			<string>1</string>
			<key>isa</key>
			<string>PBXFileReference</string>
			<key>lastKnownFileType</key>
			<string>sourcecode.c.objc</string>
			<key>name</key>
			<string>SWUtilityButtonView.m</string>
			<key>path</key>
			<string>SWTableViewCell/PodFiles/SWUtilityButtonView.m</string>
			<key>sourceTree</key>
			<string>&lt;group&gt;</string>
		</dict>
	</dict>
	<key>rootObject</key>
	<string>01C13ACABF882A924F752F0F</string>
</dict>
</plist>
